{
  "version": 4,
  "terraform_version": "1.5.7",
  "serial": 134,
  "lineage": "39b00305-37c8-2d55-05d2-9e361f1f5543",
  "outputs": {
    "api_gateway_url": {
      "value": "https://0zt8s9l8qi.execute-api.eu-west-2.amazonaws.com/dev/",
      "type": "string"
    },
    "backend_ecr_repository_url": {
      "value": "860619597616.dkr.ecr.eu-west-2.amazonaws.com/python-api-dev",
      "type": "string"
    },
    "backend_ecs_cluster_name": {
      "value": "python-api-dev-cluster",
      "type": "string"
    },
    "backend_load_balancer_dns": {
      "value": "internal-python-api-dev-alb-752466909.eu-west-2.elb.amazonaws.com",
      "type": "string"
    },
    "database_endpoint": {
      "value": "python-api-dev-cluster.cluster-cvgiwsy9mkjc.eu-west-2.rds.amazonaws.com",
      "type": "string"
    },
    "database_name": {
      "value": "pythonapidevdb",
      "type": "string"
    },
    "database_username": {
      "value": "dbadmin",
      "type": "string"
    },
    "frontend_ecr_repository_url": {
      "value": "860619597616.dkr.ecr.eu-west-2.amazonaws.com/python-api-frontend-dev",
      "type": "string"
    },
    "frontend_ecs_cluster_name": {
      "value": "python-api-frontend-dev-cluster",
      "type": "string"
    },
    "frontend_load_balancer_dns": {
      "value": "python-api-frontend-dev-alb-597115978.eu-west-2.elb.amazonaws.com",
      "type": "string"
    },
    "initialization_bucket_arn": {
      "value": "arn:aws:s3:::python-api-dev-initialization",
      "type": "string"
    },
    "initialization_bucket_name": {
      "value": "python-api-dev-initialization",
      "type": "string"
    },
    "initialization_bucket_region": {
      "value": "eu-west-2",
      "type": "string"
    },
    "private_subnet_ids": {
      "value": [
        "subnet-0767aa7471127ce6f",
        "subnet-0f36addf0c84de81f"
      ],
      "type": [
        "list",
        "string"
      ]
    },
    "public_subnet_ids": {
      "value": [
        "subnet-09c66b1207c1e852e",
        "subnet-0dd5ca0030a4c3e26"
      ],
      "type": [
        "list",
        "string"
      ]
    },
    "vpc_id": {
      "value": "vpc-04e87621713e56f3e",
      "type": "string"
    }
  },
  "resources": [
    {
      "mode": "managed",
      "type": "aws_ecr_repository",
      "name": "app",
      "provider": "provider[\"registry.terraform.io/hashicorp/aws\"]",
      "instances": [
        {
          "index_key": 0,
          "schema_version": 0,
          "attributes": {
            "arn": "arn:aws:ecr:eu-west-2:860619597616:repository/python-api-dev",
            "encryption_configuration": [
              {
                "encryption_type": "AES256",
                "kms_key": ""
              }
            ],
            "force_delete": null,
            "id": "python-api-dev",
            "image_scanning_configuration": [
              {
                "scan_on_push": true
              }
            ],
            "image_tag_mutability": "MUTABLE",
            "name": "python-api-dev",
            "registry_id": "860619597616",
            "repository_url": "860619597616.dkr.ecr.eu-west-2.amazonaws.com/python-api-dev",
            "tags": {
              "Environment": "dev",
              "ManagedBy": "terraform",
              "Project": "python-api"
            },
            "tags_all": {
              "Environment": "dev",
              "ManagedBy": "terraform",
              "Project": "python-api"
            },
            "timeouts": null
          },
          "sensitive_attributes": [],
          "private": "eyJlMmJmYjczMC1lY2FhLTExZTYtOGY4OC0zNDM2M2JjN2M0YzAiOnsiZGVsZXRlIjoxMjAwMDAwMDAwMDAwfX0="
        }
      ]
    },
    {
      "mode": "managed",
      "type": "aws_ecr_repository",
      "name": "frontend",
      "provider": "provider[\"registry.terraform.io/hashicorp/aws\"]",
      "instances": [
        {
          "index_key": 0,
          "schema_version": 0,
          "attributes": {
            "arn": "arn:aws:ecr:eu-west-2:860619597616:repository/python-api-frontend-dev",
            "encryption_configuration": [
              {
                "encryption_type": "AES256",
                "kms_key": ""
              }
            ],
            "force_delete": null,
            "id": "python-api-frontend-dev",
            "image_scanning_configuration": [
              {
                "scan_on_push": true
              }
            ],
            "image_tag_mutability": "MUTABLE",
            "name": "python-api-frontend-dev",
            "registry_id": "860619597616",
            "repository_url": "860619597616.dkr.ecr.eu-west-2.amazonaws.com/python-api-frontend-dev",
            "tags": {
              "Environment": "dev",
              "ManagedBy": "terraform",
              "Project": "python-api"
            },
            "tags_all": {
              "Environment": "dev",
              "ManagedBy": "terraform",
              "Project": "python-api"
            },
            "timeouts": null
          },
          "sensitive_attributes": [],
          "private": "eyJlMmJmYjczMC1lY2FhLTExZTYtOGY4OC0zNDM2M2JjN2M0YzAiOnsiZGVsZXRlIjoxMjAwMDAwMDAwMDAwfX0="
        }
      ]
    },
    {
      "mode": "managed",
      "type": "aws_security_group",
      "name": "db_access",
      "provider": "provider[\"registry.terraform.io/hashicorp/aws\"]",
      "instances": [
        {
          "schema_version": 1,
          "attributes": {
            "arn": "arn:aws:ec2:eu-west-2:860619597616:security-group/sg-07221fbbf551c8172",
            "description": "Security group for database access",
            "egress": [
              {
                "cidr_blocks": [
                  "0.0.0.0/0"
                ],
                "description": "",
                "from_port": 0,
                "ipv6_cidr_blocks": [],
                "prefix_list_ids": [],
                "protocol": "-1",
                "security_groups": [],
                "self": false,
                "to_port": 0
              }
            ],
            "id": "sg-07221fbbf551c8172",
            "ingress": [
              {
                "cidr_blocks": [],
                "description": "Allow ECS tasks to access database",
                "from_port": 5432,
                "ipv6_cidr_blocks": [],
                "prefix_list_ids": [],
                "protocol": "tcp",
                "security_groups": [
                  "sg-0347adbfb5f366010"
                ],
                "self": false,
                "to_port": 5432
              }
            ],
            "name": "python-api-dev-db-access",
            "name_prefix": "",
            "owner_id": "860619597616",
            "revoke_rules_on_delete": false,
            "tags": {
              "Environment": "dev",
              "ManagedBy": "terraform",
              "Project": "python-api"
            },
            "tags_all": {
              "Environment": "dev",
              "ManagedBy": "terraform",
              "Project": "python-api"
            },
            "timeouts": null,
            "vpc_id": "vpc-04e87621713e56f3e"
          },
          "sensitive_attributes": [],
          "private": "eyJlMmJmYjczMC1lY2FhLTExZTYtOGY4OC0zNDM2M2JjN2M0YzAiOnsiY3JlYXRlIjo2MDAwMDAwMDAwMDAsImRlbGV0ZSI6OTAwMDAwMDAwMDAwfSwic2NoZW1hX3ZlcnNpb24iOiIxIn0=",
          "dependencies": [
            "module.vpc.aws_vpc.main",
            "module.vpc.data.aws_vpc.existing"
          ]
        }
      ]
    },
    {
      "mode": "managed",
      "type": "aws_security_group_rule",
      "name": "allow_ecs_to_db",
      "provider": "provider[\"registry.terraform.io/hashicorp/aws\"]",
      "instances": [
        {
          "schema_version": 2,
          "attributes": {
            "cidr_blocks": null,
            "description": "Allow ECS tasks to access database",
            "from_port": 5432,
            "id": "sgrule-20144154",
            "ipv6_cidr_blocks": null,
            "prefix_list_ids": null,
            "protocol": "tcp",
            "security_group_id": "sg-07221fbbf551c8172",
            "security_group_rule_id": "sgr-04fb7bfafcf71cf99",
            "self": false,
            "source_security_group_id": "sg-0347adbfb5f366010",
            "timeouts": null,
            "to_port": 5432,
            "type": "ingress"
          },
          "sensitive_attributes": [],
          "private": "eyJlMmJmYjczMC1lY2FhLTExZTYtOGY4OC0zNDM2M2JjN2M0YzAiOnsiY3JlYXRlIjozMDAwMDAwMDAwMDB9LCJzY2hlbWFfdmVyc2lvbiI6IjIifQ==",
          "dependencies": [
            "aws_security_group.db_access",
            "module.ecs.aws_security_group.alb",
            "module.ecs.aws_security_group.ecs_tasks",
            "module.vpc.aws_vpc.main",
            "module.vpc.data.aws_vpc.existing"
          ]
        }
      ]
    },
    {
      "module": "module.api_gateway",
      "mode": "data",
      "type": "aws_region",
      "name": "current",
      "provider": "provider[\"registry.terraform.io/hashicorp/aws\"]",
      "instances": [
        {
          "schema_version": 0,
          "attributes": {
            "description": "Europe (London)",
            "endpoint": "ec2.eu-west-2.amazonaws.com",
            "id": "eu-west-2",
            "name": "eu-west-2"
          },
          "sensitive_attributes": []
        }
      ]
    },
    {
      "module": "module.api_gateway",
      "mode": "managed",
      "type": "aws_api_gateway_api_key",
      "name": "api_keys",
      "provider": "provider[\"registry.terraform.io/hashicorp/aws\"]",
      "instances": [
        {
          "index_key": 0,
          "schema_version": 0,
          "attributes": {
            "arn": "arn:aws:apigateway:eu-west-2::/apikeys/cj6j335hh4",
            "created_date": "2025-05-23T13:37:43Z",
            "description": "API key for internal frontend application",
            "enabled": true,
            "id": "cj6j335hh4",
            "last_updated_date": "2025-05-23T13:37:43Z",
            "name": "python-api-dev-internal-frontend",
            "tags": {},
            "tags_all": {},
            "value": "iJXXpUcHpjhiwWiEi8Xm9xADOQ2GrFPiGlNIWJ00"
          },
          "sensitive_attributes": [],
          "private": "bnVsbA=="
        },
        {
          "index_key": 1,
          "schema_version": 0,
          "attributes": {
            "arn": "arn:aws:apigateway:eu-west-2::/apikeys/gx2pzc8j1g",
            "created_date": "2025-05-23T13:37:43Z",
            "description": "API key for partner applications",
            "enabled": true,
            "id": "gx2pzc8j1g",
            "last_updated_date": "2025-05-23T13:37:43Z",
            "name": "python-api-dev-partner-api-consumer",
            "tags": {},
            "tags_all": {},
            "value": "Pk3dFyrE7l2sdqXTAQ16o3nWUcBVAdxgaRJlhxku"
          },
          "sensitive_attributes": [],
          "private": "bnVsbA=="
        },
        {
          "index_key": 2,
          "schema_version": 0,
          "attributes": {
            "arn": "arn:aws:apigateway:eu-west-2::/apikeys/zvf5hgj3g8",
            "created_date": "2025-05-23T13:37:43Z",
            "description": "API key for public API consumers",
            "enabled": true,
            "id": "zvf5hgj3g8",
            "last_updated_date": "2025-05-23T13:37:43Z",
            "name": "python-api-dev-public-api-consumer",
            "tags": {},
            "tags_all": {},
            "value": "GyzDMLANv365A8EVOXPrM3KsuSc5FiRI9wude4B0"
          },
          "sensitive_attributes": [],
          "private": "bnVsbA=="
        }
      ]
    },
    {
      "module": "module.api_gateway",
      "mode": "managed",
      "type": "aws_api_gateway_deployment",
      "name": "api_keys_api",
      "provider": "provider[\"registry.terraform.io/hashicorp/aws\"]",
      "instances": [
        {
          "index_key": 0,
          "schema_version": 0,
          "attributes": {
            "created_date": "2025-05-23T13:37:44Z",
            "description": "",
            "execution_arn": "arn:aws:execute-api:eu-west-2:860619597616:7e0vntdh79/",
            "id": "mn5c79",
            "invoke_url": "https://7e0vntdh79.execute-api.eu-west-2.amazonaws.com/",
            "rest_api_id": "7e0vntdh79",
            "stage_description": null,
            "stage_name": null,
            "triggers": null,
            "variables": null
          },
          "sensitive_attributes": [],
          "private": "bnVsbA==",
          "dependencies": [
            "module.api_gateway.aws_api_gateway_integration.validate",
            "module.api_gateway.aws_api_gateway_method.validate",
            "module.api_gateway.aws_api_gateway_resource.validate",
            "module.api_gateway.aws_api_gateway_rest_api.api_keys_api"
          ],
          "create_before_destroy": true
        }
      ]
    },
    {
      "module": "module.api_gateway",
      "mode": "managed",
      "type": "aws_api_gateway_integration",
      "name": "validate",
      "provider": "provider[\"registry.terraform.io/hashicorp/aws\"]",
      "instances": [
        {
          "index_key": 0,
          "schema_version": 0,
          "attributes": {
            "cache_key_parameters": [],
            "cache_namespace": "47tzj6",
            "connection_id": "",
            "connection_type": "INTERNET",
            "content_handling": "",
            "credentials": "",
            "http_method": "GET",
            "id": "agi-7e0vntdh79-47tzj6-GET",
            "integration_http_method": "",
            "passthrough_behavior": "WHEN_NO_MATCH",
            "request_parameters": {},
            "request_templates": {
              "application/json": "{\"statusCode\":200}"
            },
            "resource_id": "47tzj6",
            "rest_api_id": "7e0vntdh79",
            "timeout_milliseconds": 29000,
            "tls_config": [],
            "type": "MOCK",
            "uri": ""
          },
          "sensitive_attributes": [],
          "private": "bnVsbA==",
          "dependencies": [
            "module.api_gateway.aws_api_gateway_method.validate",
            "module.api_gateway.aws_api_gateway_resource.validate",
            "module.api_gateway.aws_api_gateway_rest_api.api_keys_api"
          ],
          "create_before_destroy": true
        }
      ]
    },
    {
      "module": "module.api_gateway",
      "mode": "managed",
      "type": "aws_api_gateway_integration_response",
      "name": "validate",
      "provider": "provider[\"registry.terraform.io/hashicorp/aws\"]",
      "instances": [
        {
          "index_key": 0,
          "schema_version": 0,
          "attributes": {
            "content_handling": "",
            "http_method": "GET",
            "id": "agir-7e0vntdh79-47tzj6-GET-200",
            "resource_id": "47tzj6",
            "response_parameters": {},
            "response_templates": {
              "application/json": "{\"message\":\"API key is valid\",\"valid\":true}"
            },
            "rest_api_id": "7e0vntdh79",
            "selection_pattern": "",
            "status_code": "200"
          },
          "sensitive_attributes": [],
          "private": "bnVsbA==",
          "dependencies": [
            "module.api_gateway.aws_api_gateway_method.validate",
            "module.api_gateway.aws_api_gateway_method_response.validate",
            "module.api_gateway.aws_api_gateway_resource.validate",
            "module.api_gateway.aws_api_gateway_rest_api.api_keys_api"
          ]
        }
      ]
    },
    {
      "module": "module.api_gateway",
      "mode": "managed",
      "type": "aws_api_gateway_method",
      "name": "validate",
      "provider": "provider[\"registry.terraform.io/hashicorp/aws\"]",
      "instances": [
        {
          "index_key": 0,
          "schema_version": 0,
          "attributes": {
            "api_key_required": true,
            "authorization": "NONE",
            "authorization_scopes": [],
            "authorizer_id": "",
            "http_method": "GET",
            "id": "agm-7e0vntdh79-47tzj6-GET",
            "operation_name": "",
            "request_models": {},
            "request_parameters": {},
            "request_validator_id": "",
            "resource_id": "47tzj6",
            "rest_api_id": "7e0vntdh79"
          },
          "sensitive_attributes": [],
          "private": "bnVsbA==",
          "dependencies": [
            "module.api_gateway.aws_api_gateway_resource.validate",
            "module.api_gateway.aws_api_gateway_rest_api.api_keys_api"
          ],
          "create_before_destroy": true
        }
      ]
    },
    {
      "module": "module.api_gateway",
      "mode": "managed",
      "type": "aws_api_gateway_method_response",
      "name": "validate",
      "provider": "provider[\"registry.terraform.io/hashicorp/aws\"]",
      "instances": [
        {
          "index_key": 0,
          "schema_version": 0,
          "attributes": {
            "http_method": "GET",
            "id": "agmr-7e0vntdh79-47tzj6-GET-200",
            "resource_id": "47tzj6",
            "response_models": {
              "application/json": "Empty"
            },
            "response_parameters": {},
            "rest_api_id": "7e0vntdh79",
            "status_code": "200"
          },
          "sensitive_attributes": [],
          "private": "bnVsbA==",
          "dependencies": [
            "module.api_gateway.aws_api_gateway_method.validate",
            "module.api_gateway.aws_api_gateway_resource.validate",
            "module.api_gateway.aws_api_gateway_rest_api.api_keys_api"
          ]
        }
      ]
    },
    {
      "module": "module.api_gateway",
      "mode": "managed",
      "type": "aws_api_gateway_resource",
      "name": "validate",
      "provider": "provider[\"registry.terraform.io/hashicorp/aws\"]",
      "instances": [
        {
          "index_key": 0,
          "schema_version": 0,
          "attributes": {
            "id": "47tzj6",
            "parent_id": "hnq6lmheai",
            "path": "/validate",
            "path_part": "validate",
            "rest_api_id": "7e0vntdh79"
          },
          "sensitive_attributes": [],
          "private": "bnVsbA==",
          "dependencies": [
            "module.api_gateway.aws_api_gateway_rest_api.api_keys_api"
          ],
          "create_before_destroy": true
        }
      ]
    },
    {
      "module": "module.api_gateway",
      "mode": "managed",
      "type": "aws_api_gateway_rest_api",
      "name": "api_keys_api",
      "provider": "provider[\"registry.terraform.io/hashicorp/aws\"]",
      "instances": [
        {
          "index_key": 0,
          "schema_version": 0,
          "attributes": {
            "api_key_source": "HEADER",
            "arn": "arn:aws:apigateway:eu-west-2::/restapis/7e0vntdh79",
            "binary_media_types": [],
            "body": null,
            "created_date": "2025-05-23T13:37:43Z",
            "description": "REST API for API key management",
            "disable_execute_api_endpoint": false,
            "endpoint_configuration": [
              {
                "types": [
                  "REGIONAL"
                ],
                "vpc_endpoint_ids": []
              }
            ],
            "execution_arn": "arn:aws:execute-api:eu-west-2:860619597616:7e0vntdh79",
            "fail_on_warnings": null,
            "id": "7e0vntdh79",
            "minimum_compression_size": -1,
            "name": "python-api-dev-keys-api",
            "parameters": null,
            "policy": "",
            "put_rest_api_mode": null,
            "root_resource_id": "hnq6lmheai",
            "tags": {
              "Environment": "dev",
              "ManagedBy": "terraform",
              "Name": "python-api-dev",
              "Project": "python-api"
            },
            "tags_all": {
              "Environment": "dev",
              "ManagedBy": "terraform",
              "Name": "python-api-dev",
              "Project": "python-api"
            }
          },
          "sensitive_attributes": [],
          "private": "bnVsbA==",
          "create_before_destroy": true
        }
      ]
    },
    {
      "module": "module.api_gateway",
      "mode": "managed",
      "type": "aws_api_gateway_stage",
      "name": "api_keys_api",
      "provider": "provider[\"registry.terraform.io/hashicorp/aws\"]",
      "instances": [
        {
          "index_key": 0,
          "schema_version": 0,
          "attributes": {
            "access_log_settings": [],
            "arn": "arn:aws:apigateway:eu-west-2::/restapis/7e0vntdh79/stages/dev",
            "cache_cluster_enabled": false,
            "cache_cluster_size": "",
            "canary_settings": [],
            "client_certificate_id": "",
            "deployment_id": "mn5c79",
            "description": "",
            "documentation_version": "",
            "execution_arn": "arn:aws:execute-api:eu-west-2:860619597616:7e0vntdh79/dev",
            "id": "ags-7e0vntdh79-dev",
            "invoke_url": "https://7e0vntdh79.execute-api.eu-west-2.amazonaws.com/dev",
            "rest_api_id": "7e0vntdh79",
            "stage_name": "dev",
            "tags": {},
            "tags_all": {},
            "variables": {},
            "web_acl_arn": "",
            "xray_tracing_enabled": false
          },
          "sensitive_attributes": [],
          "private": "bnVsbA==",
          "dependencies": [
            "module.api_gateway.aws_api_gateway_deployment.api_keys_api",
            "module.api_gateway.aws_api_gateway_integration.validate",
            "module.api_gateway.aws_api_gateway_method.validate",
            "module.api_gateway.aws_api_gateway_resource.validate",
            "module.api_gateway.aws_api_gateway_rest_api.api_keys_api"
          ]
        }
      ]
    },
    {
      "module": "module.api_gateway",
      "mode": "managed",
      "type": "aws_apigatewayv2_api",
      "name": "main",
      "provider": "provider[\"registry.terraform.io/hashicorp/aws\"]",
      "instances": [
        {
          "schema_version": 0,
          "attributes": {
            "api_endpoint": "https://0zt8s9l8qi.execute-api.eu-west-2.amazonaws.com",
            "api_key_selection_expression": "$request.header.x-api-key",
            "arn": "arn:aws:apigateway:eu-west-2::/apis/0zt8s9l8qi",
            "body": null,
            "cors_configuration": [],
            "credentials_arn": null,
            "description": "",
            "disable_execute_api_endpoint": false,
            "execution_arn": "arn:aws:execute-api:eu-west-2:860619597616:0zt8s9l8qi",
            "fail_on_warnings": null,
            "id": "0zt8s9l8qi",
            "name": "python-api-dev-api",
            "protocol_type": "HTTP",
            "route_key": null,
            "route_selection_expression": "$request.method $request.path",
            "tags": {
              "Environment": "dev",
              "ManagedBy": "terraform",
              "Name": "python-api-dev-api",
              "Project": "python-api"
            },
            "tags_all": {
              "Environment": "dev",
              "ManagedBy": "terraform",
              "Name": "python-api-dev-api",
              "Project": "python-api"
            },
            "target": null,
            "version": ""
          },
          "sensitive_attributes": [],
          "private": "bnVsbA=="
        }
      ]
    },
    {
      "module": "module.api_gateway",
      "mode": "managed",
      "type": "aws_apigatewayv2_integration",
      "name": "main",
      "provider": "provider[\"registry.terraform.io/hashicorp/aws\"]",
      "instances": [
        {
          "schema_version": 0,
          "attributes": {
            "api_id": "0zt8s9l8qi",
            "connection_id": "g4iios",
            "connection_type": "VPC_LINK",
            "content_handling_strategy": "",
            "credentials_arn": "",
            "description": "",
            "id": "24lfcym",
            "integration_method": "ANY",
            "integration_response_selection_expression": "",
            "integration_subtype": "",
            "integration_type": "HTTP_PROXY",
            "integration_uri": "arn:aws:elasticloadbalancing:eu-west-2:860619597616:listener/app/python-api-dev-alb/fdcc9dbd7875d0a2/d8454f981b0c9e46",
            "passthrough_behavior": "",
            "payload_format_version": "1.0",
            "request_parameters": {},
            "request_templates": {},
            "response_parameters": [],
            "template_selection_expression": "",
            "timeout_milliseconds": 30000,
            "tls_config": []
          },
          "sensitive_attributes": [],
          "private": "bnVsbA==",
          "dependencies": [
            "module.api_gateway.aws_apigatewayv2_api.main",
            "module.api_gateway.aws_apigatewayv2_vpc_link.main",
            "module.ecs.aws_lb.main",
            "module.ecs.aws_lb_listener.http",
            "module.ecs.aws_lb_target_group.app",
            "module.ecs.aws_security_group.alb",
            "module.vpc.aws_subnet.private",
            "module.vpc.aws_subnet.public",
            "module.vpc.aws_vpc.main",
            "module.vpc.data.aws_vpc.existing"
          ]
        }
      ]
    },
    {
      "module": "module.api_gateway",
      "mode": "managed",
      "type": "aws_apigatewayv2_route",
      "name": "routes",
      "provider": "provider[\"registry.terraform.io/hashicorp/aws\"]",
      "instances": [
        {
          "index_key": 0,
          "schema_version": 0,
          "attributes": {
            "api_id": "0zt8s9l8qi",
            "api_key_required": false,
            "authorization_scopes": [],
            "authorization_type": "NONE",
            "authorizer_id": "",
            "id": "afxdb3b",
            "model_selection_expression": "",
            "operation_name": "",
            "request_models": {},
            "request_parameter": [],
            "route_key": "ANY /{proxy+}",
            "route_response_selection_expression": "",
            "target": "integrations/24lfcym"
          },
          "sensitive_attributes": [],
          "private": "bnVsbA==",
          "dependencies": [
            "module.api_gateway.aws_apigatewayv2_api.main",
            "module.api_gateway.aws_apigatewayv2_integration.main",
            "module.api_gateway.aws_apigatewayv2_vpc_link.main",
            "module.ecs.aws_lb.main",
            "module.ecs.aws_lb_listener.http",
            "module.ecs.aws_lb_target_group.app",
            "module.ecs.aws_security_group.alb",
            "module.vpc.aws_subnet.private",
            "module.vpc.aws_subnet.public",
            "module.vpc.aws_vpc.main",
            "module.vpc.data.aws_vpc.existing"
          ]
        },
        {
          "index_key": 1,
          "schema_version": 0,
          "attributes": {
            "api_id": "0zt8s9l8qi",
            "api_key_required": false,
            "authorization_scopes": [],
            "authorization_type": "NONE",
            "authorizer_id": "",
            "id": "96lu70u",
            "model_selection_expression": "",
            "operation_name": "",
            "request_models": {},
            "request_parameter": [],
            "route_key": "GET /health",
            "route_response_selection_expression": "",
            "target": "integrations/24lfcym"
          },
          "sensitive_attributes": [],
          "private": "bnVsbA==",
          "dependencies": [
            "module.api_gateway.aws_apigatewayv2_api.main",
            "module.api_gateway.aws_apigatewayv2_integration.main",
            "module.api_gateway.aws_apigatewayv2_vpc_link.main",
            "module.ecs.aws_lb.main",
            "module.ecs.aws_lb_listener.http",
            "module.ecs.aws_lb_target_group.app",
            "module.ecs.aws_security_group.alb",
            "module.vpc.aws_subnet.private",
            "module.vpc.aws_subnet.public",
            "module.vpc.aws_vpc.main",
            "module.vpc.data.aws_vpc.existing"
          ]
        }
      ]
    },
    {
      "module": "module.api_gateway",
      "mode": "managed",
      "type": "aws_apigatewayv2_stage",
      "name": "main",
      "provider": "provider[\"registry.terraform.io/hashicorp/aws\"]",
      "instances": [
        {
          "schema_version": 0,
          "attributes": {
            "access_log_settings": [
              {
                "destination_arn": "arn:aws:logs:eu-west-2:860619597616:log-group:/aws/apigateway/python-api-dev-api",
                "format": "{\"httpMethod\":\"$context.httpMethod\",\"integrationErrorMessage\":\"$context.integrationErrorMessage\",\"ip\":\"$context.identity.sourceIp\",\"path\":\"$context.path\",\"protocol\":\"$context.protocol\",\"requestId\":\"$context.requestId\",\"requestTime\":\"$context.requestTime\",\"responseLength\":\"$context.responseLength\",\"routeKey\":\"$context.routeKey\",\"status\":\"$context.status\"}"
              }
            ],
            "api_id": "0zt8s9l8qi",
            "arn": "arn:aws:apigateway:eu-west-2::/apis/0zt8s9l8qi/stages/dev",
            "auto_deploy": true,
            "client_certificate_id": "",
            "default_route_settings": [
              {
                "data_trace_enabled": false,
                "detailed_metrics_enabled": true,
                "logging_level": "",
                "throttling_burst_limit": 1000,
                "throttling_rate_limit": 500
              }
            ],
            "deployment_id": "kidq1z",
            "description": "",
            "execution_arn": "arn:aws:execute-api:eu-west-2:860619597616:0zt8s9l8qi/dev",
            "id": "dev",
            "invoke_url": "https://0zt8s9l8qi.execute-api.eu-west-2.amazonaws.com/dev",
            "name": "dev",
            "route_settings": [],
            "stage_variables": {},
            "tags": {
              "Environment": "dev",
              "ManagedBy": "terraform",
              "Name": "python-api-dev-dev-stage",
              "Project": "python-api"
            },
            "tags_all": {
              "Environment": "dev",
              "ManagedBy": "terraform",
              "Name": "python-api-dev-dev-stage",
              "Project": "python-api"
            }
          },
          "sensitive_attributes": [],
          "private": "bnVsbA==",
          "dependencies": [
            "module.api_gateway.aws_apigatewayv2_api.main",
            "module.api_gateway.aws_cloudwatch_log_group.api_gateway"
          ]
        }
      ]
    },
    {
      "module": "module.api_gateway",
      "mode": "managed",
      "type": "aws_apigatewayv2_vpc_link",
      "name": "main",
      "provider": "provider[\"registry.terraform.io/hashicorp/aws\"]",
      "instances": [
        {
          "schema_version": 0,
          "attributes": {
            "arn": "arn:aws:apigateway:eu-west-2::/vpclinks/g4iios",
            "id": "g4iios",
            "name": "python-api-dev-vpc-link",
            "security_group_ids": [],
            "subnet_ids": [
              "subnet-0767aa7471127ce6f",
              "subnet-0f36addf0c84de81f"
            ],
            "tags": {
              "Environment": "dev",
              "ManagedBy": "terraform",
              "Name": "python-api-dev-vpc-link",
              "Project": "python-api"
            },
            "tags_all": {
              "Environment": "dev",
              "ManagedBy": "terraform",
              "Name": "python-api-dev-vpc-link",
              "Project": "python-api"
            }
          },
          "sensitive_attributes": [],
          "private": "bnVsbA==",
          "dependencies": [
            "module.vpc.aws_subnet.private",
            "module.vpc.aws_vpc.main",
            "module.vpc.data.aws_vpc.existing"
          ]
        }
      ]
    },
    {
      "module": "module.api_gateway",
      "mode": "managed",
      "type": "aws_cloudwatch_dashboard",
      "name": "api_dashboard",
      "provider": "provider[\"registry.terraform.io/hashicorp/aws\"]",
      "instances": [
        {
          "index_key": "main",
          "schema_version": 0,
          "attributes": {
            "dashboard_arn": "arn:aws:cloudwatch::860619597616:dashboard/python-api-dev-api-dashboard",
            "dashboard_body": "{\"widgets\":[{\"height\":6,\"properties\":{\"metrics\":[[\"AWS/ApiGateway\",\"Count\",\"ApiId\",\"0zt8s9l8qi\",\"Stage\",\"dev\",{\"stat\":\"Sum\"}],[\".\",\"4XXError\",\".\",\".\",\".\",\".\",{\"stat\":\"Sum\"}],[\".\",\"5XXError\",\".\",\".\",\".\",\".\",{\"stat\":\"Sum\"}]],\"period\":300,\"region\":\"eu-west-2\",\"stacked\":false,\"title\":\"API Requests and Errors\",\"view\":\"timeSeries\"},\"type\":\"metric\",\"width\":12,\"x\":0,\"y\":0},{\"height\":6,\"properties\":{\"metrics\":[[\"AWS/ApiGateway\",\"Latency\",\"ApiId\",\"0zt8s9l8qi\",\"Stage\",\"dev\",{\"stat\":\"Average\"}],[\".\",\"IntegrationLatency\",\".\",\".\",\".\",\".\",{\"stat\":\"Average\"}]],\"period\":300,\"region\":\"eu-west-2\",\"stacked\":false,\"title\":\"API Latency\",\"view\":\"timeSeries\"},\"type\":\"metric\",\"width\":12,\"x\":12,\"y\":0}]}",
            "dashboard_name": "python-api-dev-api-dashboard",
            "id": "python-api-dev-api-dashboard"
          },
          "sensitive_attributes": [],
          "private": "bnVsbA==",
          "dependencies": [
            "module.api_gateway.aws_apigatewayv2_api.main",
            "module.api_gateway.aws_apigatewayv2_stage.main",
            "module.api_gateway.aws_cloudwatch_log_group.api_gateway",
            "module.api_gateway.data.aws_region.current"
          ]
        }
      ]
    },
    {
      "module": "module.api_gateway",
      "mode": "managed",
      "type": "aws_cloudwatch_log_group",
      "name": "api_gateway",
      "provider": "provider[\"registry.terraform.io/hashicorp/aws\"]",
      "instances": [
        {
          "schema_version": 0,
          "attributes": {
            "arn": "arn:aws:logs:eu-west-2:860619597616:log-group:/aws/apigateway/python-api-dev-api",
            "id": "/aws/apigateway/python-api-dev-api",
            "kms_key_id": "",
            "name": "/aws/apigateway/python-api-dev-api",
            "name_prefix": "",
            "retention_in_days": 30,
            "skip_destroy": false,
            "tags": {
              "Environment": "dev",
              "ManagedBy": "terraform",
              "Name": "python-api-dev-api-log-group",
              "Project": "python-api"
            },
            "tags_all": {
              "Environment": "dev",
              "ManagedBy": "terraform",
              "Name": "python-api-dev-api-log-group",
              "Project": "python-api"
            }
          },
          "sensitive_attributes": [],
          "private": "bnVsbA=="
        }
      ]
    },
    {
      "module": "module.api_gateway",
      "mode": "managed",
      "type": "aws_cloudwatch_metric_alarm",
      "name": "api_error_rate",
      "provider": "provider[\"registry.terraform.io/hashicorp/aws\"]",
      "instances": [
        {
          "index_key": 0,
          "schema_version": 1,
          "attributes": {
            "actions_enabled": true,
            "alarm_actions": [],
            "alarm_description": "This alarm monitors the API Gateway 5XX error rate",
            "alarm_name": "python-api-dev-api-error-rate",
            "arn": "arn:aws:cloudwatch:eu-west-2:860619597616:alarm:python-api-dev-api-error-rate",
            "comparison_operator": "GreaterThanThreshold",
            "datapoints_to_alarm": 0,
            "dimensions": {
              "ApiId": "0zt8s9l8qi",
              "Stage": "dev"
            },
            "evaluate_low_sample_count_percentiles": "",
            "evaluation_periods": 2,
            "extended_statistic": "",
            "id": "python-api-dev-api-error-rate",
            "insufficient_data_actions": [],
            "metric_name": "5XXError",
            "metric_query": [],
            "namespace": "AWS/ApiGateway",
            "ok_actions": [],
            "period": 300,
            "statistic": "Sum",
            "tags": {},
            "tags_all": {},
            "threshold": 10,
            "threshold_metric_id": "",
            "treat_missing_data": "missing",
            "unit": ""
          },
          "sensitive_attributes": [],
          "private": "eyJzY2hlbWFfdmVyc2lvbiI6IjEifQ==",
          "dependencies": [
            "module.api_gateway.aws_apigatewayv2_api.main",
            "module.api_gateway.aws_apigatewayv2_stage.main",
            "module.api_gateway.aws_cloudwatch_log_group.api_gateway"
          ]
        }
      ]
    },
    {
      "module": "module.api_gateway",
      "mode": "managed",
      "type": "null_resource",
      "name": "api_key_usage_note",
      "provider": "provider[\"registry.terraform.io/hashicorp/null\"]",
      "instances": [
        {
          "index_key": 0,
          "schema_version": 0,
          "attributes": {
            "id": "392340945920634785",
            "triggers": null
          },
          "sensitive_attributes": [],
          "dependencies": [
            "module.api_gateway.aws_api_gateway_deployment.api_keys_api",
            "module.api_gateway.aws_api_gateway_integration.validate",
            "module.api_gateway.aws_api_gateway_method.validate",
            "module.api_gateway.aws_api_gateway_resource.validate",
            "module.api_gateway.aws_api_gateway_rest_api.api_keys_api",
            "module.api_gateway.aws_api_gateway_stage.api_keys_api"
          ]
        }
      ]
    },
    {
      "module": "module.ecs",
      "mode": "data",
      "type": "aws_region",
      "name": "current",
      "provider": "provider[\"registry.terraform.io/hashicorp/aws\"]",
      "instances": [
        {
          "schema_version": 0,
          "attributes": {
            "description": "Europe (London)",
            "endpoint": "ec2.eu-west-2.amazonaws.com",
            "id": "eu-west-2",
            "name": "eu-west-2"
          },
          "sensitive_attributes": []
        }
      ]
    },
    {
      "module": "module.ecs",
      "mode": "managed",
      "type": "aws_cloudwatch_dashboard",
      "name": "api_monitoring",
      "provider": "provider[\"registry.terraform.io/hashicorp/aws\"]",
      "instances": [
        {
          "index_key": 0,
          "schema_version": 0,
          "attributes": {
            "dashboard_arn": "arn:aws:cloudwatch::860619597616:dashboard/python-api-dev-api-monitoring",
            "dashboard_body": "{\"widgets\":[{\"height\":6,\"properties\":{\"metrics\":[[\"AWS/ECS\",\"CPUUtilization\",\"ServiceName\",\"python-api-dev-service\",\"ClusterName\",\"python-api-dev-cluster\",{\"stat\":\"Average\"}],[\".\",\"MemoryUtilization\",\".\",\".\",\".\",\".\",{\"stat\":\"Average\"}]],\"period\":300,\"region\":\"eu-west-2\",\"stacked\":false,\"title\":\"ECS Service CPU and Memory\",\"view\":\"timeSeries\"},\"type\":\"metric\",\"width\":12,\"x\":0,\"y\":0},{\"height\":6,\"properties\":{\"metrics\":[[\"API/Errors\",\"python-api-dev-APIErrors\",{\"stat\":\"Sum\"}]],\"period\":300,\"region\":\"eu-west-2\",\"stacked\":false,\"title\":\"API Errors\",\"view\":\"timeSeries\"},\"type\":\"metric\",\"width\":12,\"x\":12,\"y\":0},{\"height\":6,\"properties\":{\"metrics\":[[\"API/Performance\",\"python-api-dev-APILatency\",{\"stat\":\"Average\"}],[\"...\",{\"stat\":\"p90\"}],[\"...\",{\"stat\":\"p99\"}]],\"period\":300,\"region\":\"eu-west-2\",\"stacked\":false,\"title\":\"API Latency\",\"view\":\"timeSeries\"},\"type\":\"metric\",\"width\":12,\"x\":0,\"y\":6},{\"height\":6,\"properties\":{\"query\":\"SOURCE '/ecs/python-api-dev' | fields @timestamp, @message | filter level='error' OR level='ERROR' | sort @timestamp desc | limit 20\",\"region\":\"eu-west-2\",\"title\":\"Recent API Errors\",\"view\":\"table\"},\"type\":\"log\",\"width\":12,\"x\":12,\"y\":6}]}",
            "dashboard_name": "python-api-dev-api-monitoring",
            "id": "python-api-dev-api-monitoring"
          },
          "sensitive_attributes": [],
          "private": "bnVsbA==",
          "dependencies": [
            "aws_ecr_repository.app",
            "module.ecs.aws_cloudwatch_log_group.app",
            "module.ecs.aws_ecs_cluster.main",
            "module.ecs.aws_ecs_service.app",
            "module.ecs.aws_ecs_task_definition.app",
            "module.ecs.aws_iam_role.ecs_task_execution_role",
            "module.ecs.aws_lb.main",
            "module.ecs.aws_lb_listener.http",
            "module.ecs.aws_lb_target_group.app",
            "module.ecs.aws_security_group.alb",
            "module.ecs.aws_security_group.ecs_tasks",
            "module.ecs.data.aws_region.current",
            "module.vectordb.aws_db_subnet_group.aurora",
            "module.vectordb.aws_rds_cluster.aurora",
            "module.vectordb.aws_rds_cluster_parameter_group.aurora",
            "module.vectordb.aws_security_group.aurora",
            "module.vpc.aws_subnet.private",
            "module.vpc.aws_subnet.public",
            "module.vpc.aws_vpc.main",
            "module.vpc.data.aws_vpc.existing"
          ]
        }
      ]
    },
    {
      "module": "module.ecs",
      "mode": "managed",
      "type": "aws_cloudwatch_log_group",
      "name": "app",
      "provider": "provider[\"registry.terraform.io/hashicorp/aws\"]",
      "instances": [
        {
          "index_key": 0,
          "schema_version": 0,
          "attributes": {
            "arn": "arn:aws:logs:eu-west-2:860619597616:log-group:/ecs/python-api-dev",
            "id": "/ecs/python-api-dev",
            "kms_key_id": "",
            "name": "/ecs/python-api-dev",
            "name_prefix": "",
            "retention_in_days": 30,
            "skip_destroy": false,
            "tags": {
              "Environment": "dev",
              "ManagedBy": "terraform",
              "Name": "python-api-dev-log-group",
              "Project": "python-api"
            },
            "tags_all": {
              "Environment": "dev",
              "ManagedBy": "terraform",
              "Name": "python-api-dev-log-group",
              "Project": "python-api"
            }
          },
          "sensitive_attributes": [],
          "private": "bnVsbA=="
        }
      ]
    },
    {
      "module": "module.ecs",
      "mode": "managed",
      "type": "aws_cloudwatch_log_metric_filter",
      "name": "api_errors",
      "provider": "provider[\"registry.terraform.io/hashicorp/aws\"]",
      "instances": [
        {
          "index_key": 0,
          "schema_version": 0,
          "attributes": {
            "id": "python-api-dev-api-errors",
            "log_group_name": "/ecs/python-api-dev",
            "metric_transformation": [
              {
                "default_value": "0",
                "dimensions": {},
                "name": "python-api-dev-APIErrors",
                "namespace": "API/Errors",
                "unit": "None",
                "value": "1"
              }
            ],
            "name": "python-api-dev-api-errors",
            "pattern": "{$.level = \"error\" || $.level = \"ERROR\"}"
          },
          "sensitive_attributes": [],
          "private": "bnVsbA==",
          "dependencies": [
            "module.ecs.aws_cloudwatch_log_group.app"
          ]
        }
      ]
    },
    {
      "module": "module.ecs",
      "mode": "managed",
      "type": "aws_cloudwatch_log_metric_filter",
      "name": "api_latency",
      "provider": "provider[\"registry.terraform.io/hashicorp/aws\"]",
      "instances": [
        {
          "index_key": 0,
          "schema_version": 0,
          "attributes": {
            "id": "python-api-dev-api-latency",
            "log_group_name": "/ecs/python-api-dev",
            "metric_transformation": [
              {
                "default_value": "0",
                "dimensions": {},
                "name": "python-api-dev-APILatency",
                "namespace": "API/Performance",
                "unit": "None",
                "value": "$.responseTime"
              }
            ],
            "name": "python-api-dev-api-latency",
            "pattern": "{$.responseTime \u003e 0}"
          },
          "sensitive_attributes": [],
          "private": "bnVsbA==",
          "dependencies": [
            "module.ecs.aws_cloudwatch_log_group.app"
          ]
        }
      ]
    },
    {
      "module": "module.ecs",
      "mode": "managed",
      "type": "aws_ecs_cluster",
      "name": "main",
      "provider": "provider[\"registry.terraform.io/hashicorp/aws\"]",
      "instances": [
        {
          "schema_version": 0,
          "attributes": {
            "arn": "arn:aws:ecs:eu-west-2:860619597616:cluster/python-api-dev-cluster",
            "capacity_providers": [],
            "configuration": [
              {
                "execute_command_configuration": [
                  {
                    "kms_key_id": "",
                    "log_configuration": [
                      {
                        "cloud_watch_encryption_enabled": false,
                        "cloud_watch_log_group_name": "/ecs/python-api-dev",
                        "s3_bucket_encryption_enabled": false,
                        "s3_bucket_name": "",
                        "s3_key_prefix": ""
                      }
                    ],
                    "logging": "OVERRIDE"
                  }
                ]
              }
            ],
            "default_capacity_provider_strategy": [],
            "id": "arn:aws:ecs:eu-west-2:860619597616:cluster/python-api-dev-cluster",
            "name": "python-api-dev-cluster",
            "service_connect_defaults": [],
            "setting": [
              {
                "name": "containerInsights",
                "value": "enabled"
              }
            ],
            "tags": {
              "Environment": "dev",
              "ManagedBy": "terraform",
              "Name": "python-api-dev-cluster",
              "Project": "python-api"
            },
            "tags_all": {
              "Environment": "dev",
              "ManagedBy": "terraform",
              "Name": "python-api-dev-cluster",
              "Project": "python-api"
            }
          },
          "sensitive_attributes": [],
          "private": "bnVsbA==",
          "dependencies": [
            "module.ecs.aws_cloudwatch_log_group.app"
          ]
        }
      ]
    },
    {
      "module": "module.ecs",
      "mode": "managed",
      "type": "aws_ecs_service",
      "name": "app",
      "provider": "provider[\"registry.terraform.io/hashicorp/aws\"]",
      "instances": [
        {
          "schema_version": 0,
          "attributes": {
            "alarms": [],
            "capacity_provider_strategy": [],
            "cluster": "arn:aws:ecs:eu-west-2:860619597616:cluster/python-api-dev-cluster",
            "deployment_circuit_breaker": [
              {
                "enable": true,
                "rollback": true
              }
            ],
            "deployment_controller": [
              {
                "type": "ECS"
              }
            ],
            "deployment_maximum_percent": 200,
            "deployment_minimum_healthy_percent": 100,
            "desired_count": 1,
            "enable_ecs_managed_tags": true,
            "enable_execute_command": false,
            "force_new_deployment": null,
            "health_check_grace_period_seconds": 0,
            "iam_role": "/aws-service-role/ecs.amazonaws.com/AWSServiceRoleForECS",
            "id": "arn:aws:ecs:eu-west-2:860619597616:service/python-api-dev-cluster/python-api-dev-service",
            "launch_type": "FARGATE",
            "load_balancer": [
              {
                "container_name": "python-api",
                "container_port": 5000,
                "elb_name": "",
                "target_group_arn": "arn:aws:elasticloadbalancing:eu-west-2:860619597616:targetgroup/python-api-dev-tg/89190fdac705351c"
              }
            ],
            "name": "python-api-dev-service",
            "network_configuration": [
              {
                "assign_public_ip": false,
                "security_groups": [
                  "sg-0347adbfb5f366010"
                ],
                "subnets": [
                  "subnet-0767aa7471127ce6f",
                  "subnet-0f36addf0c84de81f"
                ]
              }
            ],
            "ordered_placement_strategy": [],
            "placement_constraints": [],
            "platform_version": "LATEST",
            "propagate_tags": "SERVICE",
            "scheduling_strategy": "REPLICA",
            "service_connect_configuration": [],
            "service_registries": [],
            "tags": {
              "Environment": "dev",
              "ManagedBy": "terraform",
              "Name": "python-api-dev-service",
              "Project": "python-api"
            },
            "tags_all": {
              "Environment": "dev",
              "ManagedBy": "terraform",
              "Name": "python-api-dev-service",
              "Project": "python-api"
            },
            "task_definition": "arn:aws:ecs:eu-west-2:860619597616:task-definition/python-api-dev-task:19",
            "timeouts": null,
            "triggers": {},
            "wait_for_steady_state": false
          },
          "sensitive_attributes": [],
          "private": "eyJlMmJmYjczMC1lY2FhLTExZTYtOGY4OC0zNDM2M2JjN2M0YzAiOnsiY3JlYXRlIjoxMjAwMDAwMDAwMDAwLCJkZWxldGUiOjEyMDAwMDAwMDAwMDAsInVwZGF0ZSI6MTIwMDAwMDAwMDAwMH19",
          "dependencies": [
            "aws_ecr_repository.app",
            "module.ecs.aws_cloudwatch_log_group.app",
            "module.ecs.aws_ecs_cluster.main",
            "module.ecs.aws_ecs_task_definition.app",
            "module.ecs.aws_iam_role.ecs_task_execution_role",
            "module.ecs.aws_lb.main",
            "module.ecs.aws_lb_listener.http",
            "module.ecs.aws_lb_target_group.app",
            "module.ecs.aws_security_group.alb",
            "module.ecs.aws_security_group.ecs_tasks",
            "module.ecs.data.aws_region.current",
            "module.vectordb.aws_db_subnet_group.aurora",
            "module.vectordb.aws_rds_cluster.aurora",
            "module.vectordb.aws_rds_cluster_parameter_group.aurora",
            "module.vectordb.aws_security_group.aurora",
            "module.vpc.aws_subnet.private",
            "module.vpc.aws_subnet.public",
            "module.vpc.aws_vpc.main",
            "module.vpc.data.aws_vpc.existing"
          ]
        }
      ]
    },
    {
      "module": "module.ecs",
      "mode": "managed",
      "type": "aws_ecs_task_definition",
      "name": "app",
      "provider": "provider[\"registry.terraform.io/hashicorp/aws\"]",
      "instances": [
        {
          "schema_version": 1,
          "attributes": {
            "arn": "arn:aws:ecs:eu-west-2:860619597616:task-definition/python-api-dev-task:32",
            "arn_without_revision": "arn:aws:ecs:eu-west-2:860619597616:task-definition/python-api-dev-task",
            "container_definitions": "[{\"cpu\":0,\"environment\":[{\"name\":\"API_STAGE_NAME\",\"value\":\"dev\"},{\"name\":\"CELERY_BROKER_URL\",\"value\":\"redis://localhost:6379/0\"},{\"name\":\"CELERY_RESULT_BACKEND\",\"value\":\"redis://localhost:6379/0\"},{\"name\":\"DATABASE_URL\",\"value\":\"postgresql://dbadmin:dummy-placeholder@python-api-dev-cluster.cluster-cvgiwsy9mkjc.eu-west-2.rds.amazonaws.com:5432/pythonapidevdb\"},{\"name\":\"DB_HOST\",\"value\":\"python-api-dev-cluster.cluster-cvgiwsy9mkjc.eu-west-2.rds.amazonaws.com\"},{\"name\":\"DB_NAME\",\"value\":\"pythonapidevdb\"},{\"name\":\"DB_PASSWORD\",\"value\":\"dummy-placeholder\"},{\"name\":\"DB_PORT\",\"value\":\"5432\"},{\"name\":\"DB_USER\",\"value\":\"dbadmin\"},{\"name\":\"DJANGO_ALLOWED_HOSTS\",\"value\":\"*\"},{\"name\":\"DJANGO_DEBUG\",\"value\":\"True\"},{\"name\":\"DJANGO_SECRET_KEY\",\"value\":\"dummy-placeholder-secret-key\"},{\"name\":\"DJANGO_SETTINGS_MODULE\",\"value\":\"jao_backend.settings.dev\"},{\"name\":\"ENABLE_API_METRICS\",\"value\":\"true\"},{\"name\":\"ENABLE_METRICS\",\"value\":\"true\"},{\"name\":\"ENABLE_RATE_LIMITING\",\"value\":\"true\"},{\"name\":\"ENV\",\"value\":\"dev\"},{\"name\":\"JAO_BACKEND_DATABASE_URL\",\"value\":\"postgresql://dbadmin:dummy-placeholder@python-api-dev-cluster.cluster-cvgiwsy9mkjc.eu-west-2.rds.amazonaws.com:5432/pythonapidevdb\"},{\"name\":\"JAO_BACKEND_LITELLM_API_BASE\",\"value\":\"http://127.0.0.1:11434/api/embed\"},{\"name\":\"JAO_BACKEND_LITELLM_CUSTOM_PROVIDER\",\"value\":\"ollama\"},{\"name\":\"JAO_BACKEND_OLEEO_DATABASE_URL\",\"value\":\"mssqlms://user.namey:password@co-grid-database.eu-west-2:1433/DART_Dev\"},{\"name\":\"JAO_EMBEDDER_SUMMARY_RESPONSIBILITIES\",\"value\":\"ollama/nomic-embed-text:latest\"},{\"name\":\"LOG_LEVEL\",\"value\":\"info\"},{\"name\":\"MAX_REQUESTS_PER_MIN\",\"value\":\"2000\"}],\"essential\":true,\"healthCheck\":{\"command\":[\"CMD-SHELL\",\"curl -f http://localhost:5000/health || exit 1\"],\"interval\":30,\"retries\":3,\"startPeriod\":60,\"timeout\":5},\"image\":\"860619597616.dkr.ecr.eu-west-2.amazonaws.com/python-api-dev:latest\",\"logConfiguration\":{\"logDriver\":\"awslogs\",\"options\":{\"awslogs-group\":\"/ecs/python-api-dev\",\"awslogs-region\":\"eu-west-2\",\"awslogs-stream-prefix\":\"xray\"}},\"mountPoints\":[],\"name\":\"python-api\",\"portMappings\":[{\"containerPort\":5000,\"hostPort\":5000,\"protocol\":\"tcp\"}],\"systemControls\":[],\"volumesFrom\":[]}]",
            "cpu": "256",
            "ephemeral_storage": [],
            "execution_role_arn": "arn:aws:iam::860619597616:role/python-api-dev-ecs-task-execution-role",
            "family": "python-api-dev-task",
            "id": "python-api-dev-task",
            "inference_accelerator": [],
            "ipc_mode": "",
            "memory": "512",
            "network_mode": "awsvpc",
            "pid_mode": "",
            "placement_constraints": [],
            "proxy_configuration": [],
            "requires_compatibilities": [
              "FARGATE"
            ],
            "revision": 32,
            "runtime_platform": [],
            "skip_destroy": false,
            "tags": {
              "Environment": "dev",
              "ManagedBy": "terraform",
              "Name": "python-api-dev-task-definition",
              "Project": "python-api"
            },
            "tags_all": {
              "Environment": "dev",
              "ManagedBy": "terraform",
              "Name": "python-api-dev-task-definition",
              "Project": "python-api"
            },
            "task_role_arn": "",
            "volume": []
          },
          "sensitive_attributes": [],
          "private": "eyJzY2hlbWFfdmVyc2lvbiI6IjEifQ==",
          "dependencies": [
            "aws_ecr_repository.app",
            "module.ecs.aws_cloudwatch_log_group.app",
            "module.ecs.aws_iam_role.ecs_task_execution_role",
            "module.ecs.data.aws_region.current",
            "module.vectordb.aws_rds_cluster.aurora"
          ]
        }
      ]
    },
    {
      "module": "module.ecs",
      "mode": "managed",
      "type": "aws_iam_policy",
      "name": "ecr_access_policy",
      "provider": "provider[\"registry.terraform.io/hashicorp/aws\"]",
      "instances": [
        {
          "schema_version": 0,
          "attributes": {
            "arn": "arn:aws:iam::860619597616:policy/python-api-dev-ecr-access-policy",
            "description": "Policy for ECR image pull and push access",
            "id": "arn:aws:iam::860619597616:policy/python-api-dev-ecr-access-policy",
            "name": "python-api-dev-ecr-access-policy",
            "name_prefix": "",
            "path": "/",
            "policy": "{\"Statement\":[{\"Action\":[\"ecr:GetDownloadUrlForLayer\",\"ecr:BatchGetImage\",\"ecr:BatchCheckLayerAvailability\",\"ecr:PutImage\",\"ecr:InitiateLayerUpload\",\"ecr:UploadLayerPart\",\"ecr:CompleteLayerUpload\"],\"Effect\":\"Allow\",\"Resource\":\"*\"},{\"Action\":\"ecr:GetAuthorizationToken\",\"Effect\":\"Allow\",\"Resource\":\"*\"}],\"Version\":\"2012-10-17\"}",
            "policy_id": "ANPA4QYHM44YDAXDTFCZA",
            "tags": {
              "Environment": "dev",
              "ManagedBy": "terraform",
              "Name": "python-api-dev-ecr-access-policy",
              "Project": "python-api"
            },
            "tags_all": {
              "Environment": "dev",
              "ManagedBy": "terraform",
              "Name": "python-api-dev-ecr-access-policy",
              "Project": "python-api"
            }
          },
          "sensitive_attributes": [],
          "private": "bnVsbA=="
        }
      ]
    },
    {
      "module": "module.ecs",
      "mode": "managed",
      "type": "aws_iam_role",
      "name": "ecs_task_execution_role",
      "provider": "provider[\"registry.terraform.io/hashicorp/aws\"]",
      "instances": [
        {
          "index_key": 0,
          "schema_version": 0,
          "attributes": {
            "arn": "arn:aws:iam::860619597616:role/python-api-dev-ecs-task-execution-role",
            "assume_role_policy": "{\"Statement\":[{\"Action\":\"sts:AssumeRole\",\"Effect\":\"Allow\",\"Principal\":{\"Service\":\"ecs-tasks.amazonaws.com\"}}],\"Version\":\"2012-10-17\"}",
            "create_date": "2025-05-23T13:50:04Z",
            "description": "",
            "force_detach_policies": false,
            "id": "python-api-dev-ecs-task-execution-role",
            "inline_policy": [],
            "managed_policy_arns": [
              "arn:aws:iam::860619597616:policy/python-api-dev-ecr-access-policy",
              "arn:aws:iam::aws:policy/service-role/AmazonECSTaskExecutionRolePolicy"
            ],
            "max_session_duration": 3600,
            "name": "python-api-dev-ecs-task-execution-role",
            "name_prefix": "",
            "path": "/",
            "permissions_boundary": null,
            "role_last_used": [
              {
                "last_used_date": "2025-05-30T13:02:25Z",
                "region": "eu-west-2"
              }
            ],
            "tags": {
              "Environment": "dev",
              "ManagedBy": "terraform",
              "Name": "python-api-dev-ecs-task-execution-role",
              "Project": "python-api"
            },
            "tags_all": {
              "Environment": "dev",
              "ManagedBy": "terraform",
              "Name": "python-api-dev-ecs-task-execution-role",
              "Project": "python-api"
            },
            "unique_id": "AROA4QYHM44YELS3FKXLD"
          },
          "sensitive_attributes": [],
          "private": "bnVsbA=="
        }
      ]
    },
    {
      "module": "module.ecs",
      "mode": "managed",
      "type": "aws_iam_role_policy_attachment",
      "name": "ecr_access_policy_attachment",
      "provider": "provider[\"registry.terraform.io/hashicorp/aws\"]",
      "instances": [
        {
          "index_key": 0,
          "schema_version": 0,
          "attributes": {
            "id": "python-api-dev-ecs-task-execution-role-20250523135005256100000002",
            "policy_arn": "arn:aws:iam::860619597616:policy/python-api-dev-ecr-access-policy",
            "role": "python-api-dev-ecs-task-execution-role"
          },
          "sensitive_attributes": [],
          "private": "bnVsbA==",
          "dependencies": [
            "module.ecs.aws_iam_policy.ecr_access_policy",
            "module.ecs.aws_iam_role.ecs_task_execution_role"
          ]
        }
      ]
    },
    {
      "module": "module.ecs",
      "mode": "managed",
      "type": "aws_iam_role_policy_attachment",
      "name": "ecs_task_execution_role_policy",
      "provider": "provider[\"registry.terraform.io/hashicorp/aws\"]",
      "instances": [
        {
          "index_key": 0,
          "schema_version": 0,
          "attributes": {
            "id": "python-api-dev-ecs-task-execution-role-20250523135005069700000001",
            "policy_arn": "arn:aws:iam::aws:policy/service-role/AmazonECSTaskExecutionRolePolicy",
            "role": "python-api-dev-ecs-task-execution-role"
          },
          "sensitive_attributes": [],
          "private": "bnVsbA==",
          "dependencies": [
            "module.ecs.aws_iam_role.ecs_task_execution_role"
          ]
        }
      ]
    },
    {
      "module": "module.ecs",
      "mode": "managed",
      "type": "aws_lb",
      "name": "main",
      "provider": "provider[\"registry.terraform.io/hashicorp/aws\"]",
      "instances": [
        {
          "schema_version": 0,
          "attributes": {
            "access_logs": [
              {
                "bucket": "",
                "enabled": false,
                "prefix": ""
              }
            ],
            "arn": "arn:aws:elasticloadbalancing:eu-west-2:860619597616:loadbalancer/app/python-api-dev-alb/fdcc9dbd7875d0a2",
            "arn_suffix": "app/python-api-dev-alb/fdcc9dbd7875d0a2",
            "customer_owned_ipv4_pool": "",
            "desync_mitigation_mode": "defensive",
            "dns_name": "internal-python-api-dev-alb-752466909.eu-west-2.elb.amazonaws.com",
            "drop_invalid_header_fields": false,
            "enable_cross_zone_load_balancing": true,
            "enable_deletion_protection": false,
            "enable_http2": true,
            "enable_tls_version_and_cipher_suite_headers": false,
            "enable_waf_fail_open": false,
            "enable_xff_client_port": false,
            "id": "arn:aws:elasticloadbalancing:eu-west-2:860619597616:loadbalancer/app/python-api-dev-alb/fdcc9dbd7875d0a2",
            "idle_timeout": 60,
            "internal": true,
            "ip_address_type": "ipv4",
            "load_balancer_type": "application",
            "name": "python-api-dev-alb",
            "name_prefix": null,
            "preserve_host_header": false,
            "security_groups": [
              "sg-01c7c6dee5629548d"
            ],
            "subnet_mapping": [
              {
                "allocation_id": "",
                "ipv6_address": "",
                "outpost_id": "",
                "private_ipv4_address": "",
                "subnet_id": "subnet-0767aa7471127ce6f"
              },
              {
                "allocation_id": "",
                "ipv6_address": "",
                "outpost_id": "",
                "private_ipv4_address": "",
                "subnet_id": "subnet-0f36addf0c84de81f"
              }
            ],
            "subnets": [
              "subnet-0767aa7471127ce6f",
              "subnet-0f36addf0c84de81f"
            ],
            "tags": {
              "Environment": "dev",
              "ManagedBy": "terraform",
              "Name": "python-api-dev-alb",
              "Project": "python-api"
            },
            "tags_all": {
              "Environment": "dev",
              "ManagedBy": "terraform",
              "Name": "python-api-dev-alb",
              "Project": "python-api"
            },
            "timeouts": null,
            "vpc_id": "vpc-04e87621713e56f3e",
            "xff_header_processing_mode": "append",
            "zone_id": "ZHURV8PSTC4K8"
          },
          "sensitive_attributes": [],
          "private": "eyJlMmJmYjczMC1lY2FhLTExZTYtOGY4OC0zNDM2M2JjN2M0YzAiOnsiY3JlYXRlIjo2MDAwMDAwMDAwMDAsImRlbGV0ZSI6NjAwMDAwMDAwMDAwLCJ1cGRhdGUiOjYwMDAwMDAwMDAwMH19",
          "dependencies": [
            "module.ecs.aws_security_group.alb",
            "module.vpc.aws_subnet.private",
            "module.vpc.aws_subnet.public",
            "module.vpc.aws_vpc.main",
            "module.vpc.data.aws_vpc.existing"
          ]
        }
      ]
    },
    {
      "module": "module.ecs",
      "mode": "managed",
      "type": "aws_lb_listener",
      "name": "http",
      "provider": "provider[\"registry.terraform.io/hashicorp/aws\"]",
      "instances": [
        {
          "schema_version": 0,
          "attributes": {
            "alpn_policy": null,
            "arn": "arn:aws:elasticloadbalancing:eu-west-2:860619597616:listener/app/python-api-dev-alb/fdcc9dbd7875d0a2/d8454f981b0c9e46",
            "certificate_arn": null,
            "default_action": [
              {
                "authenticate_cognito": [],
                "authenticate_oidc": [],
                "fixed_response": [],
                "forward": [],
                "order": 1,
                "redirect": [],
                "target_group_arn": "arn:aws:elasticloadbalancing:eu-west-2:860619597616:targetgroup/python-api-dev-tg/89190fdac705351c",
                "type": "forward"
              }
            ],
            "id": "arn:aws:elasticloadbalancing:eu-west-2:860619597616:listener/app/python-api-dev-alb/fdcc9dbd7875d0a2/d8454f981b0c9e46",
            "load_balancer_arn": "arn:aws:elasticloadbalancing:eu-west-2:860619597616:loadbalancer/app/python-api-dev-alb/fdcc9dbd7875d0a2",
            "port": 80,
            "protocol": "HTTP",
            "ssl_policy": "",
            "tags": {},
            "tags_all": {},
            "timeouts": null
          },
          "sensitive_attributes": [],
          "private": "eyJlMmJmYjczMC1lY2FhLTExZTYtOGY4OC0zNDM2M2JjN2M0YzAiOnsicmVhZCI6NjAwMDAwMDAwMDAwfX0=",
          "dependencies": [
            "module.ecs.aws_lb.main",
            "module.ecs.aws_lb_target_group.app",
            "module.ecs.aws_security_group.alb",
            "module.vpc.aws_subnet.private",
            "module.vpc.aws_subnet.public",
            "module.vpc.aws_vpc.main",
            "module.vpc.data.aws_vpc.existing"
          ]
        }
      ]
    },
    {
      "module": "module.ecs",
      "mode": "managed",
      "type": "aws_lb_target_group",
      "name": "app",
      "provider": "provider[\"registry.terraform.io/hashicorp/aws\"]",
      "instances": [
        {
          "schema_version": 0,
          "attributes": {
            "arn": "arn:aws:elasticloadbalancing:eu-west-2:860619597616:targetgroup/python-api-dev-tg/89190fdac705351c",
            "arn_suffix": "targetgroup/python-api-dev-tg/89190fdac705351c",
            "connection_termination": false,
            "deregistration_delay": "300",
            "health_check": [
              {
                "enabled": true,
                "healthy_threshold": 3,
                "interval": 30,
                "matcher": "200",
                "path": "/health",
                "port": "traffic-port",
                "protocol": "HTTP",
                "timeout": 5,
                "unhealthy_threshold": 3
              }
            ],
            "id": "arn:aws:elasticloadbalancing:eu-west-2:860619597616:targetgroup/python-api-dev-tg/89190fdac705351c",
            "ip_address_type": "ipv4",
            "lambda_multi_value_headers_enabled": false,
            "load_balancing_algorithm_type": "round_robin",
            "load_balancing_cross_zone_enabled": "use_load_balancer_configuration",
            "name": "python-api-dev-tg",
            "name_prefix": null,
            "port": 5000,
            "preserve_client_ip": null,
            "protocol": "HTTP",
            "protocol_version": "HTTP1",
            "proxy_protocol_v2": false,
            "slow_start": 0,
            "stickiness": [
              {
                "cookie_duration": 86400,
                "cookie_name": "",
                "enabled": false,
                "type": "lb_cookie"
              }
            ],
            "tags": {
              "Environment": "dev",
              "ManagedBy": "terraform",
              "Name": "python-api-dev-tg",
              "Project": "python-api"
            },
            "tags_all": {
              "Environment": "dev",
              "ManagedBy": "terraform",
              "Name": "python-api-dev-tg",
              "Project": "python-api"
            },
            "target_failover": [
              {
                "on_deregistration": null,
                "on_unhealthy": null
              }
            ],
            "target_type": "ip",
            "vpc_id": "vpc-04e87621713e56f3e"
          },
          "sensitive_attributes": [],
          "private": "bnVsbA==",
          "dependencies": [
            "module.vpc.aws_vpc.main",
            "module.vpc.data.aws_vpc.existing"
          ],
          "create_before_destroy": true
        }
      ]
    },
    {
      "module": "module.ecs",
      "mode": "managed",
      "type": "aws_security_group",
      "name": "alb",
      "provider": "provider[\"registry.terraform.io/hashicorp/aws\"]",
      "instances": [
        {
          "schema_version": 1,
          "attributes": {
            "arn": "arn:aws:ec2:eu-west-2:860619597616:security-group/sg-01c7c6dee5629548d",
            "description": "Controls access to the ALB",
            "egress": [
              {
                "cidr_blocks": [
                  "0.0.0.0/0"
                ],
                "description": "",
                "from_port": 0,
                "ipv6_cidr_blocks": [],
                "prefix_list_ids": [],
                "protocol": "-1",
                "security_groups": [],
                "self": false,
                "to_port": 0
              }
            ],
            "id": "sg-01c7c6dee5629548d",
            "ingress": [
              {
                "cidr_blocks": [
                  "0.0.0.0/0"
                ],
                "description": "",
                "from_port": 443,
                "ipv6_cidr_blocks": [],
                "prefix_list_ids": [],
                "protocol": "tcp",
                "security_groups": [],
                "self": false,
                "to_port": 443
              },
              {
                "cidr_blocks": [
                  "0.0.0.0/0"
                ],
                "description": "",
                "from_port": 80,
                "ipv6_cidr_blocks": [],
                "prefix_list_ids": [],
                "protocol": "tcp",
                "security_groups": [],
                "self": false,
                "to_port": 80
              }
            ],
            "name": "python-api-dev-alb-sg",
            "name_prefix": "",
            "owner_id": "860619597616",
            "revoke_rules_on_delete": false,
            "tags": {
              "Environment": "dev",
              "ManagedBy": "terraform",
              "Name": "python-api-dev-alb-sg",
              "Project": "python-api"
            },
            "tags_all": {
              "Environment": "dev",
              "ManagedBy": "terraform",
              "Name": "python-api-dev-alb-sg",
              "Project": "python-api"
            },
            "timeouts": null,
            "vpc_id": "vpc-04e87621713e56f3e"
          },
          "sensitive_attributes": [],
          "private": "eyJlMmJmYjczMC1lY2FhLTExZTYtOGY4OC0zNDM2M2JjN2M0YzAiOnsiY3JlYXRlIjo2MDAwMDAwMDAwMDAsImRlbGV0ZSI6OTAwMDAwMDAwMDAwfSwic2NoZW1hX3ZlcnNpb24iOiIxIn0=",
          "dependencies": [
            "module.vpc.aws_vpc.main",
            "module.vpc.data.aws_vpc.existing"
          ]
        }
      ]
    },
    {
      "module": "module.ecs",
      "mode": "managed",
      "type": "aws_security_group",
      "name": "ecs_tasks",
      "provider": "provider[\"registry.terraform.io/hashicorp/aws\"]",
      "instances": [
        {
          "schema_version": 1,
          "attributes": {
            "arn": "arn:aws:ec2:eu-west-2:860619597616:security-group/sg-0347adbfb5f366010",
            "description": "Allow inbound access from the ALB only",
            "egress": [
              {
                "cidr_blocks": [
                  "0.0.0.0/0"
                ],
                "description": "",
                "from_port": 0,
                "ipv6_cidr_blocks": [],
                "prefix_list_ids": [],
                "protocol": "-1",
                "security_groups": [],
                "self": false,
                "to_port": 0
              }
            ],
            "id": "sg-0347adbfb5f366010",
            "ingress": [
              {
                "cidr_blocks": [],
                "description": "",
                "from_port": 5000,
                "ipv6_cidr_blocks": [],
                "prefix_list_ids": [],
                "protocol": "tcp",
                "security_groups": [
                  "sg-01c7c6dee5629548d"
                ],
                "self": false,
                "to_port": 5000
              }
            ],
            "name": "python-api-dev-ecs-tasks-sg",
            "name_prefix": "",
            "owner_id": "860619597616",
            "revoke_rules_on_delete": false,
            "tags": {
              "Environment": "dev",
              "ManagedBy": "terraform",
              "Name": "python-api-dev-ecs-tasks-sg",
              "Project": "python-api"
            },
            "tags_all": {
              "Environment": "dev",
              "ManagedBy": "terraform",
              "Name": "python-api-dev-ecs-tasks-sg",
              "Project": "python-api"
            },
            "timeouts": null,
            "vpc_id": "vpc-04e87621713e56f3e"
          },
          "sensitive_attributes": [],
          "private": "eyJlMmJmYjczMC1lY2FhLTExZTYtOGY4OC0zNDM2M2JjN2M0YzAiOnsiY3JlYXRlIjo2MDAwMDAwMDAwMDAsImRlbGV0ZSI6OTAwMDAwMDAwMDAwfSwic2NoZW1hX3ZlcnNpb24iOiIxIn0=",
          "dependencies": [
            "module.ecs.aws_security_group.alb",
            "module.vpc.aws_vpc.main",
            "module.vpc.data.aws_vpc.existing"
          ]
        }
      ]
    },
    {
      "module": "module.frontend",
      "mode": "data",
      "type": "aws_region",
      "name": "current",
      "provider": "provider[\"registry.terraform.io/hashicorp/aws\"]",
      "instances": [
        {
          "schema_version": 0,
          "attributes": {
            "description": "Europe (London)",
            "endpoint": "ec2.eu-west-2.amazonaws.com",
            "id": "eu-west-2",
            "name": "eu-west-2"
          },
          "sensitive_attributes": []
        }
      ]
    },
    {
      "module": "module.frontend",
      "mode": "managed",
      "type": "aws_appautoscaling_policy",
      "name": "frontend_cpu",
      "provider": "provider[\"registry.terraform.io/hashicorp/aws\"]",
      "instances": [
        {
          "schema_version": 0,
          "attributes": {
            "alarm_arns": [
              "arn:aws:cloudwatch:eu-west-2:860619597616:alarm:TargetTracking-service/python-api-frontend-dev-cluster/python-api-frontend-dev-service-AlarmHigh-625469dc-e43c-4b61-8cd5-55b2bff2cb2a",
              "arn:aws:cloudwatch:eu-west-2:860619597616:alarm:TargetTracking-service/python-api-frontend-dev-cluster/python-api-frontend-dev-service-AlarmLow-4fe7d79f-313d-419a-95ed-4d91191fce35"
            ],
            "arn": "arn:aws:autoscaling:eu-west-2:860619597616:scalingPolicy:c76bffc3-8fff-455e-97f3-6e9f665e6fcb:resource/ecs/service/python-api-frontend-dev-cluster/python-api-frontend-dev-service:policyName/python-api-frontend-dev-cpu-scaling",
            "id": "python-api-frontend-dev-cpu-scaling",
            "name": "python-api-frontend-dev-cpu-scaling",
            "policy_type": "TargetTrackingScaling",
            "resource_id": "service/python-api-frontend-dev-cluster/python-api-frontend-dev-service",
            "scalable_dimension": "ecs:service:DesiredCount",
            "service_namespace": "ecs",
            "step_scaling_policy_configuration": [],
            "target_tracking_scaling_policy_configuration": [
              {
                "customized_metric_specification": [],
                "disable_scale_in": false,
                "predefined_metric_specification": [
                  {
                    "predefined_metric_type": "ECSServiceAverageCPUUtilization",
                    "resource_label": ""
                  }
                ],
                "scale_in_cooldown": 300,
                "scale_out_cooldown": 60,
                "target_value": 70
              }
            ]
          },
          "sensitive_attributes": [],
          "private": "bnVsbA==",
          "dependencies": [
            "aws_ecr_repository.frontend",
            "module.api_gateway.aws_apigatewayv2_api.main",
            "module.api_gateway.aws_apigatewayv2_stage.main",
            "module.api_gateway.aws_cloudwatch_log_group.api_gateway",
            "module.frontend.aws_appautoscaling_target.frontend",
            "module.frontend.aws_cloudwatch_log_group.frontend",
            "module.frontend.aws_ecs_cluster.frontend",
            "module.frontend.aws_ecs_service.frontend",
            "module.frontend.aws_ecs_task_definition.frontend",
            "module.frontend.aws_iam_role.frontend_execution",
            "module.frontend.aws_iam_role.frontend_task",
            "module.frontend.aws_lb_target_group.frontend",
            "module.frontend.aws_security_group.frontend_ecs",
            "module.frontend.aws_security_group.frontend_lb",
            "module.frontend.data.aws_region.current",
            "module.vpc.aws_subnet.private",
            "module.vpc.aws_vpc.main",
            "module.vpc.data.aws_vpc.existing"
          ]
        }
      ]
    },
    {
      "module": "module.frontend",
      "mode": "managed",
      "type": "aws_appautoscaling_policy",
      "name": "frontend_memory",
      "provider": "provider[\"registry.terraform.io/hashicorp/aws\"]",
      "instances": [
        {
          "schema_version": 0,
          "attributes": {
            "alarm_arns": [
              "arn:aws:cloudwatch:eu-west-2:860619597616:alarm:TargetTracking-service/python-api-frontend-dev-cluster/python-api-frontend-dev-service-AlarmHigh-90ad0023-711a-4447-9983-0e6c95786fab",
              "arn:aws:cloudwatch:eu-west-2:860619597616:alarm:TargetTracking-service/python-api-frontend-dev-cluster/python-api-frontend-dev-service-AlarmLow-0c2f0ee6-7a6c-488e-8715-bef3623246f4"
            ],
            "arn": "arn:aws:autoscaling:eu-west-2:860619597616:scalingPolicy:c76bffc3-8fff-455e-97f3-6e9f665e6fcb:resource/ecs/service/python-api-frontend-dev-cluster/python-api-frontend-dev-service:policyName/python-api-frontend-dev-memory-scaling",
            "id": "python-api-frontend-dev-memory-scaling",
            "name": "python-api-frontend-dev-memory-scaling",
            "policy_type": "TargetTrackingScaling",
            "resource_id": "service/python-api-frontend-dev-cluster/python-api-frontend-dev-service",
            "scalable_dimension": "ecs:service:DesiredCount",
            "service_namespace": "ecs",
            "step_scaling_policy_configuration": [],
            "target_tracking_scaling_policy_configuration": [
              {
                "customized_metric_specification": [],
                "disable_scale_in": false,
                "predefined_metric_specification": [
                  {
                    "predefined_metric_type": "ECSServiceAverageMemoryUtilization",
                    "resource_label": ""
                  }
                ],
                "scale_in_cooldown": 300,
                "scale_out_cooldown": 60,
                "target_value": 70
              }
            ]
          },
          "sensitive_attributes": [],
          "private": "bnVsbA==",
          "dependencies": [
            "aws_ecr_repository.frontend",
            "module.api_gateway.aws_apigatewayv2_api.main",
            "module.api_gateway.aws_apigatewayv2_stage.main",
            "module.api_gateway.aws_cloudwatch_log_group.api_gateway",
            "module.frontend.aws_appautoscaling_target.frontend",
            "module.frontend.aws_cloudwatch_log_group.frontend",
            "module.frontend.aws_ecs_cluster.frontend",
            "module.frontend.aws_ecs_service.frontend",
            "module.frontend.aws_ecs_task_definition.frontend",
            "module.frontend.aws_iam_role.frontend_execution",
            "module.frontend.aws_iam_role.frontend_task",
            "module.frontend.aws_lb_target_group.frontend",
            "module.frontend.aws_security_group.frontend_ecs",
            "module.frontend.aws_security_group.frontend_lb",
            "module.frontend.data.aws_region.current",
            "module.vpc.aws_subnet.private",
            "module.vpc.aws_vpc.main",
            "module.vpc.data.aws_vpc.existing"
          ]
        }
      ]
    },
    {
      "module": "module.frontend",
      "mode": "managed",
      "type": "aws_appautoscaling_target",
      "name": "frontend",
      "provider": "provider[\"registry.terraform.io/hashicorp/aws\"]",
      "instances": [
        {
          "schema_version": 0,
          "attributes": {
            "arn": "arn:aws:application-autoscaling:eu-west-2:860619597616:scalable-target/0ec5c76bffc38fff455e97f36e9f665e6fcb",
            "id": "service/python-api-frontend-dev-cluster/python-api-frontend-dev-service",
            "max_capacity": 4,
            "min_capacity": 1,
            "resource_id": "service/python-api-frontend-dev-cluster/python-api-frontend-dev-service",
            "role_arn": "arn:aws:iam::860619597616:role/aws-service-role/ecs.application-autoscaling.amazonaws.com/AWSServiceRoleForApplicationAutoScaling_ECSService",
            "scalable_dimension": "ecs:service:DesiredCount",
            "service_namespace": "ecs",
            "tags": {},
            "tags_all": {}
          },
          "sensitive_attributes": [],
          "private": "bnVsbA==",
          "dependencies": [
            "aws_ecr_repository.frontend",
            "module.api_gateway.aws_apigatewayv2_api.main",
            "module.api_gateway.aws_apigatewayv2_stage.main",
            "module.api_gateway.aws_cloudwatch_log_group.api_gateway",
            "module.frontend.aws_cloudwatch_log_group.frontend",
            "module.frontend.aws_ecs_cluster.frontend",
            "module.frontend.aws_ecs_service.frontend",
            "module.frontend.aws_ecs_task_definition.frontend",
            "module.frontend.aws_iam_role.frontend_execution",
            "module.frontend.aws_iam_role.frontend_task",
            "module.frontend.aws_lb_target_group.frontend",
            "module.frontend.aws_security_group.frontend_ecs",
            "module.frontend.aws_security_group.frontend_lb",
            "module.frontend.data.aws_region.current",
            "module.vpc.aws_subnet.private",
            "module.vpc.aws_vpc.main",
            "module.vpc.data.aws_vpc.existing"
          ]
        }
      ]
    },
    {
      "module": "module.frontend",
      "mode": "managed",
      "type": "aws_cloudwatch_log_group",
      "name": "frontend",
      "provider": "provider[\"registry.terraform.io/hashicorp/aws\"]",
      "instances": [
        {
          "index_key": 0,
          "schema_version": 0,
          "attributes": {
            "arn": "arn:aws:logs:eu-west-2:860619597616:log-group:/ecs/python-api-frontend-dev",
            "id": "/ecs/python-api-frontend-dev",
            "kms_key_id": "",
            "name": "/ecs/python-api-frontend-dev",
            "name_prefix": "",
            "retention_in_days": 30,
            "skip_destroy": false,
            "tags": {
              "Environment": "dev",
              "ManagedBy": "terraform",
              "Name": "python-api-frontend-dev",
              "Project": "python-api"
            },
            "tags_all": {
              "Environment": "dev",
              "ManagedBy": "terraform",
              "Name": "python-api-frontend-dev",
              "Project": "python-api"
            }
          },
          "sensitive_attributes": [],
          "private": "bnVsbA=="
        }
      ]
    },
    {
      "module": "module.frontend",
      "mode": "managed",
      "type": "aws_ecs_cluster",
      "name": "frontend",
      "provider": "provider[\"registry.terraform.io/hashicorp/aws\"]",
      "instances": [
        {
          "schema_version": 0,
          "attributes": {
            "arn": "arn:aws:ecs:eu-west-2:860619597616:cluster/python-api-frontend-dev-cluster",
            "capacity_providers": [],
            "configuration": [],
            "default_capacity_provider_strategy": [],
            "id": "arn:aws:ecs:eu-west-2:860619597616:cluster/python-api-frontend-dev-cluster",
            "name": "python-api-frontend-dev-cluster",
            "service_connect_defaults": [],
            "setting": [
              {
                "name": "containerInsights",
                "value": "enabled"
              }
            ],
            "tags": {
              "Environment": "dev",
              "ManagedBy": "terraform",
              "Name": "python-api-frontend-dev",
              "Project": "python-api"
            },
            "tags_all": {
              "Environment": "dev",
              "ManagedBy": "terraform",
              "Name": "python-api-frontend-dev",
              "Project": "python-api"
            }
          },
          "sensitive_attributes": [],
          "private": "bnVsbA==",
          "dependencies": [
            "module.frontend.aws_cloudwatch_log_group.frontend"
          ]
        }
      ]
    },
    {
      "module": "module.frontend",
      "mode": "managed",
      "type": "aws_ecs_service",
      "name": "frontend",
      "provider": "provider[\"registry.terraform.io/hashicorp/aws\"]",
      "instances": [
        {
          "schema_version": 0,
          "attributes": {
            "alarms": [],
            "capacity_provider_strategy": [],
            "cluster": "arn:aws:ecs:eu-west-2:860619597616:cluster/python-api-frontend-dev-cluster",
            "deployment_circuit_breaker": [
              {
                "enable": true,
                "rollback": true
              }
            ],
            "deployment_controller": [
              {
                "type": "ECS"
              }
            ],
            "deployment_maximum_percent": 200,
            "deployment_minimum_healthy_percent": 100,
            "desired_count": 1,
            "enable_ecs_managed_tags": false,
            "enable_execute_command": true,
            "force_new_deployment": null,
            "health_check_grace_period_seconds": 0,
            "iam_role": "/aws-service-role/ecs.amazonaws.com/AWSServiceRoleForECS",
            "id": "arn:aws:ecs:eu-west-2:860619597616:service/python-api-frontend-dev-cluster/python-api-frontend-dev-service",
            "launch_type": "FARGATE",
            "load_balancer": [
              {
                "container_name": "python-api-frontend",
                "container_port": 8000,
                "elb_name": "",
                "target_group_arn": "arn:aws:elasticloadbalancing:eu-west-2:860619597616:targetgroup/python-api-frontend-dev-tg/617425bcf0160ed5"
              }
            ],
            "name": "python-api-frontend-dev-service",
            "network_configuration": [
              {
                "assign_public_ip": false,
                "security_groups": [
                  "sg-036cf3f0e62ec318e"
                ],
                "subnets": [
                  "subnet-0767aa7471127ce6f",
                  "subnet-0f36addf0c84de81f"
                ]
              }
            ],
            "ordered_placement_strategy": [],
            "placement_constraints": [],
            "platform_version": "LATEST",
            "propagate_tags": "NONE",
            "scheduling_strategy": "REPLICA",
            "service_connect_configuration": [],
            "service_registries": [],
            "tags": {
              "Environment": "dev",
              "ManagedBy": "terraform",
              "Name": "python-api-frontend-dev",
              "Project": "python-api"
            },
            "tags_all": {
              "Environment": "dev",
              "ManagedBy": "terraform",
              "Name": "python-api-frontend-dev",
              "Project": "python-api"
            },
            "task_definition": "arn:aws:ecs:eu-west-2:860619597616:task-definition/python-api-frontend-dev-task:6",
            "timeouts": null,
            "triggers": {},
            "wait_for_steady_state": false
          },
          "sensitive_attributes": [],
          "private": "eyJlMmJmYjczMC1lY2FhLTExZTYtOGY4OC0zNDM2M2JjN2M0YzAiOnsiY3JlYXRlIjoxMjAwMDAwMDAwMDAwLCJkZWxldGUiOjEyMDAwMDAwMDAwMDAsInVwZGF0ZSI6MTIwMDAwMDAwMDAwMH19",
          "dependencies": [
            "aws_ecr_repository.frontend",
            "module.api_gateway.aws_apigatewayv2_api.main",
            "module.api_gateway.aws_apigatewayv2_stage.main",
            "module.api_gateway.aws_cloudwatch_log_group.api_gateway",
            "module.frontend.aws_cloudwatch_log_group.frontend",
            "module.frontend.aws_ecs_cluster.frontend",
            "module.frontend.aws_ecs_task_definition.frontend",
            "module.frontend.aws_iam_role.frontend_execution",
            "module.frontend.aws_iam_role.frontend_task",
            "module.frontend.aws_lb_target_group.frontend",
            "module.frontend.aws_security_group.frontend_ecs",
            "module.frontend.aws_security_group.frontend_lb",
            "module.frontend.data.aws_region.current",
            "module.vpc.aws_subnet.private",
            "module.vpc.aws_vpc.main",
            "module.vpc.data.aws_vpc.existing"
          ]
        }
      ]
    },
    {
      "module": "module.frontend",
      "mode": "managed",
      "type": "aws_ecs_task_definition",
      "name": "frontend",
      "provider": "provider[\"registry.terraform.io/hashicorp/aws\"]",
      "instances": [
        {
          "schema_version": 1,
          "attributes": {
            "arn": "arn:aws:ecs:eu-west-2:860619597616:task-definition/python-api-frontend-dev-task:6",
            "arn_without_revision": "arn:aws:ecs:eu-west-2:860619597616:task-definition/python-api-frontend-dev-task",
            "container_definitions": "[{\"cpu\":0,\"environment\":[{\"name\":\"BACKEND_API_KEY\",\"value\":\"dummy-placeholder-api-key\"},{\"name\":\"BACKEND_URL\",\"value\":\"https://0zt8s9l8qi.execute-api.eu-west-2.amazonaws.com/dev/\"},{\"name\":\"DJANGO_DEBUG\",\"value\":\"True\"},{\"name\":\"DJANGO_SECRET_KEY\",\"value\":\"dummy-placeholder-secret-key\"},{\"name\":\"DJANGO_SETTINGS_MODULE\",\"value\":\"frontend.settings\"},{\"name\":\"PORT\",\"value\":\"8000\"}],\"essential\":true,\"image\":\"860619597616.dkr.ecr.eu-west-2.amazonaws.com/python-api-frontend-dev\",\"logConfiguration\":{\"logDriver\":\"awslogs\",\"options\":{\"awslogs-group\":\"/ecs/python-api-frontend-dev\",\"awslogs-region\":\"eu-west-2\",\"awslogs-stream-prefix\":\"ecs\"}},\"mountPoints\":[],\"name\":\"python-api-frontend\",\"portMappings\":[{\"containerPort\":8000,\"hostPort\":8000,\"protocol\":\"tcp\"}],\"systemControls\":[],\"volumesFrom\":[]}]",
            "cpu": "256",
            "ephemeral_storage": [],
            "execution_role_arn": "arn:aws:iam::860619597616:role/python-api-frontend-dev-execution-role",
            "family": "python-api-frontend-dev-task",
            "id": "python-api-frontend-dev-task",
            "inference_accelerator": [],
            "ipc_mode": "",
            "memory": "512",
            "network_mode": "awsvpc",
            "pid_mode": "",
            "placement_constraints": [],
            "proxy_configuration": [],
            "requires_compatibilities": [
              "FARGATE"
            ],
            "revision": 6,
            "runtime_platform": [],
            "skip_destroy": false,
            "tags": {
              "Environment": "dev",
              "ManagedBy": "terraform",
              "Name": "python-api-frontend-dev",
              "Project": "python-api"
            },
            "tags_all": {
              "Environment": "dev",
              "ManagedBy": "terraform",
              "Name": "python-api-frontend-dev",
              "Project": "python-api"
            },
            "task_role_arn": "arn:aws:iam::860619597616:role/python-api-frontend-dev-task-role",
            "volume": []
          },
          "sensitive_attributes": [],
          "private": "eyJzY2hlbWFfdmVyc2lvbiI6IjEifQ==",
          "dependencies": [
            "aws_ecr_repository.frontend",
            "module.api_gateway.aws_apigatewayv2_api.main",
            "module.api_gateway.aws_apigatewayv2_stage.main",
            "module.api_gateway.aws_cloudwatch_log_group.api_gateway",
            "module.frontend.aws_cloudwatch_log_group.frontend",
            "module.frontend.aws_iam_role.frontend_execution",
            "module.frontend.aws_iam_role.frontend_task",
            "module.frontend.data.aws_region.current"
          ]
        }
      ]
    },
    {
      "module": "module.frontend",
      "mode": "managed",
      "type": "aws_iam_role",
      "name": "frontend_execution",
      "provider": "provider[\"registry.terraform.io/hashicorp/aws\"]",
      "instances": [
        {
          "index_key": 0,
          "schema_version": 0,
          "attributes": {
            "arn": "arn:aws:iam::860619597616:role/python-api-frontend-dev-execution-role",
            "assume_role_policy": "{\"Statement\":[{\"Action\":\"sts:AssumeRole\",\"Effect\":\"Allow\",\"Principal\":{\"Service\":\"ecs-tasks.amazonaws.com\"}}],\"Version\":\"2012-10-17\"}",
            "create_date": "2025-05-23T13:37:44Z",
            "description": "",
            "force_detach_policies": false,
            "id": "python-api-frontend-dev-execution-role",
            "inline_policy": [],
            "managed_policy_arns": [
              "arn:aws:iam::aws:policy/service-role/AmazonECSTaskExecutionRolePolicy"
            ],
            "max_session_duration": 3600,
            "name": "python-api-frontend-dev-execution-role",
            "name_prefix": "",
            "path": "/",
            "permissions_boundary": null,
            "role_last_used": [
              {
                "last_used_date": "2025-05-30T13:04:36Z",
                "region": "eu-west-2"
              }
            ],
            "tags": {
              "Environment": "dev",
              "ManagedBy": "terraform",
              "Name": "python-api-frontend-dev",
              "Project": "python-api"
            },
            "tags_all": {
              "Environment": "dev",
              "ManagedBy": "terraform",
              "Name": "python-api-frontend-dev",
              "Project": "python-api"
            },
            "unique_id": "AROA4QYHM44YCUHUUVH3K"
          },
          "sensitive_attributes": [],
          "private": "bnVsbA=="
        }
      ]
    },
    {
      "module": "module.frontend",
      "mode": "managed",
      "type": "aws_iam_role",
      "name": "frontend_task",
      "provider": "provider[\"registry.terraform.io/hashicorp/aws\"]",
      "instances": [
        {
          "index_key": 0,
          "schema_version": 0,
          "attributes": {
            "arn": "arn:aws:iam::860619597616:role/python-api-frontend-dev-task-role",
            "assume_role_policy": "{\"Statement\":[{\"Action\":\"sts:AssumeRole\",\"Effect\":\"Allow\",\"Principal\":{\"Service\":\"ecs-tasks.amazonaws.com\"}}],\"Version\":\"2012-10-17\"}",
            "create_date": "2025-05-23T13:37:44Z",
            "description": "",
            "force_detach_policies": false,
            "id": "python-api-frontend-dev-task-role",
            "inline_policy": [],
            "managed_policy_arns": [],
            "max_session_duration": 3600,
            "name": "python-api-frontend-dev-task-role",
            "name_prefix": "",
            "path": "/",
            "permissions_boundary": null,
            "role_last_used": [
              {
                "last_used_date": "2025-05-30T13:05:10Z",
                "region": "eu-west-2"
              }
            ],
            "tags": {
              "Environment": "dev",
              "ManagedBy": "terraform",
              "Name": "python-api-frontend-dev",
              "Project": "python-api"
            },
            "tags_all": {
              "Environment": "dev",
              "ManagedBy": "terraform",
              "Name": "python-api-frontend-dev",
              "Project": "python-api"
            },
            "unique_id": "AROA4QYHM44YHABJ2T5DJ"
          },
          "sensitive_attributes": [],
          "private": "bnVsbA=="
        }
      ]
    },
    {
      "module": "module.frontend",
      "mode": "managed",
      "type": "aws_iam_role_policy_attachment",
      "name": "frontend_execution",
      "provider": "provider[\"registry.terraform.io/hashicorp/aws\"]",
      "instances": [
        {
          "index_key": 0,
          "schema_version": 0,
          "attributes": {
            "id": "python-api-frontend-dev-execution-role-20250523133744834500000001",
            "policy_arn": "arn:aws:iam::aws:policy/service-role/AmazonECSTaskExecutionRolePolicy",
            "role": "python-api-frontend-dev-execution-role"
          },
          "sensitive_attributes": [],
          "private": "bnVsbA==",
          "dependencies": [
            "module.frontend.aws_iam_role.frontend_execution"
          ]
        }
      ]
    },
    {
      "module": "module.frontend",
      "mode": "managed",
      "type": "aws_lb",
      "name": "frontend",
      "provider": "provider[\"registry.terraform.io/hashicorp/aws\"]",
      "instances": [
        {
          "schema_version": 0,
          "attributes": {
            "access_logs": [
              {
                "bucket": "",
                "enabled": false,
                "prefix": ""
              }
            ],
            "arn": "arn:aws:elasticloadbalancing:eu-west-2:860619597616:loadbalancer/app/python-api-frontend-dev-alb/a8af915d51d81d6c",
            "arn_suffix": "app/python-api-frontend-dev-alb/a8af915d51d81d6c",
            "customer_owned_ipv4_pool": "",
            "desync_mitigation_mode": "defensive",
            "dns_name": "python-api-frontend-dev-alb-597115978.eu-west-2.elb.amazonaws.com",
            "drop_invalid_header_fields": false,
            "enable_cross_zone_load_balancing": true,
            "enable_deletion_protection": false,
            "enable_http2": true,
            "enable_tls_version_and_cipher_suite_headers": false,
            "enable_waf_fail_open": false,
            "enable_xff_client_port": false,
            "id": "arn:aws:elasticloadbalancing:eu-west-2:860619597616:loadbalancer/app/python-api-frontend-dev-alb/a8af915d51d81d6c",
            "idle_timeout": 60,
            "internal": false,
            "ip_address_type": "ipv4",
            "load_balancer_type": "application",
            "name": "python-api-frontend-dev-alb",
            "name_prefix": null,
            "preserve_host_header": false,
            "security_groups": [
              "sg-08be6093b29c1f7d4"
            ],
            "subnet_mapping": [
              {
                "allocation_id": "",
                "ipv6_address": "",
                "outpost_id": "",
                "private_ipv4_address": "",
                "subnet_id": "subnet-09c66b1207c1e852e"
              },
              {
                "allocation_id": "",
                "ipv6_address": "",
                "outpost_id": "",
                "private_ipv4_address": "",
                "subnet_id": "subnet-0dd5ca0030a4c3e26"
              }
            ],
            "subnets": [
              "subnet-09c66b1207c1e852e",
              "subnet-0dd5ca0030a4c3e26"
            ],
            "tags": {
              "Environment": "dev",
              "ManagedBy": "terraform",
              "Name": "python-api-frontend-dev",
              "Project": "python-api"
            },
            "tags_all": {
              "Environment": "dev",
              "ManagedBy": "terraform",
              "Name": "python-api-frontend-dev",
              "Project": "python-api"
            },
            "timeouts": null,
            "vpc_id": "vpc-04e87621713e56f3e",
            "xff_header_processing_mode": "append",
            "zone_id": "ZHURV8PSTC4K8"
          },
          "sensitive_attributes": [],
          "private": "eyJlMmJmYjczMC1lY2FhLTExZTYtOGY4OC0zNDM2M2JjN2M0YzAiOnsiY3JlYXRlIjo2MDAwMDAwMDAwMDAsImRlbGV0ZSI6NjAwMDAwMDAwMDAwLCJ1cGRhdGUiOjYwMDAwMDAwMDAwMH19",
          "dependencies": [
            "module.frontend.aws_security_group.frontend_lb",
            "module.vpc.aws_subnet.private",
            "module.vpc.aws_subnet.public",
            "module.vpc.aws_vpc.main",
            "module.vpc.data.aws_vpc.existing"
          ]
        }
      ]
    },
    {
      "module": "module.frontend",
      "mode": "managed",
      "type": "aws_lb_listener",
      "name": "frontend_http",
      "provider": "provider[\"registry.terraform.io/hashicorp/aws\"]",
      "instances": [
        {
          "schema_version": 0,
          "attributes": {
            "alpn_policy": null,
            "arn": "arn:aws:elasticloadbalancing:eu-west-2:860619597616:listener/app/python-api-frontend-dev-alb/a8af915d51d81d6c/89041b2b4b1a812b",
            "certificate_arn": null,
            "default_action": [
              {
                "authenticate_cognito": [],
                "authenticate_oidc": [],
                "fixed_response": [],
                "forward": [],
                "order": 1,
                "redirect": [],
                "target_group_arn": "arn:aws:elasticloadbalancing:eu-west-2:860619597616:targetgroup/python-api-frontend-dev-tg/617425bcf0160ed5",
                "type": "forward"
              }
            ],
            "id": "arn:aws:elasticloadbalancing:eu-west-2:860619597616:listener/app/python-api-frontend-dev-alb/a8af915d51d81d6c/89041b2b4b1a812b",
            "load_balancer_arn": "arn:aws:elasticloadbalancing:eu-west-2:860619597616:loadbalancer/app/python-api-frontend-dev-alb/a8af915d51d81d6c",
            "port": 80,
            "protocol": "HTTP",
            "ssl_policy": "",
            "tags": {
              "Environment": "dev",
              "ManagedBy": "terraform",
              "Name": "python-api-frontend-dev",
              "Project": "python-api"
            },
            "tags_all": {
              "Environment": "dev",
              "ManagedBy": "terraform",
              "Name": "python-api-frontend-dev",
              "Project": "python-api"
            },
            "timeouts": null
          },
          "sensitive_attributes": [],
          "private": "eyJlMmJmYjczMC1lY2FhLTExZTYtOGY4OC0zNDM2M2JjN2M0YzAiOnsicmVhZCI6NjAwMDAwMDAwMDAwfX0=",
          "dependencies": [
            "module.frontend.aws_lb.frontend",
            "module.frontend.aws_lb_target_group.frontend",
            "module.frontend.aws_security_group.frontend_lb",
            "module.vpc.aws_subnet.private",
            "module.vpc.aws_subnet.public",
            "module.vpc.aws_vpc.main",
            "module.vpc.data.aws_vpc.existing"
          ]
        }
      ]
    },
    {
      "module": "module.frontend",
      "mode": "managed",
      "type": "aws_lb_target_group",
      "name": "frontend",
      "provider": "provider[\"registry.terraform.io/hashicorp/aws\"]",
      "instances": [
        {
          "schema_version": 0,
          "attributes": {
            "arn": "arn:aws:elasticloadbalancing:eu-west-2:860619597616:targetgroup/python-api-frontend-dev-tg/617425bcf0160ed5",
            "arn_suffix": "targetgroup/python-api-frontend-dev-tg/617425bcf0160ed5",
            "connection_termination": false,
            "deregistration_delay": "300",
            "health_check": [
              {
                "enabled": true,
                "healthy_threshold": 3,
                "interval": 30,
                "matcher": "200",
                "path": "/health",
                "port": "traffic-port",
                "protocol": "HTTP",
                "timeout": 5,
                "unhealthy_threshold": 3
              }
            ],
            "id": "arn:aws:elasticloadbalancing:eu-west-2:860619597616:targetgroup/python-api-frontend-dev-tg/617425bcf0160ed5",
            "ip_address_type": "ipv4",
            "lambda_multi_value_headers_enabled": false,
            "load_balancing_algorithm_type": "round_robin",
            "load_balancing_cross_zone_enabled": "use_load_balancer_configuration",
            "name": "python-api-frontend-dev-tg",
            "name_prefix": null,
            "port": 8000,
            "preserve_client_ip": null,
            "protocol": "HTTP",
            "protocol_version": "HTTP1",
            "proxy_protocol_v2": false,
            "slow_start": 0,
            "stickiness": [
              {
                "cookie_duration": 86400,
                "cookie_name": "",
                "enabled": false,
                "type": "lb_cookie"
              }
            ],
            "tags": {
              "Environment": "dev",
              "ManagedBy": "terraform",
              "Name": "python-api-frontend-dev",
              "Project": "python-api"
            },
            "tags_all": {
              "Environment": "dev",
              "ManagedBy": "terraform",
              "Name": "python-api-frontend-dev",
              "Project": "python-api"
            },
            "target_failover": [
              {
                "on_deregistration": null,
                "on_unhealthy": null
              }
            ],
            "target_type": "ip",
            "vpc_id": "vpc-04e87621713e56f3e"
          },
          "sensitive_attributes": [],
          "private": "bnVsbA==",
          "dependencies": [
            "module.vpc.aws_vpc.main",
            "module.vpc.data.aws_vpc.existing"
          ]
        }
      ]
    },
    {
      "module": "module.frontend",
      "mode": "managed",
      "type": "aws_security_group",
      "name": "frontend_ecs",
      "provider": "provider[\"registry.terraform.io/hashicorp/aws\"]",
      "instances": [
        {
          "schema_version": 1,
          "attributes": {
            "arn": "arn:aws:ec2:eu-west-2:860619597616:security-group/sg-036cf3f0e62ec318e",
            "description": "Security group for frontend ECS tasks",
            "egress": [
              {
                "cidr_blocks": [
                  "0.0.0.0/0"
                ],
                "description": "Allow all outbound traffic",
                "from_port": 0,
                "ipv6_cidr_blocks": [],
                "prefix_list_ids": [],
                "protocol": "-1",
                "security_groups": [],
                "self": false,
                "to_port": 0
              }
            ],
            "id": "sg-036cf3f0e62ec318e",
            "ingress": [
              {
                "cidr_blocks": [],
                "description": "Allow traffic from ALB",
                "from_port": 8000,
                "ipv6_cidr_blocks": [],
                "prefix_list_ids": [],
                "protocol": "tcp",
                "security_groups": [
                  "sg-08be6093b29c1f7d4"
                ],
                "self": false,
                "to_port": 8000
              }
            ],
            "name": "python-api-frontend-dev-ecs-sg",
            "name_prefix": "",
            "owner_id": "860619597616",
            "revoke_rules_on_delete": false,
            "tags": {
              "Environment": "dev",
              "ManagedBy": "terraform",
              "Name": "python-api-frontend-dev",
              "Project": "python-api"
            },
            "tags_all": {
              "Environment": "dev",
              "ManagedBy": "terraform",
              "Name": "python-api-frontend-dev",
              "Project": "python-api"
            },
            "timeouts": null,
            "vpc_id": "vpc-04e87621713e56f3e"
          },
          "sensitive_attributes": [],
          "private": "eyJlMmJmYjczMC1lY2FhLTExZTYtOGY4OC0zNDM2M2JjN2M0YzAiOnsiY3JlYXRlIjo2MDAwMDAwMDAwMDAsImRlbGV0ZSI6OTAwMDAwMDAwMDAwfSwic2NoZW1hX3ZlcnNpb24iOiIxIn0=",
          "dependencies": [
            "module.frontend.aws_security_group.frontend_lb",
            "module.vpc.aws_vpc.main",
            "module.vpc.data.aws_vpc.existing"
          ]
        }
      ]
    },
    {
      "module": "module.frontend",
      "mode": "managed",
      "type": "aws_security_group",
      "name": "frontend_lb",
      "provider": "provider[\"registry.terraform.io/hashicorp/aws\"]",
      "instances": [
        {
          "schema_version": 1,
          "attributes": {
            "arn": "arn:aws:ec2:eu-west-2:860619597616:security-group/sg-08be6093b29c1f7d4",
            "description": "Security group for frontend load balancer",
            "egress": [
              {
                "cidr_blocks": [
                  "0.0.0.0/0"
                ],
                "description": "Allow all outbound traffic",
                "from_port": 0,
                "ipv6_cidr_blocks": [],
                "prefix_list_ids": [],
                "protocol": "-1",
                "security_groups": [],
                "self": false,
                "to_port": 0
              }
            ],
            "id": "sg-08be6093b29c1f7d4",
            "ingress": [
              {
                "cidr_blocks": [
                  "0.0.0.0/0"
                ],
                "description": "Allow HTTP traffic",
                "from_port": 80,
                "ipv6_cidr_blocks": [],
                "prefix_list_ids": [],
                "protocol": "tcp",
                "security_groups": [],
                "self": false,
                "to_port": 80
              },
              {
                "cidr_blocks": [
                  "0.0.0.0/0"
                ],
                "description": "Allow HTTPS traffic",
                "from_port": 443,
                "ipv6_cidr_blocks": [],
                "prefix_list_ids": [],
                "protocol": "tcp",
                "security_groups": [],
                "self": false,
                "to_port": 443
              }
            ],
            "name": "python-api-frontend-dev-lb-sg",
            "name_prefix": "",
            "owner_id": "860619597616",
            "revoke_rules_on_delete": false,
            "tags": {
              "Environment": "dev",
              "ManagedBy": "terraform",
              "Name": "python-api-frontend-dev",
              "Project": "python-api"
            },
            "tags_all": {
              "Environment": "dev",
              "ManagedBy": "terraform",
              "Name": "python-api-frontend-dev",
              "Project": "python-api"
            },
            "timeouts": null,
            "vpc_id": "vpc-04e87621713e56f3e"
          },
          "sensitive_attributes": [],
          "private": "eyJlMmJmYjczMC1lY2FhLTExZTYtOGY4OC0zNDM2M2JjN2M0YzAiOnsiY3JlYXRlIjo2MDAwMDAwMDAwMDAsImRlbGV0ZSI6OTAwMDAwMDAwMDAwfSwic2NoZW1hX3ZlcnNpb24iOiIxIn0=",
          "dependencies": [
            "module.vpc.aws_vpc.main",
            "module.vpc.data.aws_vpc.existing"
          ]
        }
      ]
    },
    {
      "module": "module.initialization_bucket",
      "mode": "data",
      "type": "aws_region",
      "name": "current",
      "provider": "provider[\"registry.terraform.io/hashicorp/aws\"]",
      "instances": [
        {
          "schema_version": 0,
          "attributes": {
            "description": "Europe (London)",
            "endpoint": "ec2.eu-west-2.amazonaws.com",
            "id": "eu-west-2",
            "name": "eu-west-2"
          },
          "sensitive_attributes": []
        }
      ]
    },
    {
      "module": "module.vectordb",
      "mode": "managed",
      "type": "aws_db_subnet_group",
      "name": "aurora",
      "provider": "provider[\"registry.terraform.io/hashicorp/aws\"]",
      "instances": [
        {
          "schema_version": 0,
          "attributes": {
            "arn": "arn:aws:rds:eu-west-2:860619597616:subgrp:python-api-dev-subnet-group",
            "description": "Managed by Terraform",
            "id": "python-api-dev-subnet-group",
            "name": "python-api-dev-subnet-group",
            "name_prefix": "",
            "subnet_ids": [
              "subnet-0767aa7471127ce6f",
              "subnet-0f36addf0c84de81f"
            ],
            "supported_network_types": [
              "IPV4"
            ],
            "tags": {
              "Environment": "dev",
              "ManagedBy": "terraform",
              "Module": "aurora_pgvector",
              "Name": "python-api-dev",
              "Project": "python-api",
              "Terraform": "true"
            },
            "tags_all": {
              "Environment": "dev",
              "ManagedBy": "terraform",
              "Module": "aurora_pgvector",
              "Name": "python-api-dev",
              "Project": "python-api",
              "Terraform": "true"
            },
            "vpc_id": "vpc-04e87621713e56f3e"
          },
          "sensitive_attributes": [],
          "private": "bnVsbA==",
          "dependencies": [
            "module.vpc.aws_subnet.private",
            "module.vpc.aws_vpc.main",
            "module.vpc.data.aws_vpc.existing"
          ]
        }
      ]
    },
    {
      "module": "module.vectordb",
      "mode": "managed",
      "type": "aws_rds_cluster",
      "name": "aurora",
      "provider": "provider[\"registry.terraform.io/hashicorp/aws\"]",
      "instances": [
        {
          "schema_version": 0,
          "attributes": {
            "allocated_storage": 1,
            "allow_major_version_upgrade": null,
            "apply_immediately": true,
            "arn": "arn:aws:rds:eu-west-2:860619597616:cluster:python-api-dev-cluster",
            "availability_zones": [
              "eu-west-2a",
              "eu-west-2b",
              "eu-west-2c"
            ],
            "backtrack_window": 0,
            "backup_retention_period": 7,
            "cluster_identifier": "python-api-dev-cluster",
            "cluster_identifier_prefix": null,
            "cluster_members": [
              "python-api-dev-instance-1"
            ],
            "cluster_resource_id": "cluster-SI2AYAZYT2U2X6WG6FSFYWIS6M",
            "copy_tags_to_snapshot": false,
            "database_name": "pythonapidevdb",
            "db_cluster_instance_class": "",
            "db_cluster_parameter_group_name": "python-api-dev-param-group",
            "db_instance_parameter_group_name": null,
            "db_subnet_group_name": "python-api-dev-subnet-group",
            "deletion_protection": false,
            "enable_global_write_forwarding": false,
            "enable_http_endpoint": false,
            "enabled_cloudwatch_logs_exports": [
              "postgresql"
            ],
            "endpoint": "python-api-dev-cluster.cluster-cvgiwsy9mkjc.eu-west-2.rds.amazonaws.com",
            "engine": "aurora-postgresql",
            "engine_mode": "provisioned",
            "engine_version": "15.10",
            "engine_version_actual": "15.10",
            "final_snapshot_identifier": null,
            "global_cluster_identifier": "",
            "hosted_zone_id": "Z1TTGA775OQIYO",
            "iam_database_authentication_enabled": false,
            "iam_roles": [],
            "id": "python-api-dev-cluster",
            "iops": 0,
            "kms_key_id": "arn:aws:kms:eu-west-2:860619597616:key/0895fecb-16b8-4a9b-adb2-b3e4edbc549f",
            "manage_master_user_password": null,
            "master_password": "secrettpassword",
            "master_user_secret": [],
            "master_user_secret_kms_key_id": null,
            "master_username": "dbadmin",
            "network_type": "IPV4",
            "port": 5432,
            "preferred_backup_window": "02:00-03:00",
            "preferred_maintenance_window": "sun:23:29-sun:23:59",
            "reader_endpoint": "python-api-dev-cluster.cluster-ro-cvgiwsy9mkjc.eu-west-2.rds.amazonaws.com",
            "replication_source_identifier": "",
            "restore_to_point_in_time": [],
            "s3_import": [],
            "scaling_configuration": [],
            "serverlessv2_scaling_configuration": [
              {
                "max_capacity": 2,
                "min_capacity": 0.5
              }
            ],
            "skip_final_snapshot": true,
            "snapshot_identifier": null,
            "source_region": null,
            "storage_encrypted": true,
            "storage_type": "",
            "tags": {
              "Environment": "dev",
              "ManagedBy": "terraform",
              "Module": "aurora_pgvector",
              "Name": "python-api-dev",
              "Project": "python-api",
              "Terraform": "true"
            },
            "tags_all": {
              "Environment": "dev",
              "ManagedBy": "terraform",
              "Module": "aurora_pgvector",
              "Name": "python-api-dev",
              "Project": "python-api",
              "Terraform": "true"
            },
            "timeouts": null,
            "vpc_security_group_ids": [
              "sg-0cbdb825937acf748"
            ]
          },
          "sensitive_attributes": [],
          "private": "eyJlMmJmYjczMC1lY2FhLTExZTYtOGY4OC0zNDM2M2JjN2M0YzAiOnsiY3JlYXRlIjo3MjAwMDAwMDAwMDAwLCJkZWxldGUiOjcyMDAwMDAwMDAwMDAsInVwZGF0ZSI6NzIwMDAwMDAwMDAwMH19",
          "dependencies": [
            "module.vectordb.aws_db_subnet_group.aurora",
            "module.vectordb.aws_rds_cluster_parameter_group.aurora",
            "module.vectordb.aws_security_group.aurora",
            "module.vpc.aws_subnet.private",
            "module.vpc.aws_vpc.main",
            "module.vpc.data.aws_vpc.existing"
          ]
        }
      ]
    },
    {
      "module": "module.vectordb",
      "mode": "managed",
      "type": "aws_rds_cluster_instance",
      "name": "aurora",
      "provider": "provider[\"registry.terraform.io/hashicorp/aws\"]",
      "instances": [
        {
          "index_key": 0,
          "schema_version": 0,
          "attributes": {
            "apply_immediately": true,
            "arn": "arn:aws:rds:eu-west-2:860619597616:db:python-api-dev-instance-1",
            "auto_minor_version_upgrade": true,
            "availability_zone": "eu-west-2a",
            "ca_cert_identifier": "rds-ca-rsa2048-g1",
            "cluster_identifier": "python-api-dev-cluster",
            "copy_tags_to_snapshot": false,
            "db_parameter_group_name": "default.aurora-postgresql15",
            "db_subnet_group_name": "python-api-dev-subnet-group",
            "dbi_resource_id": "db-KY4Z2HZOZINWOJUILE26CA3Y5Q",
            "endpoint": "python-api-dev-instance-1.cvgiwsy9mkjc.eu-west-2.rds.amazonaws.com",
            "engine": "aurora-postgresql",
            "engine_version": "15.10",
            "engine_version_actual": "15.10",
            "id": "python-api-dev-instance-1",
            "identifier": "python-api-dev-instance-1",
            "identifier_prefix": null,
            "instance_class": "db.serverless",
            "kms_key_id": "arn:aws:kms:eu-west-2:860619597616:key/0895fecb-16b8-4a9b-adb2-b3e4edbc549f",
            "monitoring_interval": 0,
            "monitoring_role_arn": "",
            "network_type": "IPV4",
            "performance_insights_enabled": false,
            "performance_insights_kms_key_id": "",
            "performance_insights_retention_period": 0,
            "port": 5432,
            "preferred_backup_window": "02:00-03:00",
            "preferred_maintenance_window": "fri:05:28-fri:05:58",
            "promotion_tier": 0,
            "publicly_accessible": false,
            "storage_encrypted": true,
            "tags": {
              "Environment": "dev",
              "ManagedBy": "terraform",
              "Module": "aurora_pgvector",
              "Name": "python-api-dev",
              "Project": "python-api",
              "Terraform": "true"
            },
            "tags_all": {
              "Environment": "dev",
              "ManagedBy": "terraform",
              "Module": "aurora_pgvector",
              "Name": "python-api-dev",
              "Project": "python-api",
              "Terraform": "true"
            },
            "timeouts": null,
            "writer": true
          },
          "sensitive_attributes": [],
          "private": "eyJlMmJmYjczMC1lY2FhLTExZTYtOGY4OC0zNDM2M2JjN2M0YzAiOnsiY3JlYXRlIjo1NDAwMDAwMDAwMDAwLCJkZWxldGUiOjU0MDAwMDAwMDAwMDAsInVwZGF0ZSI6NTQwMDAwMDAwMDAwMH19",
          "dependencies": [
            "module.vectordb.aws_db_subnet_group.aurora",
            "module.vectordb.aws_iam_role.monitoring",
            "module.vectordb.aws_rds_cluster.aurora",
            "module.vectordb.aws_rds_cluster_parameter_group.aurora",
            "module.vectordb.aws_security_group.aurora",
            "module.vpc.aws_subnet.private",
            "module.vpc.aws_vpc.main",
            "module.vpc.data.aws_vpc.existing"
          ]
        }
      ]
    },
    {
      "module": "module.vectordb",
      "mode": "managed",
      "type": "aws_rds_cluster_parameter_group",
      "name": "aurora",
      "provider": "provider[\"registry.terraform.io/hashicorp/aws\"]",
      "instances": [
        {
          "schema_version": 0,
          "attributes": {
            "arn": "arn:aws:rds:eu-west-2:860619597616:cluster-pg:python-api-dev-param-group",
            "description": "Parameter group for Aurora PostgreSQL",
            "family": "aurora-postgresql15",
            "id": "python-api-dev-param-group",
            "name": "python-api-dev-param-group",
            "name_prefix": "",
            "parameter": [
              {
                "apply_method": "pending-reboot",
                "name": "client_encoding",
                "value": "UTF8"
              },
              {
                "apply_method": "pending-reboot",
                "name": "log_min_duration_statement",
                "value": "5000"
              },
              {
                "apply_method": "pending-reboot",
                "name": "max_connections",
                "value": "200"
              },
              {
                "apply_method": "pending-reboot",
                "name": "pgaudit.log",
                "value": "none"
              },
              {
                "apply_method": "pending-reboot",
                "name": "shared_buffers",
                "value": "262144"
              },
              {
                "apply_method": "pending-reboot",
                "name": "shared_preload_libraries",
                "value": "pg_stat_statements,pg_hint_plan"
              },
              {
                "apply_method": "pending-reboot",
                "name": "wal_sender_timeout",
                "value": "0"
              }
            ],
            "tags": {
              "Environment": "dev",
              "ManagedBy": "terraform",
              "Module": "aurora_pgvector",
              "Name": "python-api-dev",
              "Project": "python-api",
              "Terraform": "true"
            },
            "tags_all": {
              "Environment": "dev",
              "ManagedBy": "terraform",
              "Module": "aurora_pgvector",
              "Name": "python-api-dev",
              "Project": "python-api",
              "Terraform": "true"
            }
          },
          "sensitive_attributes": [],
          "private": "bnVsbA=="
        }
      ]
    },
    {
      "module": "module.vectordb",
      "mode": "managed",
      "type": "aws_s3_object",
      "name": "init_script",
      "provider": "provider[\"registry.terraform.io/hashicorp/aws\"]",
      "instances": [
        {
          "index_key": 0,
          "schema_version": 0,
          "attributes": {
            "acl": "private",
            "bucket": "python-api-dev-initialization",
            "bucket_key_enabled": false,
            "cache_control": "",
            "content": "-- Init script for Django todo list database\n-- This SQL initializes the tables and permissions needed for the Django todo application\n\n-- Check if pgvector extension is available\nDO $$ \nBEGIN\n    IF EXISTS (\n        SELECT 1 FROM pg_available_extensions WHERE name = 'pgvector'\n    ) THEN\n        EXECUTE 'CREATE EXTENSION IF NOT EXISTS pgvector';\n    ELSE\n        RAISE NOTICE 'pgvector extension is not available on this RDS instance. Vector operations will not be available.';\n    END IF;\nEND $$;\n\n-- Create user table if Django's auth will be used\nDO $$ \nBEGIN\n    IF NOT EXISTS (\n        SELECT FROM pg_catalog.pg_tables\n        WHERE schemaname = 'public'\n        AND tablename = 'auth_user'\n    ) THEN\n        RAISE NOTICE 'Django auth_user table will be created by Django migrations';\n    END IF;\nEND $$;\n\n-- Create todos table if Django migrations haven't run yet\nDO $$ \nBEGIN\n    IF NOT EXISTS (\n        SELECT FROM pg_catalog.pg_tables\n        WHERE schemaname = 'public'\n        AND tablename = 'todo_app_todo'\n    ) THEN\n        CREATE TABLE todo_app_todo (\n            id UUID PRIMARY KEY,\n            title VARCHAR(100) NOT NULL,\n            description TEXT,\n            completed BOOLEAN NOT NULL DEFAULT FALSE,\n            due_date TIMESTAMP WITH TIME ZONE,\n            created_at TIMESTAMP WITH TIME ZONE NOT NULL DEFAULT CURRENT_TIMESTAMP,\n            updated_at TIMESTAMP WITH TIME ZONE NOT NULL DEFAULT CURRENT_TIMESTAMP\n        );\n\n        -- Indexes\n        CREATE INDEX idx_todo_app_todo_completed ON todo_app_todo(completed);\n        CREATE INDEX idx_todo_app_todo_due_date ON todo_app_todo(due_date);\n        \n        -- Insert sample data\n        INSERT INTO todo_app_todo (id, title, description, completed, due_date)\n        VALUES \n            (gen_random_uuid(), 'Set up Aurora database', 'Configure and deploy Aurora PostgreSQL', TRUE, CURRENT_TIMESTAMP - INTERVAL '2 day'),\n            (gen_random_uuid(), 'Create Django todo app', 'Implement RESTful API endpoints for todo management', TRUE, CURRENT_TIMESTAMP - INTERVAL '1 day'),\n            (gen_random_uuid(), 'Test database connectivity', 'Verify the Django application can connect to Aurora DB', FALSE, CURRENT_TIMESTAMP + INTERVAL '1 day'),\n            (gen_random_uuid(), 'Deploy to production', 'Deploy the Django todo list application to production environment', FALSE, CURRENT_TIMESTAMP + INTERVAL '7 day');\n    ELSE\n        RAISE NOTICE 'Django todo_app_todo table already exists';\n    END IF;\nEND $$;\n\n-- Grant permissions\nDO $$ \nBEGIN\n    EXECUTE format('GRANT ALL PRIVILEGES ON ALL TABLES IN SCHEMA public TO %I', current_user);\n    EXECUTE format('GRANT ALL PRIVILEGES ON ALL SEQUENCES IN SCHEMA public TO %I', current_user);\nEND $$;\n\n-- Create function to automatically update the updated_at timestamp\nCREATE OR REPLACE FUNCTION update_updated_at_column()\nRETURNS TRIGGER AS $$\nBEGIN\n    NEW.updated_at = CURRENT_TIMESTAMP;\n    RETURN NEW;\nEND;\n$$ LANGUAGE plpgsql;\n\n-- Create trigger for the todo_app_todo table if it exists\nDO $$ \nBEGIN\n    IF EXISTS (\n        SELECT FROM pg_catalog.pg_tables\n        WHERE schemaname = 'public'\n        AND tablename = 'todo_app_todo'\n    ) AND NOT EXISTS (\n        SELECT FROM pg_trigger\n        WHERE tgname = 'update_todo_app_todo_updated_at'\n    ) THEN\n        CREATE TRIGGER update_todo_app_todo_updated_at\n        BEFORE UPDATE ON todo_app_todo\n        FOR EACH ROW\n        EXECUTE FUNCTION update_updated_at_column();\n    END IF;\nEND $$;\n\n-- Add permissions for pgvector\nALTER DEFAULT PRIVILEGES IN SCHEMA public GRANT ALL ON TABLES TO PUBLIC;\nALTER DEFAULT PRIVILEGES IN SCHEMA public GRANT ALL ON SEQUENCES TO PUBLIC;",
            "content_base64": null,
            "content_disposition": "",
            "content_encoding": "",
            "content_language": "",
            "content_type": "binary/octet-stream",
            "etag": "790ef44de1ec82ccddb8b4a91abebb37",
            "force_destroy": false,
            "id": "python-api-dev/init.sql",
            "key": "python-api-dev/init.sql",
            "kms_key_id": null,
            "metadata": {},
            "object_lock_legal_hold_status": "",
            "object_lock_mode": "",
            "object_lock_retain_until_date": "",
            "server_side_encryption": "AES256",
            "source": null,
            "source_hash": null,
            "storage_class": "STANDARD",
            "tags": {},
            "tags_all": {},
            "version_id": "tGm4h1ImAEEX__DcY6EDhgABTInE0Vlb",
            "website_redirect": ""
          },
          "sensitive_attributes": [],
          "private": "bnVsbA==",
          "dependencies": [
            "module.initialization_bucket.aws_s3_bucket.this"
          ]
        }
      ]
    },
    {
      "module": "module.vectordb",
      "mode": "managed",
      "type": "aws_security_group",
      "name": "aurora",
      "provider": "provider[\"registry.terraform.io/hashicorp/aws\"]",
      "instances": [
        {
          "schema_version": 1,
          "attributes": {
            "arn": "arn:aws:ec2:eu-west-2:860619597616:security-group/sg-0cbdb825937acf748",
            "description": "Security group for Aurora PostgreSQL",
            "egress": [
              {
                "cidr_blocks": [
                  "0.0.0.0/0"
                ],
                "description": "",
                "from_port": 0,
                "ipv6_cidr_blocks": [],
                "prefix_list_ids": [],
                "protocol": "-1",
                "security_groups": [],
                "self": false,
                "to_port": 0
              }
            ],
            "id": "sg-0cbdb825937acf748",
            "ingress": [
              {
                "cidr_blocks": [],
                "description": "Allow PostgreSQL from security group sg-07221fbbf551c8172",
                "from_port": 5432,
                "ipv6_cidr_blocks": [],
                "prefix_list_ids": [],
                "protocol": "tcp",
                "security_groups": [
                  "sg-07221fbbf551c8172"
                ],
                "self": false,
                "to_port": 5432
              }
            ],
            "name": "python-api-dev-aurora-sg",
            "name_prefix": "",
            "owner_id": "860619597616",
            "revoke_rules_on_delete": false,
            "tags": {
              "Environment": "dev",
              "ManagedBy": "terraform",
              "Module": "aurora_pgvector",
              "Name": "python-api-dev",
              "Project": "python-api",
              "Terraform": "true"
            },
            "tags_all": {
              "Environment": "dev",
              "ManagedBy": "terraform",
              "Module": "aurora_pgvector",
              "Name": "python-api-dev",
              "Project": "python-api",
              "Terraform": "true"
            },
            "timeouts": null,
            "vpc_id": "vpc-04e87621713e56f3e"
          },
          "sensitive_attributes": [],
          "private": "eyJlMmJmYjczMC1lY2FhLTExZTYtOGY4OC0zNDM2M2JjN2M0YzAiOnsiY3JlYXRlIjo2MDAwMDAwMDAwMDAsImRlbGV0ZSI6OTAwMDAwMDAwMDAwfSwic2NoZW1hX3ZlcnNpb24iOiIxIn0=",
          "dependencies": [
            "module.vpc.aws_vpc.main",
            "module.vpc.data.aws_vpc.existing"
          ]
        }
      ]
    },
    {
      "module": "module.vectordb",
      "mode": "managed",
      "type": "aws_security_group_rule",
      "name": "aurora_ingress_sg",
      "provider": "provider[\"registry.terraform.io/hashicorp/aws\"]",
      "instances": [
        {
          "index_key": 0,
          "schema_version": 2,
          "attributes": {
            "cidr_blocks": null,
            "description": "Allow PostgreSQL from security group sg-07221fbbf551c8172",
            "from_port": 5432,
            "id": "sgrule-3017826037",
            "ipv6_cidr_blocks": null,
            "prefix_list_ids": null,
            "protocol": "tcp",
            "security_group_id": "sg-0cbdb825937acf748",
            "security_group_rule_id": "sgr-0a09d81f0b98346b4",
            "self": false,
            "source_security_group_id": "sg-07221fbbf551c8172",
            "timeouts": null,
            "to_port": 5432,
            "type": "ingress"
          },
          "sensitive_attributes": [],
          "private": "eyJlMmJmYjczMC1lY2FhLTExZTYtOGY4OC0zNDM2M2JjN2M0YzAiOnsiY3JlYXRlIjozMDAwMDAwMDAwMDB9LCJzY2hlbWFfdmVyc2lvbiI6IjIifQ==",
          "dependencies": [
            "aws_security_group.db_access",
            "module.vectordb.aws_security_group.aurora",
            "module.vpc.aws_vpc.main",
            "module.vpc.data.aws_vpc.existing"
          ]
        }
      ]
    },
    {
      "module": "module.vpc",
      "mode": "managed",
      "type": "aws_eip",
      "name": "nat",
      "provider": "provider[\"registry.terraform.io/hashicorp/aws\"]",
      "instances": [
        {
          "index_key": 0,
          "schema_version": 0,
          "attributes": {
            "address": null,
            "allocation_id": "eipalloc-0302981937b9523e0",
            "associate_with_private_ip": null,
            "association_id": "eipassoc-0332dc3dc88410f19",
            "carrier_ip": "",
            "customer_owned_ip": "",
            "customer_owned_ipv4_pool": "",
            "domain": "vpc",
            "id": "eipalloc-0302981937b9523e0",
            "instance": "",
            "network_border_group": "eu-west-2",
            "network_interface": "eni-04c166a368870ba31",
            "private_dns": "ip-10-0-101-92.eu-west-2.compute.internal",
            "private_ip": "10.0.101.92",
            "public_dns": "ec2-18-168-190-206.eu-west-2.compute.amazonaws.com",
            "public_ip": "18.168.190.206",
            "public_ipv4_pool": "amazon",
            "tags": {
              "Environment": "dev",
              "ManagedBy": "terraform",
              "Name": "python-api-dev-eip-1",
              "Project": "python-api"
            },
            "tags_all": {
              "Environment": "dev",
              "ManagedBy": "terraform",
              "Name": "python-api-dev-eip-1",
              "Project": "python-api"
            },
            "timeouts": null,
            "vpc": true
          },
          "sensitive_attributes": [],
          "private": "eyJlMmJmYjczMC1lY2FhLTExZTYtOGY4OC0zNDM2M2JjN2M0YzAiOnsiZGVsZXRlIjoxODAwMDAwMDAwMDAsInJlYWQiOjkwMDAwMDAwMDAwMCwidXBkYXRlIjozMDAwMDAwMDAwMDB9fQ==",
          "dependencies": [
            "module.vpc.aws_internet_gateway.igw",
            "module.vpc.aws_vpc.main",
            "module.vpc.data.aws_vpc.existing"
          ]
        }
      ]
    },
    {
      "module": "module.vpc",
      "mode": "managed",
      "type": "aws_internet_gateway",
      "name": "igw",
      "provider": "provider[\"registry.terraform.io/hashicorp/aws\"]",
      "instances": [
        {
          "index_key": 0,
          "schema_version": 0,
          "attributes": {
            "arn": "arn:aws:ec2:eu-west-2:860619597616:internet-gateway/igw-093b3116237dd414c",
            "id": "igw-093b3116237dd414c",
            "owner_id": "860619597616",
            "tags": {
              "Environment": "dev",
              "ManagedBy": "terraform",
              "Name": "python-api-dev-igw",
              "Project": "python-api"
            },
            "tags_all": {
              "Environment": "dev",
              "ManagedBy": "terraform",
              "Name": "python-api-dev-igw",
              "Project": "python-api"
            },
            "timeouts": null,
            "vpc_id": "vpc-04e87621713e56f3e"
          },
          "sensitive_attributes": [],
          "private": "eyJlMmJmYjczMC1lY2FhLTExZTYtOGY4OC0zNDM2M2JjN2M0YzAiOnsiY3JlYXRlIjoxMjAwMDAwMDAwMDAwLCJkZWxldGUiOjEyMDAwMDAwMDAwMDAsInVwZGF0ZSI6MTIwMDAwMDAwMDAwMH19",
          "dependencies": [
            "module.vpc.aws_vpc.main",
            "module.vpc.data.aws_vpc.existing"
          ]
        }
      ]
    },
    {
      "module": "module.vpc",
      "mode": "managed",
      "type": "aws_nat_gateway",
      "name": "nat",
      "provider": "provider[\"registry.terraform.io/hashicorp/aws\"]",
      "instances": [
        {
          "index_key": 0,
          "schema_version": 0,
          "attributes": {
            "allocation_id": "eipalloc-0302981937b9523e0",
            "association_id": "eipassoc-0332dc3dc88410f19",
            "connectivity_type": "public",
            "id": "nat-003443485dd316772",
            "network_interface_id": "eni-04c166a368870ba31",
            "private_ip": "10.0.101.92",
            "public_ip": "18.168.190.206",
            "subnet_id": "subnet-09c66b1207c1e852e",
            "tags": {
              "Environment": "dev",
              "ManagedBy": "terraform",
              "Name": "python-api-dev-nat-1",
              "Project": "python-api"
            },
            "tags_all": {
              "Environment": "dev",
              "ManagedBy": "terraform",
              "Name": "python-api-dev-nat-1",
              "Project": "python-api"
            }
          },
          "sensitive_attributes": [],
          "private": "bnVsbA==",
          "dependencies": [
            "module.vpc.aws_eip.nat",
            "module.vpc.aws_internet_gateway.igw",
            "module.vpc.aws_subnet.public",
            "module.vpc.aws_vpc.main",
            "module.vpc.data.aws_vpc.existing"
          ]
        }
      ]
    },
    {
      "module": "module.vpc",
      "mode": "managed",
      "type": "aws_route_table",
      "name": "private",
      "provider": "provider[\"registry.terraform.io/hashicorp/aws\"]",
      "instances": [
        {
          "index_key": 0,
          "schema_version": 0,
          "attributes": {
            "arn": "arn:aws:ec2:eu-west-2:860619597616:route-table/rtb-0990500379e14c1e9",
            "id": "rtb-0990500379e14c1e9",
            "owner_id": "860619597616",
            "propagating_vgws": [],
            "route": [
              {
                "carrier_gateway_id": "",
                "cidr_block": "0.0.0.0/0",
                "core_network_arn": "",
                "destination_prefix_list_id": "",
                "egress_only_gateway_id": "",
                "gateway_id": "",
                "instance_id": "",
                "ipv6_cidr_block": "",
                "local_gateway_id": "",
                "nat_gateway_id": "nat-003443485dd316772",
                "network_interface_id": "",
                "transit_gateway_id": "",
                "vpc_endpoint_id": "",
                "vpc_peering_connection_id": ""
              }
            ],
            "tags": {
              "Environment": "dev",
              "ManagedBy": "terraform",
              "Name": "python-api-dev-private-rt-1",
              "Project": "python-api"
            },
            "tags_all": {
              "Environment": "dev",
              "ManagedBy": "terraform",
              "Name": "python-api-dev-private-rt-1",
              "Project": "python-api"
            },
            "timeouts": null,
            "vpc_id": "vpc-04e87621713e56f3e"
          },
          "sensitive_attributes": [],
          "private": "eyJlMmJmYjczMC1lY2FhLTExZTYtOGY4OC0zNDM2M2JjN2M0YzAiOnsiY3JlYXRlIjozMDAwMDAwMDAwMDAsImRlbGV0ZSI6MzAwMDAwMDAwMDAwLCJ1cGRhdGUiOjEyMDAwMDAwMDAwMH19",
          "dependencies": [
            "module.vpc.aws_eip.nat",
            "module.vpc.aws_internet_gateway.igw",
            "module.vpc.aws_nat_gateway.nat",
            "module.vpc.aws_subnet.public",
            "module.vpc.aws_vpc.main",
            "module.vpc.data.aws_vpc.existing"
          ]
        }
      ]
    },
    {
      "module": "module.vpc",
      "mode": "managed",
      "type": "aws_route_table",
      "name": "public",
      "provider": "provider[\"registry.terraform.io/hashicorp/aws\"]",
      "instances": [
        {
          "index_key": 0,
          "schema_version": 0,
          "attributes": {
            "arn": "arn:aws:ec2:eu-west-2:860619597616:route-table/rtb-0eed69314a360e18a",
            "id": "rtb-0eed69314a360e18a",
            "owner_id": "860619597616",
            "propagating_vgws": [],
            "route": [
              {
                "carrier_gateway_id": "",
                "cidr_block": "0.0.0.0/0",
                "core_network_arn": "",
                "destination_prefix_list_id": "",
                "egress_only_gateway_id": "",
                "gateway_id": "igw-093b3116237dd414c",
                "instance_id": "",
                "ipv6_cidr_block": "",
                "local_gateway_id": "",
                "nat_gateway_id": "",
                "network_interface_id": "",
                "transit_gateway_id": "",
                "vpc_endpoint_id": "",
                "vpc_peering_connection_id": ""
              }
            ],
            "tags": {
              "Environment": "dev",
              "ManagedBy": "terraform",
              "Name": "python-api-dev-public-rt",
              "Project": "python-api"
            },
            "tags_all": {
              "Environment": "dev",
              "ManagedBy": "terraform",
              "Name": "python-api-dev-public-rt",
              "Project": "python-api"
            },
            "timeouts": null,
            "vpc_id": "vpc-04e87621713e56f3e"
          },
          "sensitive_attributes": [],
          "private": "eyJlMmJmYjczMC1lY2FhLTExZTYtOGY4OC0zNDM2M2JjN2M0YzAiOnsiY3JlYXRlIjozMDAwMDAwMDAwMDAsImRlbGV0ZSI6MzAwMDAwMDAwMDAwLCJ1cGRhdGUiOjEyMDAwMDAwMDAwMH19",
          "dependencies": [
            "module.vpc.aws_internet_gateway.igw",
            "module.vpc.aws_vpc.main",
            "module.vpc.data.aws_vpc.existing"
          ]
        }
      ]
    },
    {
      "module": "module.vpc",
      "mode": "managed",
      "type": "aws_route_table_association",
      "name": "private",
      "provider": "provider[\"registry.terraform.io/hashicorp/aws\"]",
      "instances": [
        {
          "index_key": 0,
          "schema_version": 0,
          "attributes": {
            "gateway_id": "",
            "id": "rtbassoc-0f54cfb8e1968a947",
            "route_table_id": "rtb-0990500379e14c1e9",
            "subnet_id": "subnet-0767aa7471127ce6f",
            "timeouts": null
          },
          "sensitive_attributes": [],
          "private": "eyJlMmJmYjczMC1lY2FhLTExZTYtOGY4OC0zNDM2M2JjN2M0YzAiOnsiY3JlYXRlIjozMDAwMDAwMDAwMDAsImRlbGV0ZSI6MzAwMDAwMDAwMDAwLCJ1cGRhdGUiOjEyMDAwMDAwMDAwMH19",
          "dependencies": [
            "module.vpc.aws_eip.nat",
            "module.vpc.aws_internet_gateway.igw",
            "module.vpc.aws_nat_gateway.nat",
            "module.vpc.aws_route_table.private",
            "module.vpc.aws_subnet.private",
            "module.vpc.aws_subnet.public",
            "module.vpc.aws_vpc.main",
            "module.vpc.data.aws_vpc.existing"
          ]
        },
        {
          "index_key": 1,
          "schema_version": 0,
          "attributes": {
            "gateway_id": "",
            "id": "rtbassoc-02d78ed3fd7ef1e18",
            "route_table_id": "rtb-0990500379e14c1e9",
            "subnet_id": "subnet-0f36addf0c84de81f",
            "timeouts": null
          },
          "sensitive_attributes": [],
          "private": "eyJlMmJmYjczMC1lY2FhLTExZTYtOGY4OC0zNDM2M2JjN2M0YzAiOnsiY3JlYXRlIjozMDAwMDAwMDAwMDAsImRlbGV0ZSI6MzAwMDAwMDAwMDAwLCJ1cGRhdGUiOjEyMDAwMDAwMDAwMH19",
          "dependencies": [
            "module.vpc.aws_eip.nat",
            "module.vpc.aws_internet_gateway.igw",
            "module.vpc.aws_nat_gateway.nat",
            "module.vpc.aws_route_table.private",
            "module.vpc.aws_subnet.private",
            "module.vpc.aws_subnet.public",
            "module.vpc.aws_vpc.main",
            "module.vpc.data.aws_vpc.existing"
          ]
        }
      ]
    },
    {
      "module": "module.vpc",
      "mode": "managed",
      "type": "aws_route_table_association",
      "name": "public",
      "provider": "provider[\"registry.terraform.io/hashicorp/aws\"]",
      "instances": [
        {
          "index_key": 0,
          "schema_version": 0,
          "attributes": {
            "gateway_id": "",
            "id": "rtbassoc-08b05e558c11093bc",
            "route_table_id": "rtb-0eed69314a360e18a",
            "subnet_id": "subnet-09c66b1207c1e852e",
            "timeouts": null
          },
          "sensitive_attributes": [],
          "private": "eyJlMmJmYjczMC1lY2FhLTExZTYtOGY4OC0zNDM2M2JjN2M0YzAiOnsiY3JlYXRlIjozMDAwMDAwMDAwMDAsImRlbGV0ZSI6MzAwMDAwMDAwMDAwLCJ1cGRhdGUiOjEyMDAwMDAwMDAwMH19",
          "dependencies": [
            "module.vpc.aws_internet_gateway.igw",
            "module.vpc.aws_route_table.public",
            "module.vpc.aws_subnet.public",
            "module.vpc.aws_vpc.main",
            "module.vpc.data.aws_vpc.existing"
          ]
        },
        {
          "index_key": 1,
          "schema_version": 0,
          "attributes": {
            "gateway_id": "",
            "id": "rtbassoc-023933c997a457f87",
            "route_table_id": "rtb-0eed69314a360e18a",
            "subnet_id": "subnet-0dd5ca0030a4c3e26",
            "timeouts": null
          },
          "sensitive_attributes": [],
          "private": "eyJlMmJmYjczMC1lY2FhLTExZTYtOGY4OC0zNDM2M2JjN2M0YzAiOnsiY3JlYXRlIjozMDAwMDAwMDAwMDAsImRlbGV0ZSI6MzAwMDAwMDAwMDAwLCJ1cGRhdGUiOjEyMDAwMDAwMDAwMH19",
          "dependencies": [
            "module.vpc.aws_internet_gateway.igw",
            "module.vpc.aws_route_table.public",
            "module.vpc.aws_subnet.public",
            "module.vpc.aws_vpc.main",
            "module.vpc.data.aws_vpc.existing"
          ]
        }
      ]
    },
    {
      "module": "module.vpc",
      "mode": "managed",
      "type": "aws_subnet",
      "name": "private",
      "provider": "provider[\"registry.terraform.io/hashicorp/aws\"]",
      "instances": [
        {
          "index_key": 0,
          "schema_version": 1,
          "attributes": {
            "arn": "arn:aws:ec2:eu-west-2:860619597616:subnet/subnet-0767aa7471127ce6f",
            "assign_ipv6_address_on_creation": false,
            "availability_zone": "eu-west-2a",
            "availability_zone_id": "euw2-az2",
            "cidr_block": "10.0.1.0/24",
            "customer_owned_ipv4_pool": "",
            "enable_dns64": false,
            "enable_lni_at_device_index": 0,
            "enable_resource_name_dns_a_record_on_launch": false,
            "enable_resource_name_dns_aaaa_record_on_launch": false,
            "id": "subnet-0767aa7471127ce6f",
            "ipv6_cidr_block": "",
            "ipv6_cidr_block_association_id": "",
            "ipv6_native": false,
            "map_customer_owned_ip_on_launch": false,
            "map_public_ip_on_launch": false,
            "outpost_arn": "",
            "owner_id": "860619597616",
            "private_dns_hostname_type_on_launch": "ip-name",
            "tags": {
              "Environment": "dev",
              "ManagedBy": "terraform",
              "Name": "python-api-dev-private-subnet-eu-west-2a",
              "Project": "python-api",
              "Tier": "Private"
            },
            "tags_all": {
              "Environment": "dev",
              "ManagedBy": "terraform",
              "Name": "python-api-dev-private-subnet-eu-west-2a",
              "Project": "python-api",
              "Tier": "Private"
            },
            "timeouts": null,
            "vpc_id": "vpc-04e87621713e56f3e"
          },
          "sensitive_attributes": [],
          "private": "eyJlMmJmYjczMC1lY2FhLTExZTYtOGY4OC0zNDM2M2JjN2M0YzAiOnsiY3JlYXRlIjo2MDAwMDAwMDAwMDAsImRlbGV0ZSI6MTIwMDAwMDAwMDAwMH0sInNjaGVtYV92ZXJzaW9uIjoiMSJ9",
          "dependencies": [
            "module.vpc.aws_vpc.main",
            "module.vpc.data.aws_vpc.existing"
          ]
        },
        {
          "index_key": 1,
          "schema_version": 1,
          "attributes": {
            "arn": "arn:aws:ec2:eu-west-2:860619597616:subnet/subnet-0f36addf0c84de81f",
            "assign_ipv6_address_on_creation": false,
            "availability_zone": "eu-west-2b",
            "availability_zone_id": "euw2-az3",
            "cidr_block": "10.0.2.0/24",
            "customer_owned_ipv4_pool": "",
            "enable_dns64": false,
            "enable_lni_at_device_index": 0,
            "enable_resource_name_dns_a_record_on_launch": false,
            "enable_resource_name_dns_aaaa_record_on_launch": false,
            "id": "subnet-0f36addf0c84de81f",
            "ipv6_cidr_block": "",
            "ipv6_cidr_block_association_id": "",
            "ipv6_native": false,
            "map_customer_owned_ip_on_launch": false,
            "map_public_ip_on_launch": false,
            "outpost_arn": "",
            "owner_id": "860619597616",
            "private_dns_hostname_type_on_launch": "ip-name",
            "tags": {
              "Environment": "dev",
              "ManagedBy": "terraform",
              "Name": "python-api-dev-private-subnet-eu-west-2b",
              "Project": "python-api",
              "Tier": "Private"
            },
            "tags_all": {
              "Environment": "dev",
              "ManagedBy": "terraform",
              "Name": "python-api-dev-private-subnet-eu-west-2b",
              "Project": "python-api",
              "Tier": "Private"
            },
            "timeouts": null,
            "vpc_id": "vpc-04e87621713e56f3e"
          },
          "sensitive_attributes": [],
          "private": "eyJlMmJmYjczMC1lY2FhLTExZTYtOGY4OC0zNDM2M2JjN2M0YzAiOnsiY3JlYXRlIjo2MDAwMDAwMDAwMDAsImRlbGV0ZSI6MTIwMDAwMDAwMDAwMH0sInNjaGVtYV92ZXJzaW9uIjoiMSJ9",
          "dependencies": [
            "module.vpc.aws_vpc.main",
            "module.vpc.data.aws_vpc.existing"
          ]
        }
      ]
    },
    {
      "module": "module.vpc",
      "mode": "managed",
      "type": "aws_subnet",
      "name": "public",
      "provider": "provider[\"registry.terraform.io/hashicorp/aws\"]",
      "instances": [
        {
          "index_key": 0,
          "schema_version": 1,
          "attributes": {
            "arn": "arn:aws:ec2:eu-west-2:860619597616:subnet/subnet-09c66b1207c1e852e",
            "assign_ipv6_address_on_creation": false,
            "availability_zone": "eu-west-2a",
            "availability_zone_id": "euw2-az2",
            "cidr_block": "10.0.101.0/24",
            "customer_owned_ipv4_pool": "",
            "enable_dns64": false,
            "enable_lni_at_device_index": 0,
            "enable_resource_name_dns_a_record_on_launch": false,
            "enable_resource_name_dns_aaaa_record_on_launch": false,
            "id": "subnet-09c66b1207c1e852e",
            "ipv6_cidr_block": "",
            "ipv6_cidr_block_association_id": "",
            "ipv6_native": false,
            "map_customer_owned_ip_on_launch": false,
            "map_public_ip_on_launch": true,
            "outpost_arn": "",
            "owner_id": "860619597616",
            "private_dns_hostname_type_on_launch": "ip-name",
            "tags": {
              "Environment": "dev",
              "ManagedBy": "terraform",
              "Name": "python-api-dev-public-subnet-eu-west-2a",
              "Project": "python-api",
              "Tier": "Public"
            },
            "tags_all": {
              "Environment": "dev",
              "ManagedBy": "terraform",
              "Name": "python-api-dev-public-subnet-eu-west-2a",
              "Project": "python-api",
              "Tier": "Public"
            },
            "timeouts": null,
            "vpc_id": "vpc-04e87621713e56f3e"
          },
          "sensitive_attributes": [],
          "private": "eyJlMmJmYjczMC1lY2FhLTExZTYtOGY4OC0zNDM2M2JjN2M0YzAiOnsiY3JlYXRlIjo2MDAwMDAwMDAwMDAsImRlbGV0ZSI6MTIwMDAwMDAwMDAwMH0sInNjaGVtYV92ZXJzaW9uIjoiMSJ9",
          "dependencies": [
            "module.vpc.aws_vpc.main",
            "module.vpc.data.aws_vpc.existing"
          ]
        },
        {
          "index_key": 1,
          "schema_version": 1,
          "attributes": {
            "arn": "arn:aws:ec2:eu-west-2:860619597616:subnet/subnet-0dd5ca0030a4c3e26",
            "assign_ipv6_address_on_creation": false,
            "availability_zone": "eu-west-2b",
            "availability_zone_id": "euw2-az3",
            "cidr_block": "10.0.102.0/24",
            "customer_owned_ipv4_pool": "",
            "enable_dns64": false,
            "enable_lni_at_device_index": 0,
            "enable_resource_name_dns_a_record_on_launch": false,
            "enable_resource_name_dns_aaaa_record_on_launch": false,
            "id": "subnet-0dd5ca0030a4c3e26",
            "ipv6_cidr_block": "",
            "ipv6_cidr_block_association_id": "",
            "ipv6_native": false,
            "map_customer_owned_ip_on_launch": false,
            "map_public_ip_on_launch": true,
            "outpost_arn": "",
            "owner_id": "860619597616",
            "private_dns_hostname_type_on_launch": "ip-name",
            "tags": {
              "Environment": "dev",
              "ManagedBy": "terraform",
              "Name": "python-api-dev-public-subnet-eu-west-2b",
              "Project": "python-api",
              "Tier": "Public"
            },
            "tags_all": {
              "Environment": "dev",
              "ManagedBy": "terraform",
              "Name": "python-api-dev-public-subnet-eu-west-2b",
              "Project": "python-api",
              "Tier": "Public"
            },
            "timeouts": null,
            "vpc_id": "vpc-04e87621713e56f3e"
          },
          "sensitive_attributes": [],
          "private": "eyJlMmJmYjczMC1lY2FhLTExZTYtOGY4OC0zNDM2M2JjN2M0YzAiOnsiY3JlYXRlIjo2MDAwMDAwMDAwMDAsImRlbGV0ZSI6MTIwMDAwMDAwMDAwMH0sInNjaGVtYV92ZXJzaW9uIjoiMSJ9",
          "dependencies": [
            "module.vpc.aws_vpc.main",
            "module.vpc.data.aws_vpc.existing"
          ]
        }
      ]
    },
    {
      "module": "module.vpc",
      "mode": "managed",
      "type": "aws_vpc",
      "name": "main",
      "provider": "provider[\"registry.terraform.io/hashicorp/aws\"]",
      "instances": [
        {
          "index_key": 0,
          "schema_version": 1,
          "attributes": {
            "arn": "arn:aws:ec2:eu-west-2:860619597616:vpc/vpc-04e87621713e56f3e",
            "assign_generated_ipv6_cidr_block": false,
            "cidr_block": "10.0.0.0/16",
            "default_network_acl_id": "acl-0316a581976c0a94b",
            "default_route_table_id": "rtb-02a072a27fbf3bd54",
            "default_security_group_id": "sg-0fb434ced48c90360",
            "dhcp_options_id": "dopt-818da0e9",
            "enable_classiclink": false,
            "enable_classiclink_dns_support": false,
            "enable_dns_hostnames": true,
            "enable_dns_support": true,
            "enable_network_address_usage_metrics": false,
            "id": "vpc-04e87621713e56f3e",
            "instance_tenancy": "default",
            "ipv4_ipam_pool_id": null,
            "ipv4_netmask_length": null,
            "ipv6_association_id": "",
            "ipv6_cidr_block": "",
            "ipv6_cidr_block_network_border_group": "",
            "ipv6_ipam_pool_id": "",
            "ipv6_netmask_length": 0,
            "main_route_table_id": "rtb-02a072a27fbf3bd54",
            "owner_id": "860619597616",
            "tags": {
              "Environment": "dev",
              "ManagedBy": "terraform",
              "Name": "python-api-dev-vpc",
              "Project": "python-api"
            },
            "tags_all": {
              "Environment": "dev",
              "ManagedBy": "terraform",
              "Name": "python-api-dev-vpc",
              "Project": "python-api"
            }
          },
          "sensitive_attributes": [],
          "private": "eyJzY2hlbWFfdmVyc2lvbiI6IjEifQ==",
          "create_before_destroy": true
        }
      ]
    }
  ],
  "check_results": null
}
