{
  "version": 4,
  "terraform_version": "1.5.7",
  "serial": 1271,
  "lineage": "22ed16ad-8673-b2a3-9190-c26de1a44c13",
  "outputs": {},
  "resources": [
    {
      "mode": "managed",
      "type": "aws_elasticache_subnet_group",
      "name": "main",
      "provider": "provider[\"registry.terraform.io/hashicorp/aws\"]",
      "instances": [
        {
          "schema_version": 0,
          "attributes": {
            "arn": "arn:aws:elasticache:eu-west-2:860619597616:subnetgroup:celery-redis-subnet-group",
            "description": "Managed by Terraform",
            "id": "celery-redis-subnet-group",
            "name": "celery-redis-subnet-group",
            "subnet_ids": [
              "subnet-03b2c9706c9720c87",
              "subnet-0418ea53d89427771"
            ],
            "tags": {},
            "tags_all": {}
          },
          "sensitive_attributes": [],
          "private": "bnVsbA==",
          "dependencies": [
            "module.vpc.aws_subnet.private",
            "module.vpc.aws_vpc.main"
          ]
        }
      ]
    },
    {
      "mode": "managed",
      "type": "aws_security_group",
      "name": "redis",
      "provider": "provider[\"registry.terraform.io/hashicorp/aws\"]",
      "instances": [
        {
          "schema_version": 1,
          "attributes": {
            "arn": "arn:aws:ec2:eu-west-2:860619597616:security-group/sg-04a15c7f8f4119bc3",
            "description": "Managed by Terraform",
            "egress": [],
            "id": "sg-04a15c7f8f4119bc3",
            "ingress": [
              {
                "cidr_blocks": [
                  "10.0.0.0/16"
                ],
                "description": "",
                "from_port": 6380,
                "ipv6_cidr_blocks": [],
                "prefix_list_ids": [],
                "protocol": "tcp",
                "security_groups": [],
                "self": false,
                "to_port": 6380
              }
            ],
            "name": "redis-celery-20250612102946980400000001",
            "name_prefix": "redis-celery-",
            "owner_id": "860619597616",
            "revoke_rules_on_delete": false,
            "tags": {
              "Name": "redis-celery-sg"
            },
            "tags_all": {
              "Name": "redis-celery-sg"
            },
            "timeouts": null,
            "vpc_id": "vpc-01a86667c6282c261"
          },
          "sensitive_attributes": [],
          "private": "eyJlMmJmYjczMC1lY2FhLTExZTYtOGY4OC0zNDM2M2JjN2M0YzAiOnsiY3JlYXRlIjo2MDAwMDAwMDAwMDAsImRlbGV0ZSI6OTAwMDAwMDAwMDAwfSwic2NoZW1hX3ZlcnNpb24iOiIxIn0=",
          "dependencies": [
            "module.vpc.aws_vpc.main"
          ]
        }
      ]
    },
    {
      "mode": "managed",
      "type": "aws_security_group",
      "name": "redis_client",
      "provider": "provider[\"registry.terraform.io/hashicorp/aws\"]",
      "instances": [
        {
          "schema_version": 1,
          "attributes": {
            "arn": "arn:aws:ec2:eu-west-2:860619597616:security-group/sg-03836682e635e0197",
            "description": "Security group for services that need Redis access",
            "egress": [
              {
                "cidr_blocks": [],
                "description": "Allow Redis connections",
                "from_port": 6380,
                "ipv6_cidr_blocks": [],
                "prefix_list_ids": [],
                "protocol": "tcp",
                "security_groups": [
                  "sg-04a15c7f8f4119bc3"
                ],
                "self": false,
                "to_port": 6380
              }
            ],
            "id": "sg-03836682e635e0197",
            "ingress": [],
            "name": "jao-dev-redis-client-20250612143100832700000001",
            "name_prefix": "jao-dev-redis-client-",
            "owner_id": "860619597616",
            "revoke_rules_on_delete": false,
            "tags": {
              "Environment": "dev",
              "ManagedBy": "terraform",
              "Name": "jao-dev-redis-client-sg",
              "Project": "jao"
            },
            "tags_all": {
              "Environment": "dev",
              "ManagedBy": "terraform",
              "Name": "jao-dev-redis-client-sg",
              "Project": "jao"
            },
            "timeouts": null,
            "vpc_id": "vpc-01a86667c6282c261"
          },
          "sensitive_attributes": [],
          "private": "eyJlMmJmYjczMC1lY2FhLTExZTYtOGY4OC0zNDM2M2JjN2M0YzAiOnsiY3JlYXRlIjo2MDAwMDAwMDAwMDAsImRlbGV0ZSI6OTAwMDAwMDAwMDAwfSwic2NoZW1hX3ZlcnNpb24iOiIxIn0=",
          "dependencies": [
            "aws_security_group.redis",
            "module.vpc.aws_vpc.main"
          ]
        }
      ]
    },
    {
      "module": "module.celery_redis",
      "mode": "managed",
      "type": "aws_elasticache_parameter_group",
      "name": "celery_redis",
      "provider": "provider[\"registry.terraform.io/hashicorp/aws\"]",
      "instances": [
        {
          "index_key": 0,
          "schema_version": 0,
          "attributes": {
            "arn": "arn:aws:elasticache:eu-west-2:860619597616:parametergroup:jao-celery-cache-celery-params",
            "description": "Managed by Terraform",
            "family": "redis7",
            "id": "jao-celery-cache-celery-params",
            "name": "jao-celery-cache-celery-params",
            "parameter": [
              {
                "name": "cluster-enabled",
                "value": "yes"
              },
              {
                "name": "maxmemory-policy",
                "value": "allkeys-lru"
              },
              {
                "name": "tcp-keepalive",
                "value": "60"
              },
              {
                "name": "timeout",
                "value": "300"
              }
            ],
            "tags": {
              "Application": "celery",
              "Environment": "production"
            },
            "tags_all": {
              "Application": "celery",
              "Environment": "production"
            }
          },
          "sensitive_attributes": [],
          "private": "bnVsbA=="
        }
      ]
    },
    {
      "module": "module.celery_redis",
      "mode": "managed",
      "type": "aws_elasticache_replication_group",
      "name": "this",
      "provider": "provider[\"registry.terraform.io/hashicorp/aws\"]",
      "instances": [
        {
          "schema_version": 1,
          "attributes": {
            "apply_immediately": null,
            "arn": "arn:aws:elasticache:eu-west-2:860619597616:replicationgroup:jao-celery-cache",
            "at_rest_encryption_enabled": true,
            "auth_token": "",
            "auto_minor_version_upgrade": "true",
            "automatic_failover_enabled": true,
            "availability_zones": null,
            "cluster_enabled": true,
            "cluster_mode": [
              {
                "num_node_groups": 2,
                "replicas_per_node_group": 1
              }
            ],
            "configuration_endpoint_address": "clustercfg.jao-celery-cache.3rwpqo.euw2.cache.amazonaws.com",
            "data_tiering_enabled": false,
            "description": "Celery Redis Backend Replication Group",
            "engine": "redis",
            "engine_version": "7.0",
            "engine_version_actual": "7.0.7",
            "final_snapshot_identifier": null,
            "global_replication_group_id": null,
            "id": "jao-celery-cache",
            "kms_key_id": "",
            "log_delivery_configuration": [],
            "maintenance_window": "sun:05:00-sun:09:00",
            "member_clusters": [
              "jao-celery-cache-0001-001",
              "jao-celery-cache-0001-002",
              "jao-celery-cache-0002-001",
              "jao-celery-cache-0002-002"
            ],
            "multi_az_enabled": false,
            "node_type": "cache.t3.small",
            "notification_topic_arn": null,
            "num_cache_clusters": 4,
            "num_node_groups": 2,
            "number_cache_clusters": 4,
            "parameter_group_name": "jao-celery-cache-celery-params",
            "port": 6380,
            "preferred_cache_cluster_azs": null,
            "primary_endpoint_address": null,
            "reader_endpoint_address": null,
            "replicas_per_node_group": 1,
            "replication_group_description": "Celery Redis Backend Replication Group",
            "replication_group_id": "jao-celery-cache",
            "security_group_ids": [
              "sg-03836682e635e0197"
            ],
            "security_group_names": [],
            "snapshot_arns": null,
            "snapshot_name": null,
            "snapshot_retention_limit": 5,
            "snapshot_window": "03:00-05:00",
            "subnet_group_name": "celery-redis-subnet-group",
            "tags": {},
            "tags_all": {},
            "timeouts": null,
            "transit_encryption_enabled": true,
            "user_group_ids": []
          },
          "sensitive_attributes": [],
          "private": "eyJlMmJmYjczMC1lY2FhLTExZTYtOGY4OC0zNDM2M2JjN2M0YzAiOnsiY3JlYXRlIjozNjAwMDAwMDAwMDAwLCJkZWxldGUiOjI0MDAwMDAwMDAwMDAsInVwZGF0ZSI6MjQwMDAwMDAwMDAwMH0sInNjaGVtYV92ZXJzaW9uIjoiMSJ9",
          "dependencies": [
            "aws_elasticache_subnet_group.main",
            "aws_security_group.redis",
            "aws_security_group.redis_client",
            "module.celery_redis.aws_elasticache_parameter_group.celery_redis",
            "module.vpc.aws_subnet.private",
            "module.vpc.aws_vpc.main"
          ]
        }
      ]
    },
    {
      "module": "module.vpc",
      "mode": "managed",
      "type": "aws_subnet",
      "name": "private",
      "provider": "provider[\"registry.terraform.io/hashicorp/aws\"]",
      "instances": [
        {
          "index_key": 0,
          "schema_version": 1,
          "attributes": {
            "arn": "arn:aws:ec2:eu-west-2:860619597616:subnet/subnet-03b2c9706c9720c87",
            "assign_ipv6_address_on_creation": false,
            "availability_zone": "eu-west-2a",
            "availability_zone_id": "euw2-az2",
            "cidr_block": "10.0.1.0/24",
            "customer_owned_ipv4_pool": "",
            "enable_dns64": false,
            "enable_lni_at_device_index": 0,
            "enable_resource_name_dns_a_record_on_launch": false,
            "enable_resource_name_dns_aaaa_record_on_launch": false,
            "id": "subnet-03b2c9706c9720c87",
            "ipv6_cidr_block": "",
            "ipv6_cidr_block_association_id": "",
            "ipv6_native": false,
            "map_customer_owned_ip_on_launch": false,
            "map_public_ip_on_launch": false,
            "outpost_arn": "",
            "owner_id": "860619597616",
            "private_dns_hostname_type_on_launch": "ip-name",
            "tags": {
              "Environment": "dev",
              "ManagedBy": "terraform",
              "Name": "jao-dev-private-subnet-eu-west-2a",
              "Project": "jao",
              "Tier": "Private"
            },
            "tags_all": {
              "Environment": "dev",
              "ManagedBy": "terraform",
              "Name": "jao-dev-private-subnet-eu-west-2a",
              "Project": "jao",
              "Tier": "Private"
            },
            "timeouts": null,
            "vpc_id": "vpc-01a86667c6282c261"
          },
          "sensitive_attributes": [],
          "private": "eyJlMmJmYjczMC1lY2FhLTExZTYtOGY4OC0zNDM2M2JjN2M0YzAiOnsiY3JlYXRlIjo2MDAwMDAwMDAwMDAsImRlbGV0ZSI6MTIwMDAwMDAwMDAwMH0sInNjaGVtYV92ZXJzaW9uIjoiMSJ9",
          "dependencies": [
            "module.vpc.aws_vpc.main"
          ],
          "create_before_destroy": true
        },
        {
          "index_key": 1,
          "schema_version": 1,
          "attributes": {
            "arn": "arn:aws:ec2:eu-west-2:860619597616:subnet/subnet-0418ea53d89427771",
            "assign_ipv6_address_on_creation": false,
            "availability_zone": "eu-west-2b",
            "availability_zone_id": "euw2-az3",
            "cidr_block": "10.0.2.0/24",
            "customer_owned_ipv4_pool": "",
            "enable_dns64": false,
            "enable_lni_at_device_index": 0,
            "enable_resource_name_dns_a_record_on_launch": false,
            "enable_resource_name_dns_aaaa_record_on_launch": false,
            "id": "subnet-0418ea53d89427771",
            "ipv6_cidr_block": "",
            "ipv6_cidr_block_association_id": "",
            "ipv6_native": false,
            "map_customer_owned_ip_on_launch": false,
            "map_public_ip_on_launch": false,
            "outpost_arn": "",
            "owner_id": "860619597616",
            "private_dns_hostname_type_on_launch": "ip-name",
            "tags": {
              "Environment": "dev",
              "ManagedBy": "terraform",
              "Name": "jao-dev-private-subnet-eu-west-2b",
              "Project": "jao",
              "Tier": "Private"
            },
            "tags_all": {
              "Environment": "dev",
              "ManagedBy": "terraform",
              "Name": "jao-dev-private-subnet-eu-west-2b",
              "Project": "jao",
              "Tier": "Private"
            },
            "timeouts": null,
            "vpc_id": "vpc-01a86667c6282c261"
          },
          "sensitive_attributes": [],
          "private": "eyJlMmJmYjczMC1lY2FhLTExZTYtOGY4OC0zNDM2M2JjN2M0YzAiOnsiY3JlYXRlIjo2MDAwMDAwMDAwMDAsImRlbGV0ZSI6MTIwMDAwMDAwMDAwMH0sInNjaGVtYV92ZXJzaW9uIjoiMSJ9",
          "dependencies": [
            "module.vpc.aws_vpc.main"
          ],
          "create_before_destroy": true
        }
      ]
    },
    {
      "module": "module.vpc",
      "mode": "managed",
      "type": "aws_vpc",
      "name": "main",
      "provider": "provider[\"registry.terraform.io/hashicorp/aws\"]",
      "instances": [
        {
          "schema_version": 1,
          "attributes": {
            "arn": "arn:aws:ec2:eu-west-2:860619597616:vpc/vpc-01a86667c6282c261",
            "assign_generated_ipv6_cidr_block": false,
            "cidr_block": "10.0.0.0/16",
            "default_network_acl_id": "acl-0aeb4847bbe0a4db8",
            "default_route_table_id": "rtb-045baa57b1cb47d78",
            "default_security_group_id": "sg-0b5328c6820995343",
            "dhcp_options_id": "dopt-818da0e9",
            "enable_classiclink": false,
            "enable_classiclink_dns_support": false,
            "enable_dns_hostnames": true,
            "enable_dns_support": true,
            "enable_network_address_usage_metrics": false,
            "id": "vpc-01a86667c6282c261",
            "instance_tenancy": "default",
            "ipv4_ipam_pool_id": null,
            "ipv4_netmask_length": null,
            "ipv6_association_id": "",
            "ipv6_cidr_block": "",
            "ipv6_cidr_block_network_border_group": "",
            "ipv6_ipam_pool_id": "",
            "ipv6_netmask_length": 0,
            "main_route_table_id": "rtb-045baa57b1cb47d78",
            "owner_id": "860619597616",
            "tags": {
              "Environment": "dev",
              "ManagedBy": "terraform",
              "Name": "jao-dev-vpc",
              "Project": "jao"
            },
            "tags_all": {
              "Environment": "dev",
              "ManagedBy": "terraform",
              "Name": "jao-dev-vpc",
              "Project": "jao"
            }
          },
          "sensitive_attributes": [],
          "private": "eyJzY2hlbWFfdmVyc2lvbiI6IjEifQ==",
          "create_before_destroy": true
        }
      ]
    }
  ],
  "check_results": null
}
