{
  "version": 4,
  "terraform_version": "1.5.7",
  "serial": 2172,
  "lineage": "22ed16ad-8673-b2a3-9190-c26de1a44c13",
  "outputs": {
    "api_gateway_url": {
      "value": "https://kng8vg24m4.execute-api.eu-west-2.amazonaws.com/dev/",
      "type": "string"
    },
    "backend_admin_load_balancer_dns": {
      "value": "jao-dev-alb-196601390.eu-west-2.elb.amazonaws.com",
      "type": "string"
    },
    "backend_ecr_repository_url": {
      "value": "860619597616.dkr.ecr.eu-west-2.amazonaws.com/jao-dev",
      "type": "string"
    },
    "backend_ecs_cluster_name": {
      "value": "jao-dev-cluster",
      "type": "string"
    },
    "backend_load_balancer_dns": {
      "value": "jao-dev-nlb-db1bcbfa277a5d84.elb.eu-west-2.amazonaws.com",
      "type": "string"
    },
    "database_endpoint": {
      "value": "jao-dev-cluster.cluster-cvgiwsy9mkjc.eu-west-2.rds.amazonaws.com",
      "type": "string"
    },
    "database_name": {
      "value": "jaodevdb",
      "type": "string"
    },
    "database_username": {
      "value": "dbadmin",
      "type": "string"
    },
    "frontend_ecr_repository_url": {
      "value": "860619597616.dkr.ecr.eu-west-2.amazonaws.com/jao-frontend-dev",
      "type": "string"
    },
    "frontend_ecs_cluster_name": {
      "value": "jao-frontend-dev-cluster",
      "type": "string"
    },
    "frontend_load_balancer_dns": {
      "value": "jao-frontend-dev-alb-1754654300.eu-west-2.elb.amazonaws.com",
      "type": "string"
    },
    "initialization_bucket_arn": {
      "value": "arn:aws:s3:::jao-dev-initialization",
      "type": "string"
    },
    "initialization_bucket_name": {
      "value": "jao-dev-initialization",
      "type": "string"
    },
    "initialization_bucket_region": {
      "value": "eu-west-2",
      "type": "string"
    },
    "private_subnet_ids": {
      "value": [
        "subnet-09fecb8cc066b866e",
        "subnet-04e4bdac8812ae5c4"
      ],
      "type": [
        "tuple",
        [
          "string",
          "string"
        ]
      ]
    },
    "public_subnet_ids": {
      "value": [
        "subnet-046059ab96f9f578e",
        "subnet-0541d2d50a6153cb5"
      ],
      "type": [
        "tuple",
        [
          "string",
          "string"
        ]
      ]
    },
    "vpc_id": {
      "value": "vpc-08a6f73395b81df6e",
      "type": "string"
    }
  },
  "resources": [
    {
      "mode": "managed",
      "type": "aws_ecr_repository",
      "name": "app",
      "provider": "provider[\"registry.terraform.io/hashicorp/aws\"]",
      "instances": [
        {
          "schema_version": 0,
          "attributes": {
            "arn": "arn:aws:ecr:eu-west-2:860619597616:repository/jao-dev",
            "encryption_configuration": [
              {
                "encryption_type": "AES256",
                "kms_key": ""
              }
            ],
            "force_delete": null,
            "id": "jao-dev",
            "image_scanning_configuration": [
              {
                "scan_on_push": true
              }
            ],
            "image_tag_mutability": "MUTABLE",
            "name": "jao-dev",
            "registry_id": "860619597616",
            "repository_url": "860619597616.dkr.ecr.eu-west-2.amazonaws.com/jao-dev",
            "tags": {
              "Environment": "dev",
              "ManagedBy": "terraform",
              "Project": "jao"
            },
            "tags_all": {
              "Environment": "dev",
              "ManagedBy": "terraform",
              "Project": "jao"
            },
            "timeouts": null
          },
          "sensitive_attributes": [],
          "private": "eyJlMmJmYjczMC1lY2FhLTExZTYtOGY4OC0zNDM2M2JjN2M0YzAiOnsiZGVsZXRlIjoxMjAwMDAwMDAwMDAwfX0="
        }
      ]
    },
    {
      "mode": "managed",
      "type": "aws_ecr_repository",
      "name": "frontend",
      "provider": "provider[\"registry.terraform.io/hashicorp/aws\"]",
      "instances": [
        {
          "schema_version": 0,
          "attributes": {
            "arn": "arn:aws:ecr:eu-west-2:860619597616:repository/jao-frontend-dev",
            "encryption_configuration": [
              {
                "encryption_type": "AES256",
                "kms_key": ""
              }
            ],
            "force_delete": null,
            "id": "jao-frontend-dev",
            "image_scanning_configuration": [
              {
                "scan_on_push": true
              }
            ],
            "image_tag_mutability": "MUTABLE",
            "name": "jao-frontend-dev",
            "registry_id": "860619597616",
            "repository_url": "860619597616.dkr.ecr.eu-west-2.amazonaws.com/jao-frontend-dev",
            "tags": {
              "Environment": "dev",
              "ManagedBy": "terraform",
              "Project": "jao"
            },
            "tags_all": {
              "Environment": "dev",
              "ManagedBy": "terraform",
              "Project": "jao"
            },
            "timeouts": null
          },
          "sensitive_attributes": [],
          "private": "eyJlMmJmYjczMC1lY2FhLTExZTYtOGY4OC0zNDM2M2JjN2M0YzAiOnsiZGVsZXRlIjoxMjAwMDAwMDAwMDAwfX0="
        }
      ]
    },
    {
      "mode": "managed",
      "type": "aws_elasticache_subnet_group",
      "name": "main",
      "provider": "provider[\"registry.terraform.io/hashicorp/aws\"]",
      "instances": [
        {
          "schema_version": 0,
          "attributes": {
            "arn": "arn:aws:elasticache:eu-west-2:860619597616:subnetgroup:celery-redis-subnet-group",
            "description": "Managed by Terraform",
            "id": "celery-redis-subnet-group",
            "name": "celery-redis-subnet-group",
            "subnet_ids": [
              "subnet-04e4bdac8812ae5c4",
              "subnet-09fecb8cc066b866e"
            ],
            "tags": {},
            "tags_all": {}
          },
          "sensitive_attributes": [],
          "private": "bnVsbA==",
          "dependencies": [
            "module.vpc.aws_subnet.private",
            "module.vpc.aws_vpc.main"
          ]
        }
      ]
    },
    {
      "mode": "managed",
      "type": "aws_security_group",
      "name": "celery_workers",
      "provider": "provider[\"registry.terraform.io/hashicorp/aws\"]",
      "instances": [
        {
          "schema_version": 1,
          "attributes": {
            "arn": "arn:aws:ec2:eu-west-2:860619597616:security-group/sg-043579c8c5d24a32f",
            "description": "Managed by Terraform",
            "egress": [
              {
                "cidr_blocks": [],
                "description": "Allow outbound Redis connections",
                "from_port": 6380,
                "ipv6_cidr_blocks": [],
                "prefix_list_ids": [],
                "protocol": "tcp",
                "security_groups": [
                  "sg-0f19c18f06a82d83e"
                ],
                "self": false,
                "to_port": 6380
              }
            ],
            "id": "sg-043579c8c5d24a32f",
            "ingress": [],
            "name": "celery-workers-20250709150139974400000006",
            "name_prefix": "celery-workers-",
            "owner_id": "860619597616",
            "revoke_rules_on_delete": false,
            "tags": {
              "Name": "celery-workers-sg"
            },
            "tags_all": {
              "Name": "celery-workers-sg"
            },
            "timeouts": null,
            "vpc_id": "vpc-08a6f73395b81df6e"
          },
          "sensitive_attributes": [],
          "private": "eyJlMmJmYjczMC1lY2FhLTExZTYtOGY4OC0zNDM2M2JjN2M0YzAiOnsiY3JlYXRlIjo2MDAwMDAwMDAwMDAsImRlbGV0ZSI6OTAwMDAwMDAwMDAwfSwic2NoZW1hX3ZlcnNpb24iOiIxIn0=",
          "dependencies": [
            "aws_security_group.redis",
            "module.vpc.aws_vpc.main"
          ]
        }
      ]
    },
    {
      "mode": "managed",
      "type": "aws_security_group",
      "name": "db_access",
      "provider": "provider[\"registry.terraform.io/hashicorp/aws\"]",
      "instances": [
        {
          "schema_version": 1,
          "attributes": {
            "arn": "arn:aws:ec2:eu-west-2:860619597616:security-group/sg-033171a73cb68239d",
            "description": "Security group for ECS tasks to access database",
            "egress": [
              {
                "cidr_blocks": [
                  "0.0.0.0/0"
                ],
                "description": "HTTPS for AWS services",
                "from_port": 443,
                "ipv6_cidr_blocks": [],
                "prefix_list_ids": [],
                "protocol": "tcp",
                "security_groups": [],
                "self": false,
                "to_port": 443
              },
              {
                "cidr_blocks": [
                  "10.0.0.0/16"
                ],
                "description": "DNS resolution",
                "from_port": 53,
                "ipv6_cidr_blocks": [],
                "prefix_list_ids": [],
                "protocol": "udp",
                "security_groups": [],
                "self": false,
                "to_port": 53
              },
              {
                "cidr_blocks": [],
                "description": "PostgreSQL database access to Aurora",
                "from_port": 5432,
                "ipv6_cidr_blocks": [],
                "prefix_list_ids": [],
                "protocol": "tcp",
                "security_groups": [
                  "sg-0763d1798695cbc9b"
                ],
                "self": false,
                "to_port": 5432
              }
            ],
            "id": "sg-033171a73cb68239d",
            "ingress": [],
            "name": "jao-dev-db-access",
            "name_prefix": "",
            "owner_id": "860619597616",
            "revoke_rules_on_delete": false,
            "tags": {
              "Environment": "dev",
              "ManagedBy": "terraform",
              "Project": "jao"
            },
            "tags_all": {
              "Environment": "dev",
              "ManagedBy": "terraform",
              "Project": "jao"
            },
            "timeouts": null,
            "vpc_id": "vpc-08a6f73395b81df6e"
          },
          "sensitive_attributes": [],
          "private": "eyJlMmJmYjczMC1lY2FhLTExZTYtOGY4OC0zNDM2M2JjN2M0YzAiOnsiY3JlYXRlIjo2MDAwMDAwMDAwMDAsImRlbGV0ZSI6OTAwMDAwMDAwMDAwfSwic2NoZW1hX3ZlcnNpb24iOiIxIn0=",
          "dependencies": [
            "module.vectordb.aws_security_group.aurora",
            "module.vpc.aws_eip.nat",
            "module.vpc.aws_internet_gateway.igw",
            "module.vpc.aws_nat_gateway.nat",
            "module.vpc.aws_route_table.private",
            "module.vpc.aws_route_table.public",
            "module.vpc.aws_route_table_association.private",
            "module.vpc.aws_route_table_association.public",
            "module.vpc.aws_security_group.vpc_endpoints",
            "module.vpc.aws_subnet.private",
            "module.vpc.aws_subnet.public",
            "module.vpc.aws_vpc.main",
            "module.vpc.aws_vpc_endpoint.ecr_api",
            "module.vpc.aws_vpc_endpoint.ecr_dkr",
            "module.vpc.aws_vpc_endpoint.logs",
            "module.vpc.aws_vpc_endpoint.s3",
            "module.vpc.data.aws_region.current",
            "module.vpc.data.aws_vpc_endpoint.existing_ecr_api",
            "module.vpc.data.aws_vpc_endpoint.existing_ecr_dkr",
            "module.vpc.data.aws_vpc_endpoint.existing_logs",
            "module.vpc.data.aws_vpc_endpoint.existing_s3"
          ]
        }
      ]
    },
    {
      "mode": "managed",
      "type": "aws_security_group",
      "name": "redis",
      "provider": "provider[\"registry.terraform.io/hashicorp/aws\"]",
      "instances": [
        {
          "schema_version": 1,
          "attributes": {
            "arn": "arn:aws:ec2:eu-west-2:860619597616:security-group/sg-0f19c18f06a82d83e",
            "description": "Managed by Terraform",
            "egress": [],
            "id": "sg-0f19c18f06a82d83e",
            "ingress": [
              {
                "cidr_blocks": [
                  "10.0.0.0/16"
                ],
                "description": "",
                "from_port": 6380,
                "ipv6_cidr_blocks": [],
                "prefix_list_ids": [],
                "protocol": "tcp",
                "security_groups": [],
                "self": false,
                "to_port": 6380
              }
            ],
            "name": "redis-celery-20250709150137921400000004",
            "name_prefix": "redis-celery-",
            "owner_id": "860619597616",
            "revoke_rules_on_delete": false,
            "tags": {
              "Name": "redis-celery-sg"
            },
            "tags_all": {
              "Name": "redis-celery-sg"
            },
            "timeouts": null,
            "vpc_id": "vpc-08a6f73395b81df6e"
          },
          "sensitive_attributes": [],
          "private": "eyJlMmJmYjczMC1lY2FhLTExZTYtOGY4OC0zNDM2M2JjN2M0YzAiOnsiY3JlYXRlIjo2MDAwMDAwMDAwMDAsImRlbGV0ZSI6OTAwMDAwMDAwMDAwfSwic2NoZW1hX3ZlcnNpb24iOiIxIn0=",
          "dependencies": [
            "module.vpc.aws_vpc.main"
          ]
        }
      ]
    },
    {
      "mode": "managed",
      "type": "aws_security_group",
      "name": "redis_client",
      "provider": "provider[\"registry.terraform.io/hashicorp/aws\"]",
      "instances": [
        {
          "schema_version": 1,
          "attributes": {
            "arn": "arn:aws:ec2:eu-west-2:860619597616:security-group/sg-0a3b52e8e85b5bb30",
            "description": "Security group for services that need Redis access",
            "egress": [
              {
                "cidr_blocks": [],
                "description": "Allow Redis connections",
                "from_port": 6380,
                "ipv6_cidr_blocks": [],
                "prefix_list_ids": [],
                "protocol": "tcp",
                "security_groups": [
                  "sg-0f19c18f06a82d83e"
                ],
                "self": false,
                "to_port": 6380
              }
            ],
            "id": "sg-0a3b52e8e85b5bb30",
            "ingress": [],
            "name": "jao-dev-redis-client-20250709150139782800000005",
            "name_prefix": "jao-dev-redis-client-",
            "owner_id": "860619597616",
            "revoke_rules_on_delete": false,
            "tags": {
              "Environment": "dev",
              "ManagedBy": "terraform",
              "Name": "jao-dev-redis-client-sg",
              "Project": "jao"
            },
            "tags_all": {
              "Environment": "dev",
              "ManagedBy": "terraform",
              "Name": "jao-dev-redis-client-sg",
              "Project": "jao"
            },
            "timeouts": null,
            "vpc_id": "vpc-08a6f73395b81df6e"
          },
          "sensitive_attributes": [],
          "private": "eyJlMmJmYjczMC1lY2FhLTExZTYtOGY4OC0zNDM2M2JjN2M0YzAiOnsiY3JlYXRlIjo2MDAwMDAwMDAwMDAsImRlbGV0ZSI6OTAwMDAwMDAwMDAwfSwic2NoZW1hX3ZlcnNpb24iOiIxIn0=",
          "dependencies": [
            "aws_security_group.redis",
            "module.vpc.aws_vpc.main"
          ]
        }
      ]
    },
    {
      "module": "module.api_gateway",
      "mode": "data",
      "type": "aws_region",
      "name": "current",
      "provider": "provider[\"registry.terraform.io/hashicorp/aws\"]",
      "instances": [
        {
          "schema_version": 0,
          "attributes": {
            "description": "Europe (London)",
            "endpoint": "ec2.eu-west-2.amazonaws.com",
            "id": "eu-west-2",
            "name": "eu-west-2"
          },
          "sensitive_attributes": []
        }
      ]
    },
    {
      "module": "module.api_gateway",
      "mode": "managed",
      "type": "aws_api_gateway_api_key",
      "name": "api_keys",
      "provider": "provider[\"registry.terraform.io/hashicorp/aws\"]",
      "instances": [
        {
          "index_key": 0,
          "schema_version": 0,
          "attributes": {
            "arn": "arn:aws:apigateway:eu-west-2::/apikeys/izno286en5",
            "created_date": "2025-07-09T15:01:28Z",
            "description": "API key for internal frontend application",
            "enabled": true,
            "id": "izno286en5",
            "last_updated_date": "2025-07-09T15:01:28Z",
            "name": "jao-dev-internal-frontend",
            "tags": {},
            "tags_all": {},
            "value": "1u50Y25anE7AxXSjVsuua3hLaRZbittQ78mst6Ln"
          },
          "sensitive_attributes": [],
          "private": "bnVsbA=="
        },
        {
          "index_key": 1,
          "schema_version": 0,
          "attributes": {
            "arn": "arn:aws:apigateway:eu-west-2::/apikeys/5fq7twm1s9",
            "created_date": "2025-07-09T15:01:28Z",
            "description": "API key for partner applications",
            "enabled": true,
            "id": "5fq7twm1s9",
            "last_updated_date": "2025-07-09T15:01:28Z",
            "name": "jao-dev-partner-api-consumer",
            "tags": {},
            "tags_all": {},
            "value": "RIrzqQo5Kf49rO1wfWrA35Pl7ZCs7mGqdDM17nqh"
          },
          "sensitive_attributes": [],
          "private": "bnVsbA=="
        },
        {
          "index_key": 2,
          "schema_version": 0,
          "attributes": {
            "arn": "arn:aws:apigateway:eu-west-2::/apikeys/9tspd4ez05",
            "created_date": "2025-07-09T15:01:28Z",
            "description": "API key for public API consumers",
            "enabled": true,
            "id": "9tspd4ez05",
            "last_updated_date": "2025-07-09T15:01:28Z",
            "name": "jao-dev-public-api-consumer",
            "tags": {},
            "tags_all": {},
            "value": "msaKQ8Fyqp7iQvdu3CKovaqSvR3SkMu24tJgTr1K"
          },
          "sensitive_attributes": [],
          "private": "bnVsbA=="
        }
      ]
    },
    {
      "module": "module.api_gateway",
      "mode": "managed",
      "type": "aws_api_gateway_deployment",
      "name": "api_keys_api",
      "provider": "provider[\"registry.terraform.io/hashicorp/aws\"]",
      "instances": [
        {
          "index_key": 0,
          "schema_version": 0,
          "attributes": {
            "created_date": "2025-07-09T15:01:35Z",
            "description": "",
            "execution_arn": "arn:aws:execute-api:eu-west-2:860619597616:ev2kg9vq32/",
            "id": "tddo2g",
            "invoke_url": "https://ev2kg9vq32.execute-api.eu-west-2.amazonaws.com/",
            "rest_api_id": "ev2kg9vq32",
            "stage_description": null,
            "stage_name": null,
            "triggers": null,
            "variables": null
          },
          "sensitive_attributes": [],
          "private": "bnVsbA==",
          "dependencies": [
            "module.api_gateway.aws_api_gateway_integration.validate",
            "module.api_gateway.aws_api_gateway_method.validate",
            "module.api_gateway.aws_api_gateway_resource.validate",
            "module.api_gateway.aws_api_gateway_rest_api.api_keys_api"
          ],
          "create_before_destroy": true
        }
      ]
    },
    {
      "module": "module.api_gateway",
      "mode": "managed",
      "type": "aws_api_gateway_deployment",
      "name": "main",
      "provider": "provider[\"registry.terraform.io/hashicorp/aws\"]",
      "instances": [
        {
          "schema_version": 0,
          "attributes": {
            "created_date": "2025-07-11T15:33:24Z",
            "description": "",
            "execution_arn": "arn:aws:execute-api:eu-west-2:860619597616:kng8vg24m4/",
            "id": "c1l6mm",
            "invoke_url": "https://kng8vg24m4.execute-api.eu-west-2.amazonaws.com/",
            "rest_api_id": "kng8vg24m4",
            "stage_description": null,
            "stage_name": null,
            "triggers": null,
            "variables": {
              "deployed_at": "2025-07-11T15:33:24Z"
            }
          },
          "sensitive_attributes": [],
          "private": "bnVsbA==",
          "dependencies": [
            "module.api_gateway.aws_api_gateway_integration.proxy",
            "module.api_gateway.aws_api_gateway_integration.routes",
            "module.api_gateway.aws_api_gateway_rest_api.main"
          ],
          "create_before_destroy": true
        }
      ]
    },
    {
      "module": "module.api_gateway",
      "mode": "managed",
      "type": "aws_api_gateway_integration",
      "name": "proxy",
      "provider": "provider[\"registry.terraform.io/hashicorp/aws\"]",
      "instances": [
        {
          "schema_version": 0,
          "attributes": {
            "cache_key_parameters": [],
            "cache_namespace": "rssupv",
            "connection_id": "g2y67k",
            "connection_type": "VPC_LINK",
            "content_handling": "",
            "credentials": "",
            "http_method": "ANY",
            "id": "agi-kng8vg24m4-rssupv-ANY",
            "integration_http_method": "ANY",
            "passthrough_behavior": "WHEN_NO_MATCH",
            "request_parameters": {
              "integration.request.path.proxy": "method.request.path.proxy"
            },
            "request_templates": {},
            "resource_id": "rssupv",
            "rest_api_id": "kng8vg24m4",
            "timeout_milliseconds": 29000,
            "tls_config": [],
            "type": "HTTP_PROXY",
            "uri": "http://jao-dev-nlb-db1bcbfa277a5d84.elb.eu-west-2.amazonaws.com/{proxy}"
          },
          "sensitive_attributes": [],
          "private": "bnVsbA==",
          "dependencies": [
            "module.api_gateway.aws_api_gateway_method.proxy",
            "module.api_gateway.aws_api_gateway_resource.proxy",
            "module.api_gateway.aws_api_gateway_rest_api.main",
            "module.api_gateway.aws_api_gateway_vpc_link.main",
            "module.ecs.aws_lb.main",
            "module.vpc.aws_subnet.private",
            "module.vpc.aws_subnet.public",
            "module.vpc.aws_vpc.main"
          ],
          "create_before_destroy": true
        }
      ]
    },
    {
      "module": "module.api_gateway",
      "mode": "managed",
      "type": "aws_api_gateway_integration",
      "name": "routes",
      "provider": "provider[\"registry.terraform.io/hashicorp/aws\"]",
      "instances": [
        {
          "index_key": 0,
          "schema_version": 0,
          "attributes": {
            "cache_key_parameters": [],
            "cache_namespace": "349bsr",
            "connection_id": "g2y67k",
            "connection_type": "VPC_LINK",
            "content_handling": "",
            "credentials": "",
            "http_method": "GET",
            "id": "agi-kng8vg24m4-349bsr-GET",
            "integration_http_method": "GET",
            "passthrough_behavior": "WHEN_NO_MATCH",
            "request_parameters": {},
            "request_templates": {},
            "resource_id": "349bsr",
            "rest_api_id": "kng8vg24m4",
            "timeout_milliseconds": 29000,
            "tls_config": [],
            "type": "HTTP_PROXY",
            "uri": "http://jao-dev-nlb-db1bcbfa277a5d84.elb.eu-west-2.amazonaws.com/health"
          },
          "sensitive_attributes": [],
          "private": "bnVsbA==",
          "dependencies": [
            "module.api_gateway.aws_api_gateway_method.routes",
            "module.api_gateway.aws_api_gateway_resource.routes",
            "module.api_gateway.aws_api_gateway_rest_api.main",
            "module.api_gateway.aws_api_gateway_vpc_link.main",
            "module.ecs.aws_lb.main",
            "module.vpc.aws_subnet.private",
            "module.vpc.aws_subnet.public",
            "module.vpc.aws_vpc.main"
          ],
          "create_before_destroy": true
        }
      ]
    },
    {
      "module": "module.api_gateway",
      "mode": "managed",
      "type": "aws_api_gateway_integration",
      "name": "validate",
      "provider": "provider[\"registry.terraform.io/hashicorp/aws\"]",
      "instances": [
        {
          "index_key": 0,
          "schema_version": 0,
          "attributes": {
            "cache_key_parameters": [],
            "cache_namespace": "uigxtm",
            "connection_id": "",
            "connection_type": "INTERNET",
            "content_handling": "",
            "credentials": "",
            "http_method": "GET",
            "id": "agi-ev2kg9vq32-uigxtm-GET",
            "integration_http_method": "",
            "passthrough_behavior": "WHEN_NO_MATCH",
            "request_parameters": {},
            "request_templates": {
              "application/json": "{\"statusCode\":200}"
            },
            "resource_id": "uigxtm",
            "rest_api_id": "ev2kg9vq32",
            "timeout_milliseconds": 29000,
            "tls_config": [],
            "type": "MOCK",
            "uri": ""
          },
          "sensitive_attributes": [],
          "private": "bnVsbA==",
          "dependencies": [
            "module.api_gateway.aws_api_gateway_method.validate",
            "module.api_gateway.aws_api_gateway_resource.validate",
            "module.api_gateway.aws_api_gateway_rest_api.api_keys_api"
          ],
          "create_before_destroy": true
        }
      ]
    },
    {
      "module": "module.api_gateway",
      "mode": "managed",
      "type": "aws_api_gateway_integration_response",
      "name": "validate",
      "provider": "provider[\"registry.terraform.io/hashicorp/aws\"]",
      "instances": [
        {
          "index_key": 0,
          "schema_version": 0,
          "attributes": {
            "content_handling": "",
            "http_method": "GET",
            "id": "agir-ev2kg9vq32-uigxtm-GET-200",
            "resource_id": "uigxtm",
            "response_parameters": {},
            "response_templates": {
              "application/json": "{\"message\":\"API key is valid\",\"valid\":true}"
            },
            "rest_api_id": "ev2kg9vq32",
            "selection_pattern": "",
            "status_code": "200"
          },
          "sensitive_attributes": [],
          "private": "bnVsbA==",
          "dependencies": [
            "module.api_gateway.aws_api_gateway_method.validate",
            "module.api_gateway.aws_api_gateway_method_response.validate",
            "module.api_gateway.aws_api_gateway_resource.validate",
            "module.api_gateway.aws_api_gateway_rest_api.api_keys_api"
          ]
        }
      ]
    },
    {
      "module": "module.api_gateway",
      "mode": "managed",
      "type": "aws_api_gateway_method",
      "name": "proxy",
      "provider": "provider[\"registry.terraform.io/hashicorp/aws\"]",
      "instances": [
        {
          "schema_version": 0,
          "attributes": {
            "api_key_required": false,
            "authorization": "NONE",
            "authorization_scopes": [],
            "authorizer_id": "",
            "http_method": "ANY",
            "id": "agm-kng8vg24m4-rssupv-ANY",
            "operation_name": "",
            "request_models": {},
            "request_parameters": {
              "method.request.path.proxy": true
            },
            "request_validator_id": "",
            "resource_id": "rssupv",
            "rest_api_id": "kng8vg24m4"
          },
          "sensitive_attributes": [],
          "private": "bnVsbA==",
          "dependencies": [
            "module.api_gateway.aws_api_gateway_resource.proxy",
            "module.api_gateway.aws_api_gateway_rest_api.main"
          ],
          "create_before_destroy": true
        }
      ]
    },
    {
      "module": "module.api_gateway",
      "mode": "managed",
      "type": "aws_api_gateway_method",
      "name": "routes",
      "provider": "provider[\"registry.terraform.io/hashicorp/aws\"]",
      "instances": [
        {
          "index_key": 0,
          "schema_version": 0,
          "attributes": {
            "api_key_required": false,
            "authorization": "NONE",
            "authorization_scopes": [],
            "authorizer_id": "",
            "http_method": "GET",
            "id": "agm-kng8vg24m4-349bsr-GET",
            "operation_name": "",
            "request_models": {},
            "request_parameters": {
              "method.request.querystring.all": true
            },
            "request_validator_id": "",
            "resource_id": "349bsr",
            "rest_api_id": "kng8vg24m4"
          },
          "sensitive_attributes": [],
          "private": "bnVsbA==",
          "dependencies": [
            "module.api_gateway.aws_api_gateway_resource.routes",
            "module.api_gateway.aws_api_gateway_rest_api.main"
          ],
          "create_before_destroy": true
        }
      ]
    },
    {
      "module": "module.api_gateway",
      "mode": "managed",
      "type": "aws_api_gateway_method",
      "name": "validate",
      "provider": "provider[\"registry.terraform.io/hashicorp/aws\"]",
      "instances": [
        {
          "index_key": 0,
          "schema_version": 0,
          "attributes": {
            "api_key_required": true,
            "authorization": "NONE",
            "authorization_scopes": [],
            "authorizer_id": "",
            "http_method": "GET",
            "id": "agm-ev2kg9vq32-uigxtm-GET",
            "operation_name": "",
            "request_models": {},
            "request_parameters": {},
            "request_validator_id": "",
            "resource_id": "uigxtm",
            "rest_api_id": "ev2kg9vq32"
          },
          "sensitive_attributes": [],
          "private": "bnVsbA==",
          "dependencies": [
            "module.api_gateway.aws_api_gateway_resource.validate",
            "module.api_gateway.aws_api_gateway_rest_api.api_keys_api"
          ],
          "create_before_destroy": true
        }
      ]
    },
    {
      "module": "module.api_gateway",
      "mode": "managed",
      "type": "aws_api_gateway_method_response",
      "name": "validate",
      "provider": "provider[\"registry.terraform.io/hashicorp/aws\"]",
      "instances": [
        {
          "index_key": 0,
          "schema_version": 0,
          "attributes": {
            "http_method": "GET",
            "id": "agmr-ev2kg9vq32-uigxtm-GET-200",
            "resource_id": "uigxtm",
            "response_models": {
              "application/json": "Empty"
            },
            "response_parameters": {},
            "rest_api_id": "ev2kg9vq32",
            "status_code": "200"
          },
          "sensitive_attributes": [],
          "private": "bnVsbA==",
          "dependencies": [
            "module.api_gateway.aws_api_gateway_method.validate",
            "module.api_gateway.aws_api_gateway_resource.validate",
            "module.api_gateway.aws_api_gateway_rest_api.api_keys_api"
          ]
        }
      ]
    },
    {
      "module": "module.api_gateway",
      "mode": "managed",
      "type": "aws_api_gateway_method_settings",
      "name": "main",
      "provider": "provider[\"registry.terraform.io/hashicorp/aws\"]",
      "instances": [
        {
          "schema_version": 0,
          "attributes": {
            "id": "kng8vg24m4-dev-*/*",
            "method_path": "*/*",
            "rest_api_id": "kng8vg24m4",
            "settings": [
              {
                "cache_data_encrypted": false,
                "cache_ttl_in_seconds": 300,
                "caching_enabled": false,
                "data_trace_enabled": true,
                "logging_level": "INFO",
                "metrics_enabled": true,
                "require_authorization_for_cache_control": true,
                "throttling_burst_limit": 1000,
                "throttling_rate_limit": 500,
                "unauthorized_cache_control_header_strategy": "SUCCEED_WITH_RESPONSE_HEADER"
              }
            ],
            "stage_name": "dev"
          },
          "sensitive_attributes": [],
          "private": "bnVsbA==",
          "dependencies": [
            "module.api_gateway.aws_api_gateway_deployment.main",
            "module.api_gateway.aws_api_gateway_integration.proxy",
            "module.api_gateway.aws_api_gateway_integration.routes",
            "module.api_gateway.aws_api_gateway_method.proxy",
            "module.api_gateway.aws_api_gateway_method.routes",
            "module.api_gateway.aws_api_gateway_resource.proxy",
            "module.api_gateway.aws_api_gateway_resource.routes",
            "module.api_gateway.aws_api_gateway_rest_api.main",
            "module.api_gateway.aws_api_gateway_stage.main",
            "module.api_gateway.aws_api_gateway_vpc_link.main",
            "module.api_gateway.aws_cloudwatch_log_group.api_gateway",
            "module.ecs.aws_lb.main",
            "module.vpc.aws_subnet.private",
            "module.vpc.aws_subnet.public",
            "module.vpc.aws_vpc.main"
          ]
        }
      ]
    },
    {
      "module": "module.api_gateway",
      "mode": "managed",
      "type": "aws_api_gateway_resource",
      "name": "proxy",
      "provider": "provider[\"registry.terraform.io/hashicorp/aws\"]",
      "instances": [
        {
          "schema_version": 0,
          "attributes": {
            "id": "rssupv",
            "parent_id": "j8p2rer5vc",
            "path": "/{proxy+}",
            "path_part": "{proxy+}",
            "rest_api_id": "kng8vg24m4"
          },
          "sensitive_attributes": [],
          "private": "bnVsbA==",
          "dependencies": [
            "module.api_gateway.aws_api_gateway_rest_api.main"
          ],
          "create_before_destroy": true
        }
      ]
    },
    {
      "module": "module.api_gateway",
      "mode": "managed",
      "type": "aws_api_gateway_resource",
      "name": "routes",
      "provider": "provider[\"registry.terraform.io/hashicorp/aws\"]",
      "instances": [
        {
          "index_key": 0,
          "schema_version": 0,
          "attributes": {
            "id": "349bsr",
            "parent_id": "j8p2rer5vc",
            "path": "/health",
            "path_part": "health",
            "rest_api_id": "kng8vg24m4"
          },
          "sensitive_attributes": [],
          "private": "bnVsbA==",
          "dependencies": [
            "module.api_gateway.aws_api_gateway_rest_api.main"
          ],
          "create_before_destroy": true
        }
      ]
    },
    {
      "module": "module.api_gateway",
      "mode": "managed",
      "type": "aws_api_gateway_resource",
      "name": "validate",
      "provider": "provider[\"registry.terraform.io/hashicorp/aws\"]",
      "instances": [
        {
          "index_key": 0,
          "schema_version": 0,
          "attributes": {
            "id": "uigxtm",
            "parent_id": "goykva4t22",
            "path": "/validate",
            "path_part": "validate",
            "rest_api_id": "ev2kg9vq32"
          },
          "sensitive_attributes": [],
          "private": "bnVsbA==",
          "dependencies": [
            "module.api_gateway.aws_api_gateway_rest_api.api_keys_api"
          ],
          "create_before_destroy": true
        }
      ]
    },
    {
      "module": "module.api_gateway",
      "mode": "managed",
      "type": "aws_api_gateway_rest_api",
      "name": "api_keys_api",
      "provider": "provider[\"registry.terraform.io/hashicorp/aws\"]",
      "instances": [
        {
          "index_key": 0,
          "schema_version": 0,
          "attributes": {
            "api_key_source": "HEADER",
            "arn": "arn:aws:apigateway:eu-west-2::/restapis/ev2kg9vq32",
            "binary_media_types": [],
            "body": null,
            "created_date": "2025-07-09T15:01:34Z",
            "description": "REST API for API key management",
            "disable_execute_api_endpoint": false,
            "endpoint_configuration": [
              {
                "types": [
                  "REGIONAL"
                ],
                "vpc_endpoint_ids": []
              }
            ],
            "execution_arn": "arn:aws:execute-api:eu-west-2:860619597616:ev2kg9vq32",
            "fail_on_warnings": null,
            "id": "ev2kg9vq32",
            "minimum_compression_size": -1,
            "name": "jao-dev-keys-api",
            "parameters": null,
            "policy": "",
            "put_rest_api_mode": null,
            "root_resource_id": "goykva4t22",
            "tags": {
              "Environment": "dev",
              "ManagedBy": "terraform",
              "Name": "jao-dev",
              "Project": "jao"
            },
            "tags_all": {
              "Environment": "dev",
              "ManagedBy": "terraform",
              "Name": "jao-dev",
              "Project": "jao"
            }
          },
          "sensitive_attributes": [],
          "private": "bnVsbA==",
          "create_before_destroy": true
        }
      ]
    },
    {
      "module": "module.api_gateway",
      "mode": "managed",
      "type": "aws_api_gateway_rest_api",
      "name": "main",
      "provider": "provider[\"registry.terraform.io/hashicorp/aws\"]",
      "instances": [
        {
          "schema_version": 0,
          "attributes": {
            "api_key_source": "HEADER",
            "arn": "arn:aws:apigateway:eu-west-2::/restapis/kng8vg24m4",
            "binary_media_types": [
              "multipart/form-data",
              "application/octet-stream",
              "image/*"
            ],
            "body": null,
            "created_date": "2025-07-09T15:01:28Z",
            "description": "REST API for jao-dev",
            "disable_execute_api_endpoint": false,
            "endpoint_configuration": [
              {
                "types": [
                  "REGIONAL"
                ],
                "vpc_endpoint_ids": []
              }
            ],
            "execution_arn": "arn:aws:execute-api:eu-west-2:860619597616:kng8vg24m4",
            "fail_on_warnings": null,
            "id": "kng8vg24m4",
            "minimum_compression_size": -1,
            "name": "jao-dev-api",
            "parameters": null,
            "policy": "",
            "put_rest_api_mode": null,
            "root_resource_id": "j8p2rer5vc",
            "tags": {
              "Environment": "dev",
              "ManagedBy": "terraform",
              "Name": "jao-dev-api",
              "Project": "jao"
            },
            "tags_all": {
              "Environment": "dev",
              "ManagedBy": "terraform",
              "Name": "jao-dev-api",
              "Project": "jao"
            }
          },
          "sensitive_attributes": [],
          "private": "bnVsbA==",
          "create_before_destroy": true
        }
      ]
    },
    {
      "module": "module.api_gateway",
      "mode": "managed",
      "type": "aws_api_gateway_stage",
      "name": "api_keys_api",
      "provider": "provider[\"registry.terraform.io/hashicorp/aws\"]",
      "instances": [
        {
          "index_key": 0,
          "schema_version": 0,
          "attributes": {
            "access_log_settings": [],
            "arn": "arn:aws:apigateway:eu-west-2::/restapis/ev2kg9vq32/stages/dev",
            "cache_cluster_enabled": false,
            "cache_cluster_size": "",
            "canary_settings": [],
            "client_certificate_id": "",
            "deployment_id": "tddo2g",
            "description": "",
            "documentation_version": "",
            "execution_arn": "arn:aws:execute-api:eu-west-2:860619597616:ev2kg9vq32/dev",
            "id": "ags-ev2kg9vq32-dev",
            "invoke_url": "https://ev2kg9vq32.execute-api.eu-west-2.amazonaws.com/dev",
            "rest_api_id": "ev2kg9vq32",
            "stage_name": "dev",
            "tags": {},
            "tags_all": {},
            "variables": {},
            "web_acl_arn": "",
            "xray_tracing_enabled": false
          },
          "sensitive_attributes": [],
          "private": "bnVsbA==",
          "dependencies": [
            "module.api_gateway.aws_api_gateway_deployment.api_keys_api",
            "module.api_gateway.aws_api_gateway_integration.validate",
            "module.api_gateway.aws_api_gateway_method.validate",
            "module.api_gateway.aws_api_gateway_resource.validate",
            "module.api_gateway.aws_api_gateway_rest_api.api_keys_api"
          ]
        }
      ]
    },
    {
      "module": "module.api_gateway",
      "mode": "managed",
      "type": "aws_api_gateway_stage",
      "name": "main",
      "provider": "provider[\"registry.terraform.io/hashicorp/aws\"]",
      "instances": [
        {
          "schema_version": 0,
          "attributes": {
            "access_log_settings": [
              {
                "destination_arn": "arn:aws:logs:eu-west-2:860619597616:log-group:/aws/apigateway/jao-dev-api",
                "format": "{\"httpMethod\":\"$context.httpMethod\",\"integrationErrorMessage\":\"$context.integrationErrorMessage\",\"ip\":\"$context.identity.sourceIp\",\"protocol\":\"$context.protocol\",\"requestId\":\"$context.requestId\",\"requestTime\":\"$context.requestTime\",\"resourcePath\":\"$context.resourcePath\",\"responseLength\":\"$context.responseLength\",\"status\":\"$context.status\"}"
              }
            ],
            "arn": "arn:aws:apigateway:eu-west-2::/restapis/kng8vg24m4/stages/dev",
            "cache_cluster_enabled": false,
            "cache_cluster_size": "",
            "canary_settings": [],
            "client_certificate_id": "",
            "deployment_id": "c1l6mm",
            "description": "",
            "documentation_version": "",
            "execution_arn": "arn:aws:execute-api:eu-west-2:860619597616:kng8vg24m4/dev",
            "id": "ags-kng8vg24m4-dev",
            "invoke_url": "https://kng8vg24m4.execute-api.eu-west-2.amazonaws.com/dev",
            "rest_api_id": "kng8vg24m4",
            "stage_name": "dev",
            "tags": {
              "Environment": "dev",
              "ManagedBy": "terraform",
              "Name": "jao-dev-dev-stage",
              "Project": "jao"
            },
            "tags_all": {
              "Environment": "dev",
              "ManagedBy": "terraform",
              "Name": "jao-dev-dev-stage",
              "Project": "jao"
            },
            "variables": {},
            "web_acl_arn": "",
            "xray_tracing_enabled": false
          },
          "sensitive_attributes": [],
          "private": "bnVsbA==",
          "dependencies": [
            "module.api_gateway.aws_api_gateway_deployment.main",
            "module.api_gateway.aws_api_gateway_integration.proxy",
            "module.api_gateway.aws_api_gateway_integration.routes",
            "module.api_gateway.aws_api_gateway_rest_api.main",
            "module.api_gateway.aws_cloudwatch_log_group.api_gateway"
          ]
        }
      ]
    },
    {
      "module": "module.api_gateway",
      "mode": "managed",
      "type": "aws_api_gateway_vpc_link",
      "name": "main",
      "provider": "provider[\"registry.terraform.io/hashicorp/aws\"]",
      "instances": [
        {
          "schema_version": 0,
          "attributes": {
            "arn": "arn:aws:apigateway:eu-west-2::/vpclinks/g2y67k",
            "description": "",
            "id": "g2y67k",
            "name": "jao-dev-vpc-link",
            "tags": {
              "Description": "VPC Link connecting API Gateway to NLB",
              "Environment": "dev",
              "ManagedBy": "terraform",
              "Name": "jao-dev-vpc-link",
              "Project": "jao"
            },
            "tags_all": {
              "Description": "VPC Link connecting API Gateway to NLB",
              "Environment": "dev",
              "ManagedBy": "terraform",
              "Name": "jao-dev-vpc-link",
              "Project": "jao"
            },
            "target_arns": [
              "arn:aws:elasticloadbalancing:eu-west-2:860619597616:loadbalancer/net/jao-dev-nlb/db1bcbfa277a5d84"
            ]
          },
          "sensitive_attributes": [],
          "private": "bnVsbA==",
          "dependencies": [
            "module.ecs.aws_lb.main",
            "module.vpc.aws_subnet.private",
            "module.vpc.aws_subnet.public",
            "module.vpc.aws_vpc.main"
          ],
          "create_before_destroy": true
        }
      ]
    },
    {
      "module": "module.api_gateway",
      "mode": "managed",
      "type": "aws_cloudwatch_dashboard",
      "name": "api_dashboard",
      "provider": "provider[\"registry.terraform.io/hashicorp/aws\"]",
      "instances": [
        {
          "index_key": "main",
          "schema_version": 0,
          "attributes": {
            "dashboard_arn": "arn:aws:cloudwatch::860619597616:dashboard/jao-dev-api-dashboard",
            "dashboard_body": "{\"widgets\":[{\"height\":6,\"properties\":{\"metrics\":[[\"AWS/ApiGateway\",\"Count\",\"ApiName\",\"jao-dev-api\",\"Stage\",\"dev\",{\"stat\":\"Sum\"}],[\".\",\"4XXError\",\".\",\".\",\".\",\".\",{\"stat\":\"Sum\"}],[\".\",\"5XXError\",\".\",\".\",\".\",\".\",{\"stat\":\"Sum\"}]],\"period\":300,\"region\":\"eu-west-2\",\"stacked\":false,\"title\":\"API Requests and Errors\",\"view\":\"timeSeries\"},\"type\":\"metric\",\"width\":12,\"x\":0,\"y\":0},{\"height\":6,\"properties\":{\"metrics\":[[\"AWS/ApiGateway\",\"Latency\",\"ApiName\",\"jao-dev-api\",\"Stage\",\"dev\",{\"stat\":\"Average\"}],[\".\",\"IntegrationLatency\",\".\",\".\",\".\",\".\",{\"stat\":\"Average\"}]],\"period\":300,\"region\":\"eu-west-2\",\"stacked\":false,\"title\":\"API Latency\",\"view\":\"timeSeries\"},\"type\":\"metric\",\"width\":12,\"x\":12,\"y\":0}]}",
            "dashboard_name": "jao-dev-api-dashboard",
            "id": "jao-dev-api-dashboard"
          },
          "sensitive_attributes": [],
          "private": "bnVsbA==",
          "dependencies": [
            "module.api_gateway.aws_api_gateway_deployment.main",
            "module.api_gateway.aws_api_gateway_integration.proxy",
            "module.api_gateway.aws_api_gateway_integration.routes",
            "module.api_gateway.aws_api_gateway_method.proxy",
            "module.api_gateway.aws_api_gateway_method.routes",
            "module.api_gateway.aws_api_gateway_resource.proxy",
            "module.api_gateway.aws_api_gateway_resource.routes",
            "module.api_gateway.aws_api_gateway_rest_api.main",
            "module.api_gateway.aws_api_gateway_stage.main",
            "module.api_gateway.aws_api_gateway_vpc_link.main",
            "module.api_gateway.aws_cloudwatch_log_group.api_gateway",
            "module.api_gateway.data.aws_region.current",
            "module.ecs.aws_lb.main",
            "module.vpc.aws_subnet.private",
            "module.vpc.aws_subnet.public",
            "module.vpc.aws_vpc.main"
          ]
        }
      ]
    },
    {
      "module": "module.api_gateway",
      "mode": "managed",
      "type": "aws_cloudwatch_log_group",
      "name": "api_gateway",
      "provider": "provider[\"registry.terraform.io/hashicorp/aws\"]",
      "instances": [
        {
          "schema_version": 0,
          "attributes": {
            "arn": "arn:aws:logs:eu-west-2:860619597616:log-group:/aws/apigateway/jao-dev-api",
            "id": "/aws/apigateway/jao-dev-api",
            "kms_key_id": "",
            "name": "/aws/apigateway/jao-dev-api",
            "name_prefix": "",
            "retention_in_days": 30,
            "skip_destroy": false,
            "tags": {
              "Environment": "dev",
              "ManagedBy": "terraform",
              "Name": "jao-dev-api-log-group",
              "Project": "jao"
            },
            "tags_all": {
              "Environment": "dev",
              "ManagedBy": "terraform",
              "Name": "jao-dev-api-log-group",
              "Project": "jao"
            }
          },
          "sensitive_attributes": [],
          "private": "bnVsbA=="
        }
      ]
    },
    {
      "module": "module.api_gateway",
      "mode": "managed",
      "type": "aws_cloudwatch_metric_alarm",
      "name": "api_error_rate",
      "provider": "provider[\"registry.terraform.io/hashicorp/aws\"]",
      "instances": [
        {
          "index_key": 0,
          "schema_version": 1,
          "attributes": {
            "actions_enabled": true,
            "alarm_actions": [],
            "alarm_description": "This alarm monitors the API Gateway 5XX error rate",
            "alarm_name": "jao-dev-api-error-rate",
            "arn": "arn:aws:cloudwatch:eu-west-2:860619597616:alarm:jao-dev-api-error-rate",
            "comparison_operator": "GreaterThanThreshold",
            "datapoints_to_alarm": 0,
            "dimensions": {
              "ApiName": "jao-dev-api",
              "Stage": "dev"
            },
            "evaluate_low_sample_count_percentiles": "",
            "evaluation_periods": 2,
            "extended_statistic": "",
            "id": "jao-dev-api-error-rate",
            "insufficient_data_actions": [],
            "metric_name": "5XXError",
            "metric_query": [],
            "namespace": "AWS/ApiGateway",
            "ok_actions": [],
            "period": 300,
            "statistic": "Sum",
            "tags": {},
            "tags_all": {},
            "threshold": 10,
            "threshold_metric_id": "",
            "treat_missing_data": "missing",
            "unit": ""
          },
          "sensitive_attributes": [],
          "private": "eyJzY2hlbWFfdmVyc2lvbiI6IjEifQ==",
          "dependencies": [
            "module.api_gateway.aws_api_gateway_deployment.main",
            "module.api_gateway.aws_api_gateway_integration.proxy",
            "module.api_gateway.aws_api_gateway_integration.routes",
            "module.api_gateway.aws_api_gateway_method.proxy",
            "module.api_gateway.aws_api_gateway_method.routes",
            "module.api_gateway.aws_api_gateway_resource.proxy",
            "module.api_gateway.aws_api_gateway_resource.routes",
            "module.api_gateway.aws_api_gateway_rest_api.main",
            "module.api_gateway.aws_api_gateway_stage.main",
            "module.api_gateway.aws_api_gateway_vpc_link.main",
            "module.api_gateway.aws_cloudwatch_log_group.api_gateway",
            "module.ecs.aws_lb.main",
            "module.vpc.aws_subnet.private",
            "module.vpc.aws_subnet.public",
            "module.vpc.aws_vpc.main"
          ]
        }
      ]
    },
    {
      "module": "module.api_gateway",
      "mode": "managed",
      "type": "null_resource",
      "name": "api_key_usage_note",
      "provider": "provider[\"registry.terraform.io/hashicorp/null\"]",
      "instances": [
        {
          "index_key": 0,
          "schema_version": 0,
          "attributes": {
            "id": "1698118064661439311",
            "triggers": null
          },
          "sensitive_attributes": [],
          "dependencies": [
            "module.api_gateway.aws_api_gateway_deployment.api_keys_api",
            "module.api_gateway.aws_api_gateway_integration.validate",
            "module.api_gateway.aws_api_gateway_method.validate",
            "module.api_gateway.aws_api_gateway_resource.validate",
            "module.api_gateway.aws_api_gateway_rest_api.api_keys_api",
            "module.api_gateway.aws_api_gateway_stage.api_keys_api"
          ]
        }
      ]
    },
    {
      "module": "module.celery_redis",
      "mode": "managed",
      "type": "aws_elasticache_parameter_group",
      "name": "celery_redis",
      "provider": "provider[\"registry.terraform.io/hashicorp/aws\"]",
      "instances": [
        {
          "index_key": 0,
          "schema_version": 0,
          "attributes": {
            "arn": "arn:aws:elasticache:eu-west-2:860619597616:parametergroup:jao-celery-cache-celery-params",
            "description": "Managed by Terraform",
            "family": "redis7",
            "id": "jao-celery-cache-celery-params",
            "name": "jao-celery-cache-celery-params",
            "parameter": [
              {
                "name": "cluster-enabled",
                "value": "no"
              },
              {
                "name": "maxmemory-policy",
                "value": "allkeys-lru"
              },
              {
                "name": "tcp-keepalive",
                "value": "60"
              },
              {
                "name": "timeout",
                "value": "300"
              }
            ],
            "tags": {
              "Application": "celery",
              "Environment": "production"
            },
            "tags_all": {
              "Application": "celery",
              "Environment": "production"
            }
          },
          "sensitive_attributes": [],
          "private": "bnVsbA=="
        }
      ]
    },
    {
      "module": "module.celery_redis",
      "mode": "managed",
      "type": "aws_elasticache_replication_group",
      "name": "this",
      "provider": "provider[\"registry.terraform.io/hashicorp/aws\"]",
      "instances": [
        {
          "schema_version": 1,
          "attributes": {
            "apply_immediately": null,
            "arn": "arn:aws:elasticache:eu-west-2:860619597616:replicationgroup:jao-celery-cache",
            "at_rest_encryption_enabled": true,
            "auth_token": "",
            "auto_minor_version_upgrade": "true",
            "automatic_failover_enabled": true,
            "availability_zones": null,
            "cluster_enabled": false,
            "cluster_mode": [
              {
                "num_node_groups": 1,
                "replicas_per_node_group": 1
              }
            ],
            "configuration_endpoint_address": null,
            "data_tiering_enabled": false,
            "description": "Celery Redis Backend Replication Group",
            "engine": "redis",
            "engine_version": "7.0",
            "engine_version_actual": "7.0.7",
            "final_snapshot_identifier": null,
            "global_replication_group_id": null,
            "id": "jao-celery-cache",
            "kms_key_id": "",
            "log_delivery_configuration": [],
            "maintenance_window": "sun:05:00-sun:09:00",
            "member_clusters": [
              "jao-celery-cache-001",
              "jao-celery-cache-002"
            ],
            "multi_az_enabled": false,
            "node_type": "cache.t3.small",
            "notification_topic_arn": null,
            "num_cache_clusters": 2,
            "num_node_groups": 1,
            "number_cache_clusters": 2,
            "parameter_group_name": "jao-celery-cache-celery-params",
            "port": 6380,
            "preferred_cache_cluster_azs": null,
            "primary_endpoint_address": "master.jao-celery-cache.3rwpqo.euw2.cache.amazonaws.com",
            "reader_endpoint_address": "replica.jao-celery-cache.3rwpqo.euw2.cache.amazonaws.com",
            "replicas_per_node_group": 1,
            "replication_group_description": "Celery Redis Backend Replication Group",
            "replication_group_id": "jao-celery-cache",
            "security_group_ids": [
              "sg-0a3b52e8e85b5bb30"
            ],
            "security_group_names": [],
            "snapshot_arns": null,
            "snapshot_name": null,
            "snapshot_retention_limit": 5,
            "snapshot_window": "03:00-05:00",
            "subnet_group_name": "celery-redis-subnet-group",
            "tags": {},
            "tags_all": {},
            "timeouts": null,
            "transit_encryption_enabled": true,
            "user_group_ids": []
          },
          "sensitive_attributes": [],
          "private": "eyJlMmJmYjczMC1lY2FhLTExZTYtOGY4OC0zNDM2M2JjN2M0YzAiOnsiY3JlYXRlIjozNjAwMDAwMDAwMDAwLCJkZWxldGUiOjI0MDAwMDAwMDAwMDAsInVwZGF0ZSI6MjQwMDAwMDAwMDAwMH0sInNjaGVtYV92ZXJzaW9uIjoiMSJ9",
          "dependencies": [
            "aws_elasticache_subnet_group.main",
            "aws_security_group.redis",
            "aws_security_group.redis_client",
            "module.celery_redis.aws_elasticache_parameter_group.celery_redis",
            "module.vpc.aws_subnet.private",
            "module.vpc.aws_vpc.main"
          ]
        }
      ]
    },
    {
      "module": "module.ecs",
      "mode": "data",
      "type": "aws_region",
      "name": "current",
      "provider": "provider[\"registry.terraform.io/hashicorp/aws\"]",
      "instances": [
        {
          "schema_version": 0,
          "attributes": {
            "description": "Europe (London)",
            "endpoint": "ec2.eu-west-2.amazonaws.com",
            "id": "eu-west-2",
            "name": "eu-west-2"
          },
          "sensitive_attributes": []
        }
      ]
    },
    {
      "module": "module.ecs",
      "mode": "data",
      "type": "aws_vpc",
      "name": "main",
      "provider": "provider[\"registry.terraform.io/hashicorp/aws\"]",
      "instances": [
        {
          "schema_version": 0,
          "attributes": {
            "arn": "arn:aws:ec2:eu-west-2:860619597616:vpc/vpc-08a6f73395b81df6e",
            "cidr_block": "10.0.0.0/16",
            "cidr_block_associations": [
              {
                "association_id": "vpc-cidr-assoc-034c8b2f5680ee3bb",
                "cidr_block": "10.0.0.0/16",
                "state": "associated"
              }
            ],
            "default": false,
            "dhcp_options_id": "dopt-818da0e9",
            "enable_dns_hostnames": true,
            "enable_dns_support": true,
            "enable_network_address_usage_metrics": false,
            "filter": null,
            "id": "vpc-08a6f73395b81df6e",
            "instance_tenancy": "default",
            "ipv6_association_id": "",
            "ipv6_cidr_block": "",
            "main_route_table_id": "rtb-03a73d39b6a843fb1",
            "owner_id": "860619597616",
            "state": null,
            "tags": {
              "Environment": "dev",
              "ManagedBy": "terraform",
              "Name": "jao-dev-vpc",
              "Project": "jao"
            },
            "timeouts": null
          },
          "sensitive_attributes": []
        }
      ]
    },
    {
      "module": "module.ecs",
      "mode": "managed",
      "type": "aws_cloudwatch_dashboard",
      "name": "api_monitoring",
      "provider": "provider[\"registry.terraform.io/hashicorp/aws\"]",
      "instances": [
        {
          "index_key": 0,
          "schema_version": 0,
          "attributes": {
            "dashboard_arn": "arn:aws:cloudwatch::860619597616:dashboard/jao-dev-monitoring",
            "dashboard_body": "{\"widgets\":[{\"height\":6,\"properties\":{\"metrics\":[[\"AWS/ECS\",\"CPUUtilization\",\"ServiceName\",\"jao-dev-api-service\",\"ClusterName\",\"jao-dev-cluster\",{\"stat\":\"Average\"}],[\".\",\"MemoryUtilization\",\".\",\".\",\".\",\".\",{\"stat\":\"Average\"}]],\"period\":300,\"region\":\"eu-west-2\",\"stacked\":false,\"title\":\"Web Service - CPU and Memory\",\"view\":\"timeSeries\"},\"type\":\"metric\",\"x\":0,\"y\":0},{\"height\":6,\"properties\":{\"metrics\":[[\"API/Errors\",\"jao-dev-APIErrors\",{\"stat\":\"Sum\"}],[\"Celery/Errors\",\"jao-dev-CeleryErrors\",{\"stat\":\"Sum\"}]],\"period\":300,\"region\":\"eu-west-2\",\"stacked\":false,\"title\":\"Error Counts\",\"view\":\"timeSeries\"},\"type\":\"metric\",\"width\":12,\"x\":12,\"y\":0},{\"height\":6,\"properties\":{\"metrics\":[[\"AWS/ECS\",\"CPUUtilization\",\"ServiceName\",\"jao-dev-worker-service\",\"ClusterName\",\"jao-dev-cluster\",{\"stat\":\"Average\"}],[\".\",\"MemoryUtilization\",\".\",\".\",\".\",\".\",{\"stat\":\"Average\"}]],\"period\":300,\"region\":\"eu-west-2\",\"stacked\":false,\"title\":\"Worker Service - CPU and Memory\",\"view\":\"timeSeries\"},\"type\":\"metric\",\"width\":12,\"x\":0,\"y\":6},{\"height\":6,\"properties\":{\"metrics\":[[\"AWS/ECS\",\"RunningTaskCount\",\"ServiceName\",\"jao-dev-beat-service\",\"ClusterName\",\"jao-dev-cluster\",{\"stat\":\"Average\"}],[\".\",\".\",\"ServiceName\",\"jao-dev-beat-service\",\".\",\".\",{\"stat\":\"Average\"}]],\"period\":300,\"region\":\"eu-west-2\",\"stacked\":false,\"title\":\"Celery Services - Running Tasks\",\"view\":\"timeSeries\"},\"type\":\"metric\",\"width\":12,\"x\":12,\"y\":6}]}",
            "dashboard_name": "jao-dev-monitoring",
            "id": "jao-dev-monitoring"
          },
          "sensitive_attributes": [],
          "private": "bnVsbA==",
          "dependencies": [
            "aws_ecr_repository.app",
            "aws_elasticache_subnet_group.main",
            "aws_security_group.db_access",
            "aws_security_group.redis",
            "aws_security_group.redis_client",
            "module.celery_redis.aws_elasticache_parameter_group.celery_redis",
            "module.celery_redis.aws_elasticache_replication_group.this",
            "module.ecs.aws_cloudwatch_log_group.app",
            "module.ecs.aws_ecs_cluster.main",
            "module.ecs.aws_ecs_service.api",
            "module.ecs.aws_ecs_service.beat",
            "module.ecs.aws_ecs_service.worker",
            "module.ecs.aws_ecs_task_definition.api",
            "module.ecs.aws_ecs_task_definition.beat",
            "module.ecs.aws_ecs_task_definition.worker",
            "module.ecs.aws_iam_role.ecs_task_execution_role",
            "module.ecs.aws_iam_role.ecs_task_role",
            "module.ecs.aws_lb.main",
            "module.ecs.aws_lb_listener.http",
            "module.ecs.aws_lb_target_group.admin",
            "module.ecs.aws_lb_target_group.app",
            "module.ecs.aws_security_group.admin_alb",
            "module.ecs.aws_security_group.ecs_tasks",
            "module.ecs.data.aws_region.current",
            "module.ecs.data.aws_vpc.main",
            "module.vectordb.aws_db_subnet_group.aurora",
            "module.vectordb.aws_rds_cluster.aurora",
            "module.vectordb.aws_rds_cluster_parameter_group.aurora",
            "module.vectordb.aws_security_group.aurora",
            "module.vpc.aws_eip.nat",
            "module.vpc.aws_internet_gateway.igw",
            "module.vpc.aws_nat_gateway.nat",
            "module.vpc.aws_route_table.private",
            "module.vpc.aws_route_table.public",
            "module.vpc.aws_route_table_association.private",
            "module.vpc.aws_route_table_association.public",
            "module.vpc.aws_security_group.vpc_endpoints",
            "module.vpc.aws_subnet.private",
            "module.vpc.aws_subnet.public",
            "module.vpc.aws_vpc.main",
            "module.vpc.aws_vpc_endpoint.ecr_api",
            "module.vpc.aws_vpc_endpoint.ecr_dkr",
            "module.vpc.aws_vpc_endpoint.logs",
            "module.vpc.aws_vpc_endpoint.s3",
            "module.vpc.data.aws_region.current",
            "module.vpc.data.aws_vpc_endpoint.existing_ecr_api",
            "module.vpc.data.aws_vpc_endpoint.existing_ecr_dkr",
            "module.vpc.data.aws_vpc_endpoint.existing_logs",
            "module.vpc.data.aws_vpc_endpoint.existing_s3"
          ]
        }
      ]
    },
    {
      "module": "module.ecs",
      "mode": "managed",
      "type": "aws_cloudwatch_log_group",
      "name": "app",
      "provider": "provider[\"registry.terraform.io/hashicorp/aws\"]",
      "instances": [
        {
          "schema_version": 0,
          "attributes": {
            "arn": "arn:aws:logs:eu-west-2:860619597616:log-group:/ecs/jao-dev",
            "id": "/ecs/jao-dev",
            "kms_key_id": "",
            "name": "/ecs/jao-dev",
            "name_prefix": "",
            "retention_in_days": 30,
            "skip_destroy": false,
            "tags": {
              "Environment": "dev",
              "ManagedBy": "terraform",
              "Name": "jao-dev-log-group",
              "Project": "jao"
            },
            "tags_all": {
              "Environment": "dev",
              "ManagedBy": "terraform",
              "Name": "jao-dev-log-group",
              "Project": "jao"
            }
          },
          "sensitive_attributes": [],
          "private": "bnVsbA=="
        }
      ]
    },
    {
      "module": "module.ecs",
      "mode": "managed",
      "type": "aws_cloudwatch_log_metric_filter",
      "name": "api_errors",
      "provider": "provider[\"registry.terraform.io/hashicorp/aws\"]",
      "instances": [
        {
          "index_key": 0,
          "schema_version": 0,
          "attributes": {
            "id": "jao-dev-api-errors",
            "log_group_name": "/ecs/jao-dev",
            "metric_transformation": [
              {
                "default_value": "0",
                "dimensions": {},
                "name": "jao-dev-APIErrors",
                "namespace": "API/Errors",
                "unit": "None",
                "value": "1"
              }
            ],
            "name": "jao-dev-api-errors",
            "pattern": "{$.level = \"error\" || $.level = \"ERROR\"}"
          },
          "sensitive_attributes": [],
          "private": "bnVsbA==",
          "dependencies": [
            "module.ecs.aws_cloudwatch_log_group.app"
          ]
        }
      ]
    },
    {
      "module": "module.ecs",
      "mode": "managed",
      "type": "aws_cloudwatch_log_metric_filter",
      "name": "api_latency",
      "provider": "provider[\"registry.terraform.io/hashicorp/aws\"]",
      "instances": [
        {
          "index_key": 0,
          "schema_version": 0,
          "attributes": {
            "id": "jao-dev-api-latency",
            "log_group_name": "/ecs/jao-dev",
            "metric_transformation": [
              {
                "default_value": "0",
                "dimensions": {},
                "name": "jao-dev-APILatency",
                "namespace": "API/Performance",
                "unit": "None",
                "value": "$.responseTime"
              }
            ],
            "name": "jao-dev-api-latency",
            "pattern": "{$.responseTime \u003e 0}"
          },
          "sensitive_attributes": [],
          "private": "bnVsbA==",
          "dependencies": [
            "module.ecs.aws_cloudwatch_log_group.app"
          ]
        }
      ]
    },
    {
      "module": "module.ecs",
      "mode": "managed",
      "type": "aws_ecs_cluster",
      "name": "main",
      "provider": "provider[\"registry.terraform.io/hashicorp/aws\"]",
      "instances": [
        {
          "schema_version": 0,
          "attributes": {
            "arn": "arn:aws:ecs:eu-west-2:860619597616:cluster/jao-dev-cluster",
            "capacity_providers": [],
            "configuration": [
              {
                "execute_command_configuration": [
                  {
                    "kms_key_id": "",
                    "log_configuration": [
                      {
                        "cloud_watch_encryption_enabled": false,
                        "cloud_watch_log_group_name": "/ecs/jao-dev",
                        "s3_bucket_encryption_enabled": false,
                        "s3_bucket_name": "",
                        "s3_key_prefix": ""
                      }
                    ],
                    "logging": "OVERRIDE"
                  }
                ]
              }
            ],
            "default_capacity_provider_strategy": [],
            "id": "arn:aws:ecs:eu-west-2:860619597616:cluster/jao-dev-cluster",
            "name": "jao-dev-cluster",
            "service_connect_defaults": [],
            "setting": [
              {
                "name": "containerInsights",
                "value": "enabled"
              }
            ],
            "tags": {
              "Environment": "dev",
              "ManagedBy": "terraform",
              "Name": "jao-dev-cluster",
              "Project": "jao"
            },
            "tags_all": {
              "Environment": "dev",
              "ManagedBy": "terraform",
              "Name": "jao-dev-cluster",
              "Project": "jao"
            }
          },
          "sensitive_attributes": [],
          "private": "bnVsbA==",
          "dependencies": [
            "module.ecs.aws_cloudwatch_log_group.app"
          ]
        }
      ]
    },
    {
      "module": "module.ecs",
      "mode": "managed",
      "type": "aws_ecs_service",
      "name": "api",
      "provider": "provider[\"registry.terraform.io/hashicorp/aws\"]",
      "instances": [
        {
          "schema_version": 0,
          "attributes": {
            "alarms": [],
            "capacity_provider_strategy": [],
            "cluster": "arn:aws:ecs:eu-west-2:860619597616:cluster/jao-dev-cluster",
            "deployment_circuit_breaker": [
              {
                "enable": true,
                "rollback": true
              }
            ],
            "deployment_controller": [
              {
                "type": "ECS"
              }
            ],
            "deployment_maximum_percent": 200,
            "deployment_minimum_healthy_percent": 100,
            "desired_count": 1,
            "enable_ecs_managed_tags": true,
            "enable_execute_command": true,
            "force_new_deployment": null,
            "health_check_grace_period_seconds": 0,
            "iam_role": "/aws-service-role/ecs.amazonaws.com/AWSServiceRoleForECS",
            "id": "arn:aws:ecs:eu-west-2:860619597616:service/jao-dev-cluster/jao-dev-api-service",
            "launch_type": "FARGATE",
            "load_balancer": [
              {
                "container_name": "jao",
                "container_port": 8000,
                "elb_name": "",
                "target_group_arn": "arn:aws:elasticloadbalancing:eu-west-2:860619597616:targetgroup/jao-dev-alb-tg/3b8852dd48eec77b"
              },
              {
                "container_name": "jao",
                "container_port": 8000,
                "elb_name": "",
                "target_group_arn": "arn:aws:elasticloadbalancing:eu-west-2:860619597616:targetgroup/jao-dev-nlb-tg/3c99eaca3b6a2db0"
              }
            ],
            "name": "jao-dev-api-service",
            "network_configuration": [
              {
                "assign_public_ip": false,
                "security_groups": [
                  "sg-033171a73cb68239d",
                  "sg-0a3b52e8e85b5bb30",
                  "sg-0c928a596c4ed3ffd"
                ],
                "subnets": [
                  "subnet-04e4bdac8812ae5c4",
                  "subnet-09fecb8cc066b866e"
                ]
              }
            ],
            "ordered_placement_strategy": [],
            "placement_constraints": [],
            "platform_version": "LATEST",
            "propagate_tags": "SERVICE",
            "scheduling_strategy": "REPLICA",
            "service_connect_configuration": [],
            "service_registries": [],
            "tags": {
              "Environment": "dev",
              "ManagedBy": "terraform",
              "Name": "jao-dev-api-service",
              "Project": "jao"
            },
            "tags_all": {
              "Environment": "dev",
              "ManagedBy": "terraform",
              "Name": "jao-dev-api-service",
              "Project": "jao"
            },
            "task_definition": "arn:aws:ecs:eu-west-2:860619597616:task-definition/jao-dev-api-task:95",
            "timeouts": null,
            "triggers": {},
            "wait_for_steady_state": false
          },
          "sensitive_attributes": [],
          "private": "eyJlMmJmYjczMC1lY2FhLTExZTYtOGY4OC0zNDM2M2JjN2M0YzAiOnsiY3JlYXRlIjoxMjAwMDAwMDAwMDAwLCJkZWxldGUiOjEyMDAwMDAwMDAwMDAsInVwZGF0ZSI6MTIwMDAwMDAwMDAwMH19",
          "dependencies": [
            "aws_ecr_repository.app",
            "aws_security_group.db_access",
            "aws_security_group.redis_client",
            "module.celery_redis.aws_elasticache_replication_group.this",
            "module.ecs.aws_cloudwatch_log_group.app",
            "module.ecs.aws_ecs_cluster.main",
            "module.ecs.aws_ecs_task_definition.api",
            "module.ecs.aws_iam_role.ecs_task_execution_role",
            "module.ecs.aws_iam_role.ecs_task_role",
            "module.ecs.aws_lb_listener.http",
            "module.ecs.aws_lb_target_group.admin",
            "module.ecs.aws_lb_target_group.app",
            "module.ecs.aws_security_group.ecs_tasks",
            "module.ecs.data.aws_region.current",
            "module.vectordb.aws_rds_cluster.aurora",
            "module.vpc.aws_subnet.private"
          ]
        }
      ]
    },
    {
      "module": "module.ecs",
      "mode": "managed",
      "type": "aws_ecs_service",
      "name": "beat",
      "provider": "provider[\"registry.terraform.io/hashicorp/aws\"]",
      "instances": [
        {
          "index_key": 0,
          "schema_version": 0,
          "attributes": {
            "alarms": [],
            "capacity_provider_strategy": [],
            "cluster": "arn:aws:ecs:eu-west-2:860619597616:cluster/jao-dev-cluster",
            "deployment_circuit_breaker": [
              {
                "enable": true,
                "rollback": true
              }
            ],
            "deployment_controller": [
              {
                "type": "ECS"
              }
            ],
            "deployment_maximum_percent": 100,
            "deployment_minimum_healthy_percent": 0,
            "desired_count": 1,
            "enable_ecs_managed_tags": true,
            "enable_execute_command": true,
            "force_new_deployment": null,
            "health_check_grace_period_seconds": 0,
            "iam_role": "/aws-service-role/ecs.amazonaws.com/AWSServiceRoleForECS",
            "id": "arn:aws:ecs:eu-west-2:860619597616:service/jao-dev-cluster/jao-dev-beat-service",
            "launch_type": "FARGATE",
            "load_balancer": [],
            "name": "jao-dev-beat-service",
            "network_configuration": [
              {
                "assign_public_ip": false,
                "security_groups": [
                  "sg-033171a73cb68239d",
                  "sg-0a3b52e8e85b5bb30",
                  "sg-0c928a596c4ed3ffd"
                ],
                "subnets": [
                  "subnet-04e4bdac8812ae5c4",
                  "subnet-09fecb8cc066b866e"
                ]
              }
            ],
            "ordered_placement_strategy": [],
            "placement_constraints": [],
            "platform_version": "LATEST",
            "propagate_tags": "SERVICE",
            "scheduling_strategy": "REPLICA",
            "service_connect_configuration": [],
            "service_registries": [],
            "tags": {
              "Environment": "dev",
              "ManagedBy": "terraform",
              "Name": "jao-dev-beat-service",
              "Project": "jao"
            },
            "tags_all": {
              "Environment": "dev",
              "ManagedBy": "terraform",
              "Name": "jao-dev-beat-service",
              "Project": "jao"
            },
            "task_definition": "arn:aws:ecs:eu-west-2:860619597616:task-definition/jao-dev-beat-task:88",
            "timeouts": null,
            "triggers": {},
            "wait_for_steady_state": false
          },
          "sensitive_attributes": [],
          "private": "eyJlMmJmYjczMC1lY2FhLTExZTYtOGY4OC0zNDM2M2JjN2M0YzAiOnsiY3JlYXRlIjoxMjAwMDAwMDAwMDAwLCJkZWxldGUiOjEyMDAwMDAwMDAwMDAsInVwZGF0ZSI6MTIwMDAwMDAwMDAwMH19",
          "dependencies": [
            "aws_ecr_repository.app",
            "aws_security_group.db_access",
            "aws_security_group.redis_client",
            "module.celery_redis.aws_elasticache_replication_group.this",
            "module.ecs.aws_cloudwatch_log_group.app",
            "module.ecs.aws_ecs_cluster.main",
            "module.ecs.aws_ecs_task_definition.beat",
            "module.ecs.aws_iam_role.ecs_task_execution_role",
            "module.ecs.aws_iam_role.ecs_task_role",
            "module.ecs.aws_security_group.ecs_tasks",
            "module.ecs.data.aws_region.current",
            "module.vectordb.aws_rds_cluster.aurora",
            "module.vpc.aws_subnet.private"
          ]
        }
      ]
    },
    {
      "module": "module.ecs",
      "mode": "managed",
      "type": "aws_ecs_service",
      "name": "worker",
      "provider": "provider[\"registry.terraform.io/hashicorp/aws\"]",
      "instances": [
        {
          "index_key": 0,
          "schema_version": 0,
          "attributes": {
            "alarms": [],
            "capacity_provider_strategy": [],
            "cluster": "arn:aws:ecs:eu-west-2:860619597616:cluster/jao-dev-cluster",
            "deployment_circuit_breaker": [
              {
                "enable": true,
                "rollback": true
              }
            ],
            "deployment_controller": [
              {
                "type": "ECS"
              }
            ],
            "deployment_maximum_percent": 200,
            "deployment_minimum_healthy_percent": 100,
            "desired_count": 2,
            "enable_ecs_managed_tags": true,
            "enable_execute_command": true,
            "force_new_deployment": null,
            "health_check_grace_period_seconds": 0,
            "iam_role": "/aws-service-role/ecs.amazonaws.com/AWSServiceRoleForECS",
            "id": "arn:aws:ecs:eu-west-2:860619597616:service/jao-dev-cluster/jao-dev-worker-service",
            "launch_type": "FARGATE",
            "load_balancer": [],
            "name": "jao-dev-worker-service",
            "network_configuration": [
              {
                "assign_public_ip": false,
                "security_groups": [
                  "sg-033171a73cb68239d",
                  "sg-0a3b52e8e85b5bb30",
                  "sg-0c928a596c4ed3ffd"
                ],
                "subnets": [
                  "subnet-04e4bdac8812ae5c4",
                  "subnet-09fecb8cc066b866e"
                ]
              }
            ],
            "ordered_placement_strategy": [],
            "placement_constraints": [],
            "platform_version": "LATEST",
            "propagate_tags": "SERVICE",
            "scheduling_strategy": "REPLICA",
            "service_connect_configuration": [],
            "service_registries": [],
            "tags": {
              "Environment": "dev",
              "ManagedBy": "terraform",
              "Name": "jao-dev-worker-service",
              "Project": "jao"
            },
            "tags_all": {
              "Environment": "dev",
              "ManagedBy": "terraform",
              "Name": "jao-dev-worker-service",
              "Project": "jao"
            },
            "task_definition": "arn:aws:ecs:eu-west-2:860619597616:task-definition/jao-dev-worker-task:88",
            "timeouts": null,
            "triggers": {},
            "wait_for_steady_state": false
          },
          "sensitive_attributes": [],
          "private": "eyJlMmJmYjczMC1lY2FhLTExZTYtOGY4OC0zNDM2M2JjN2M0YzAiOnsiY3JlYXRlIjoxMjAwMDAwMDAwMDAwLCJkZWxldGUiOjEyMDAwMDAwMDAwMDAsInVwZGF0ZSI6MTIwMDAwMDAwMDAwMH19",
          "dependencies": [
            "aws_ecr_repository.app",
            "aws_security_group.db_access",
            "aws_security_group.redis_client",
            "module.celery_redis.aws_elasticache_replication_group.this",
            "module.ecs.aws_cloudwatch_log_group.app",
            "module.ecs.aws_ecs_cluster.main",
            "module.ecs.aws_ecs_task_definition.worker",
            "module.ecs.aws_iam_role.ecs_task_execution_role",
            "module.ecs.aws_iam_role.ecs_task_role",
            "module.ecs.aws_security_group.ecs_tasks",
            "module.ecs.data.aws_region.current",
            "module.vectordb.aws_rds_cluster.aurora",
            "module.vpc.aws_subnet.private"
          ]
        }
      ]
    },
    {
      "module": "module.ecs",
      "mode": "managed",
      "type": "aws_ecs_task_definition",
      "name": "api",
      "provider": "provider[\"registry.terraform.io/hashicorp/aws\"]",
      "instances": [
        {
          "schema_version": 1,
          "attributes": {
            "arn": "arn:aws:ecs:eu-west-2:860619597616:task-definition/jao-dev-api-task:95",
            "arn_without_revision": "arn:aws:ecs:eu-west-2:860619597616:task-definition/jao-dev-api-task",
            "container_definitions": "[{\"command\":[\"poetry\",\"run\",\"hypercorn\",\"src.asgi:application\",\"--bind\",\"0.0.0.0:8000\"],\"cpu\":0,\"environment\":[{\"name\":\"API_STAGE_NAME\",\"value\":\"dev\"},{\"name\":\"CELERY_BROKER_URL\",\"value\":\"redis://replica.jao-celery-cache.3rwpqo.euw2.cache.amazonaws.com:6380/0\"},{\"name\":\"CELERY_RESULT_BACKEND\",\"value\":\"redis://replica.jao-celery-cache.3rwpqo.euw2.cache.amazonaws.com:6380/1\"},{\"name\":\"DB_HOST\",\"value\":\"jao-dev-cluster.cluster-cvgiwsy9mkjc.eu-west-2.rds.amazonaws.com\"},{\"name\":\"DB_NAME\",\"value\":\"jaodevdb\"},{\"name\":\"DB_PASSWORD\",\"value\":\"secrettpassword\"},{\"name\":\"DB_PORT\",\"value\":\"5432\"},{\"name\":\"DB_USER\",\"value\":\"dbadmin\"},{\"name\":\"DEPLOYMENT_TYPE\",\"value\":\"aws\"},{\"name\":\"DJANGO_ADMIN_URL\",\"value\":\"django-admin/\"},{\"name\":\"DJANGO_ALLOWED_HOSTS\",\"value\":\"*\"},{\"name\":\"DJANGO_DEBUG\",\"value\":\"True\"},{\"name\":\"DJANGO_SETTINGS_MODULE\",\"value\":\"jao_backend.settings.dev\"},{\"name\":\"ENABLE_API_METRICS\",\"value\":\"true\"},{\"name\":\"ENABLE_METRICS\",\"value\":\"true\"},{\"name\":\"ENABLE_RATE_LIMITING\",\"value\":\"true\"},{\"name\":\"ENV\",\"value\":\"dev\"},{\"name\":\"JAO_BACKEND_DATABASE_URL\",\"value\":\"postgresql://dbadmin:secrettpassword@jao-dev-cluster.cluster-cvgiwsy9mkjc.eu-west-2.rds.amazonaws.com:5432/jaodevdb\"},{\"name\":\"JAO_BACKEND_ENABLE_OLEEO\",\"value\":\"1\"},{\"name\":\"JAO_BACKEND_LITELLM_API_BASE\",\"value\":\"http://127.0.0.1:11434/api/embed\"},{\"name\":\"JAO_BACKEND_LITELLM_CUSTOM_PROVIDER\",\"value\":\"ollama\"},{\"name\":\"JAO_BACKEND_OLEEO_DATABASE_URL\",\"value\":\"mssqlms://JAO_admin:85h0br7YOr@gridpatpreprodrdssqlstack-rdsdbinstance-kdljxcoy9jmr.cvgiwsy9mkjc.eu-west-2.rds.amazonaws.com:1433/DART_Dev\"},{\"name\":\"JAO_BACKEND_SECRET_KEY\",\"value\":\"8e5c0e0f457aeec89329be09\"},{\"name\":\"JAO_BACKEND_SUPERUSER_EMAIL\",\"value\":\"jao-admin@example.com\"},{\"name\":\"JAO_BACKEND_SUPERUSER_PASSWORD\",\"value\":\"password\"},{\"name\":\"JAO_BACKEND_SUPERUSER_USERNAME\",\"value\":\"jao-admin\"},{\"name\":\"JAO_EMBEDDER_SUMMARY_RESPONSIBILITIES\",\"value\":\"ollama/nomic-embed-text:latest\"},{\"name\":\"LOG_LEVEL\",\"value\":\"debug\"},{\"name\":\"MAX_REQUESTS_PER_MIN\",\"value\":\"2000\"}],\"essential\":true,\"healthCheck\":{\"command\":[\"CMD-SHELL\",\"curl -f http://localhost:8000/health || python -c \\\"import urllib.request; urllib.request.urlopen('http://localhost:8000/health')\\\" || exit 1\"],\"interval\":30,\"retries\":3,\"startPeriod\":120,\"timeout\":10},\"image\":\"860619597616.dkr.ecr.eu-west-2.amazonaws.com/jao-dev:latest\",\"logConfiguration\":{\"logDriver\":\"awslogs\",\"options\":{\"awslogs-group\":\"/ecs/jao-dev\",\"awslogs-region\":\"eu-west-2\",\"awslogs-stream-prefix\":\"web\"}},\"mountPoints\":[],\"name\":\"jao\",\"portMappings\":[{\"containerPort\":8000,\"hostPort\":8000,\"protocol\":\"tcp\"}],\"systemControls\":[],\"volumesFrom\":[]}]",
            "cpu": "512",
            "ephemeral_storage": [],
            "execution_role_arn": "arn:aws:iam::860619597616:role/jao-dev-ecs-task-execution-role",
            "family": "jao-dev-api-task",
            "id": "jao-dev-api-task",
            "inference_accelerator": [],
            "ipc_mode": "",
            "memory": "1024",
            "network_mode": "awsvpc",
            "pid_mode": "",
            "placement_constraints": [],
            "proxy_configuration": [],
            "requires_compatibilities": [
              "FARGATE"
            ],
            "revision": 95,
            "runtime_platform": [],
            "skip_destroy": false,
            "tags": {
              "Environment": "dev",
              "ManagedBy": "terraform",
              "Name": "jao-dev-web-task-definition",
              "Project": "jao"
            },
            "tags_all": {
              "Environment": "dev",
              "ManagedBy": "terraform",
              "Name": "jao-dev-web-task-definition",
              "Project": "jao"
            },
            "task_role_arn": "arn:aws:iam::860619597616:role/jao-dev-ecs-task-role",
            "volume": []
          },
          "sensitive_attributes": [],
          "private": "eyJzY2hlbWFfdmVyc2lvbiI6IjEifQ==",
          "dependencies": [
            "aws_ecr_repository.app",
            "module.celery_redis.aws_elasticache_replication_group.this",
            "module.ecs.aws_cloudwatch_log_group.app",
            "module.ecs.aws_iam_role.ecs_task_execution_role",
            "module.ecs.aws_iam_role.ecs_task_role",
            "module.ecs.data.aws_region.current",
            "module.vectordb.aws_rds_cluster.aurora"
          ]
        }
      ]
    },
    {
      "module": "module.ecs",
      "mode": "managed",
      "type": "aws_ecs_task_definition",
      "name": "beat",
      "provider": "provider[\"registry.terraform.io/hashicorp/aws\"]",
      "instances": [
        {
          "index_key": 0,
          "schema_version": 1,
          "attributes": {
            "arn": "arn:aws:ecs:eu-west-2:860619597616:task-definition/jao-dev-beat-task:88",
            "arn_without_revision": "arn:aws:ecs:eu-west-2:860619597616:task-definition/jao-dev-beat-task",
            "container_definitions": "[{\"command\":[\"poetry\",\"run\",\"celery\",\"-A\",\"jao_backend.common.celery\",\"beat\",\"--loglevel=INFO\"],\"cpu\":0,\"environment\":[{\"name\":\"API_STAGE_NAME\",\"value\":\"dev\"},{\"name\":\"CELERY_BROKER_URL\",\"value\":\"redis://replica.jao-celery-cache.3rwpqo.euw2.cache.amazonaws.com:6380/0\"},{\"name\":\"CELERY_RESULT_BACKEND\",\"value\":\"redis://replica.jao-celery-cache.3rwpqo.euw2.cache.amazonaws.com:6380/1\"},{\"name\":\"DB_HOST\",\"value\":\"jao-dev-cluster.cluster-cvgiwsy9mkjc.eu-west-2.rds.amazonaws.com\"},{\"name\":\"DB_NAME\",\"value\":\"jaodevdb\"},{\"name\":\"DB_PASSWORD\",\"value\":\"secrettpassword\"},{\"name\":\"DB_PORT\",\"value\":\"5432\"},{\"name\":\"DB_USER\",\"value\":\"dbadmin\"},{\"name\":\"DEPLOYMENT_TYPE\",\"value\":\"aws\"},{\"name\":\"DJANGO_ADMIN_URL\",\"value\":\"django-admin/\"},{\"name\":\"DJANGO_ALLOWED_HOSTS\",\"value\":\"*\"},{\"name\":\"DJANGO_DEBUG\",\"value\":\"True\"},{\"name\":\"DJANGO_SETTINGS_MODULE\",\"value\":\"jao_backend.settings.dev\"},{\"name\":\"ENABLE_API_METRICS\",\"value\":\"true\"},{\"name\":\"ENABLE_METRICS\",\"value\":\"true\"},{\"name\":\"ENABLE_RATE_LIMITING\",\"value\":\"true\"},{\"name\":\"ENV\",\"value\":\"dev\"},{\"name\":\"JAO_BACKEND_DATABASE_URL\",\"value\":\"postgresql://dbadmin:secrettpassword@jao-dev-cluster.cluster-cvgiwsy9mkjc.eu-west-2.rds.amazonaws.com:5432/jaodevdb\"},{\"name\":\"JAO_BACKEND_ENABLE_OLEEO\",\"value\":\"1\"},{\"name\":\"JAO_BACKEND_LITELLM_API_BASE\",\"value\":\"http://127.0.0.1:11434/api/embed\"},{\"name\":\"JAO_BACKEND_LITELLM_CUSTOM_PROVIDER\",\"value\":\"ollama\"},{\"name\":\"JAO_BACKEND_OLEEO_DATABASE_URL\",\"value\":\"mssqlms://JAO_admin:85h0br7YOr@gridpatpreprodrdssqlstack-rdsdbinstance-kdljxcoy9jmr.cvgiwsy9mkjc.eu-west-2.rds.amazonaws.com:1433/DART_Dev\"},{\"name\":\"JAO_BACKEND_SECRET_KEY\",\"value\":\"8e5c0e0f457aeec89329be09\"},{\"name\":\"JAO_BACKEND_SUPERUSER_EMAIL\",\"value\":\"jao-admin@example.com\"},{\"name\":\"JAO_BACKEND_SUPERUSER_PASSWORD\",\"value\":\"password\"},{\"name\":\"JAO_BACKEND_SUPERUSER_USERNAME\",\"value\":\"jao-admin\"},{\"name\":\"JAO_EMBEDDER_SUMMARY_RESPONSIBILITIES\",\"value\":\"ollama/nomic-embed-text:latest\"},{\"name\":\"LOG_LEVEL\",\"value\":\"debug\"},{\"name\":\"MAX_REQUESTS_PER_MIN\",\"value\":\"2000\"}],\"essential\":true,\"image\":\"860619597616.dkr.ecr.eu-west-2.amazonaws.com/jao-dev:latest\",\"logConfiguration\":{\"logDriver\":\"awslogs\",\"options\":{\"awslogs-group\":\"/ecs/jao-dev\",\"awslogs-region\":\"eu-west-2\",\"awslogs-stream-prefix\":\"beat\"}},\"mountPoints\":[],\"name\":\"celery-beat\",\"portMappings\":[{\"containerPort\":8000,\"hostPort\":8000,\"protocol\":\"tcp\"}],\"systemControls\":[],\"volumesFrom\":[]}]",
            "cpu": "256",
            "ephemeral_storage": [],
            "execution_role_arn": "arn:aws:iam::860619597616:role/jao-dev-ecs-task-execution-role",
            "family": "jao-dev-beat-task",
            "id": "jao-dev-beat-task",
            "inference_accelerator": [],
            "ipc_mode": "",
            "memory": "512",
            "network_mode": "awsvpc",
            "pid_mode": "",
            "placement_constraints": [],
            "proxy_configuration": [],
            "requires_compatibilities": [
              "FARGATE"
            ],
            "revision": 88,
            "runtime_platform": [],
            "skip_destroy": false,
            "tags": {
              "Environment": "dev",
              "ManagedBy": "terraform",
              "Name": "jao-dev-beat-task-definition",
              "Project": "jao"
            },
            "tags_all": {
              "Environment": "dev",
              "ManagedBy": "terraform",
              "Name": "jao-dev-beat-task-definition",
              "Project": "jao"
            },
            "task_role_arn": "arn:aws:iam::860619597616:role/jao-dev-ecs-task-role",
            "volume": []
          },
          "sensitive_attributes": [],
          "private": "eyJzY2hlbWFfdmVyc2lvbiI6IjEifQ==",
          "dependencies": [
            "aws_ecr_repository.app",
            "module.celery_redis.aws_elasticache_replication_group.this",
            "module.ecs.aws_cloudwatch_log_group.app",
            "module.ecs.aws_iam_role.ecs_task_execution_role",
            "module.ecs.aws_iam_role.ecs_task_role",
            "module.ecs.data.aws_region.current",
            "module.vectordb.aws_rds_cluster.aurora"
          ]
        }
      ]
    },
    {
      "module": "module.ecs",
      "mode": "managed",
      "type": "aws_ecs_task_definition",
      "name": "worker",
      "provider": "provider[\"registry.terraform.io/hashicorp/aws\"]",
      "instances": [
        {
          "index_key": 0,
          "schema_version": 1,
          "attributes": {
            "arn": "arn:aws:ecs:eu-west-2:860619597616:task-definition/jao-dev-worker-task:88",
            "arn_without_revision": "arn:aws:ecs:eu-west-2:860619597616:task-definition/jao-dev-worker-task",
            "container_definitions": "[{\"command\":[\"poetry\",\"run\",\"celery\",\"-A\",\"jao_backend.common.celery\",\"worker\",\"--loglevel=INFO\",\"--concurrency=4\"],\"cpu\":0,\"environment\":[{\"name\":\"API_STAGE_NAME\",\"value\":\"dev\"},{\"name\":\"CELERY_BROKER_URL\",\"value\":\"redis://replica.jao-celery-cache.3rwpqo.euw2.cache.amazonaws.com:6380/0\"},{\"name\":\"CELERY_RESULT_BACKEND\",\"value\":\"redis://replica.jao-celery-cache.3rwpqo.euw2.cache.amazonaws.com:6380/1\"},{\"name\":\"CELERY_WORKER_CONCURRENCY\",\"value\":\"4\"},{\"name\":\"DB_HOST\",\"value\":\"jao-dev-cluster.cluster-cvgiwsy9mkjc.eu-west-2.rds.amazonaws.com\"},{\"name\":\"DB_NAME\",\"value\":\"jaodevdb\"},{\"name\":\"DB_PASSWORD\",\"value\":\"secrettpassword\"},{\"name\":\"DB_PORT\",\"value\":\"5432\"},{\"name\":\"DB_USER\",\"value\":\"dbadmin\"},{\"name\":\"DEPLOYMENT_TYPE\",\"value\":\"aws\"},{\"name\":\"DJANGO_ADMIN_URL\",\"value\":\"django-admin/\"},{\"name\":\"DJANGO_ALLOWED_HOSTS\",\"value\":\"*\"},{\"name\":\"DJANGO_DEBUG\",\"value\":\"True\"},{\"name\":\"DJANGO_SETTINGS_MODULE\",\"value\":\"jao_backend.settings.dev\"},{\"name\":\"ENABLE_API_METRICS\",\"value\":\"true\"},{\"name\":\"ENABLE_METRICS\",\"value\":\"true\"},{\"name\":\"ENABLE_RATE_LIMITING\",\"value\":\"true\"},{\"name\":\"ENV\",\"value\":\"dev\"},{\"name\":\"JAO_BACKEND_DATABASE_URL\",\"value\":\"postgresql://dbadmin:secrettpassword@jao-dev-cluster.cluster-cvgiwsy9mkjc.eu-west-2.rds.amazonaws.com:5432/jaodevdb\"},{\"name\":\"JAO_BACKEND_ENABLE_OLEEO\",\"value\":\"1\"},{\"name\":\"JAO_BACKEND_LITELLM_API_BASE\",\"value\":\"http://127.0.0.1:11434/api/embed\"},{\"name\":\"JAO_BACKEND_LITELLM_CUSTOM_PROVIDER\",\"value\":\"ollama\"},{\"name\":\"JAO_BACKEND_OLEEO_DATABASE_URL\",\"value\":\"mssqlms://JAO_admin:85h0br7YOr@gridpatpreprodrdssqlstack-rdsdbinstance-kdljxcoy9jmr.cvgiwsy9mkjc.eu-west-2.rds.amazonaws.com:1433/DART_Dev\"},{\"name\":\"JAO_BACKEND_SECRET_KEY\",\"value\":\"8e5c0e0f457aeec89329be09\"},{\"name\":\"JAO_BACKEND_SUPERUSER_EMAIL\",\"value\":\"jao-admin@example.com\"},{\"name\":\"JAO_BACKEND_SUPERUSER_PASSWORD\",\"value\":\"password\"},{\"name\":\"JAO_BACKEND_SUPERUSER_USERNAME\",\"value\":\"jao-admin\"},{\"name\":\"JAO_EMBEDDER_SUMMARY_RESPONSIBILITIES\",\"value\":\"ollama/nomic-embed-text:latest\"},{\"name\":\"LOG_LEVEL\",\"value\":\"debug\"},{\"name\":\"MAX_REQUESTS_PER_MIN\",\"value\":\"2000\"}],\"essential\":true,\"image\":\"860619597616.dkr.ecr.eu-west-2.amazonaws.com/jao-dev:latest\",\"logConfiguration\":{\"logDriver\":\"awslogs\",\"options\":{\"awslogs-group\":\"/ecs/jao-dev\",\"awslogs-region\":\"eu-west-2\",\"awslogs-stream-prefix\":\"worker\"}},\"mountPoints\":[],\"name\":\"celery-worker\",\"portMappings\":[],\"systemControls\":[],\"volumesFrom\":[]}]",
            "cpu": "1024",
            "ephemeral_storage": [],
            "execution_role_arn": "arn:aws:iam::860619597616:role/jao-dev-ecs-task-execution-role",
            "family": "jao-dev-worker-task",
            "id": "jao-dev-worker-task",
            "inference_accelerator": [],
            "ipc_mode": "",
            "memory": "2048",
            "network_mode": "awsvpc",
            "pid_mode": "",
            "placement_constraints": [],
            "proxy_configuration": [],
            "requires_compatibilities": [
              "FARGATE"
            ],
            "revision": 88,
            "runtime_platform": [],
            "skip_destroy": false,
            "tags": {
              "Environment": "dev",
              "ManagedBy": "terraform",
              "Name": "jao-dev-worker-task-definition",
              "Project": "jao"
            },
            "tags_all": {
              "Environment": "dev",
              "ManagedBy": "terraform",
              "Name": "jao-dev-worker-task-definition",
              "Project": "jao"
            },
            "task_role_arn": "arn:aws:iam::860619597616:role/jao-dev-ecs-task-role",
            "volume": []
          },
          "sensitive_attributes": [],
          "private": "eyJzY2hlbWFfdmVyc2lvbiI6IjEifQ==",
          "dependencies": [
            "aws_ecr_repository.app",
            "module.celery_redis.aws_elasticache_replication_group.this",
            "module.ecs.aws_cloudwatch_log_group.app",
            "module.ecs.aws_iam_role.ecs_task_execution_role",
            "module.ecs.aws_iam_role.ecs_task_role",
            "module.ecs.data.aws_region.current",
            "module.vectordb.aws_rds_cluster.aurora"
          ]
        }
      ]
    },
    {
      "module": "module.ecs",
      "mode": "managed",
      "type": "aws_iam_policy",
      "name": "ecr_access_policy",
      "provider": "provider[\"registry.terraform.io/hashicorp/aws\"]",
      "instances": [
        {
          "schema_version": 0,
          "attributes": {
            "arn": "arn:aws:iam::860619597616:policy/jao-dev-ecr-access-policy",
            "description": "Policy for ECR image pull and push access",
            "id": "arn:aws:iam::860619597616:policy/jao-dev-ecr-access-policy",
            "name": "jao-dev-ecr-access-policy",
            "name_prefix": "",
            "path": "/",
            "policy": "{\"Statement\":[{\"Action\":[\"ecr:GetDownloadUrlForLayer\",\"ecr:BatchGetImage\",\"ecr:BatchCheckLayerAvailability\",\"ecr:PutImage\",\"ecr:InitiateLayerUpload\",\"ecr:UploadLayerPart\",\"ecr:CompleteLayerUpload\"],\"Effect\":\"Allow\",\"Resource\":\"*\"},{\"Action\":\"ecr:GetAuthorizationToken\",\"Effect\":\"Allow\",\"Resource\":\"*\"}],\"Version\":\"2012-10-17\"}",
            "policy_id": "ANPA4QYHM44YDTVRXB5LQ",
            "tags": {
              "Environment": "dev",
              "ManagedBy": "terraform",
              "Name": "jao-dev-ecr-access-policy",
              "Project": "jao"
            },
            "tags_all": {
              "Environment": "dev",
              "ManagedBy": "terraform",
              "Name": "jao-dev-ecr-access-policy",
              "Project": "jao"
            }
          },
          "sensitive_attributes": [],
          "private": "bnVsbA=="
        }
      ]
    },
    {
      "module": "module.ecs",
      "mode": "managed",
      "type": "aws_iam_role",
      "name": "ecs_task_execution_role",
      "provider": "provider[\"registry.terraform.io/hashicorp/aws\"]",
      "instances": [
        {
          "schema_version": 0,
          "attributes": {
            "arn": "arn:aws:iam::860619597616:role/jao-dev-ecs-task-execution-role",
            "assume_role_policy": "{\"Statement\":[{\"Action\":\"sts:AssumeRole\",\"Effect\":\"Allow\",\"Principal\":{\"Service\":\"ecs-tasks.amazonaws.com\"}}],\"Version\":\"2012-10-17\"}",
            "create_date": "2025-07-09T15:01:28Z",
            "description": "",
            "force_detach_policies": false,
            "id": "jao-dev-ecs-task-execution-role",
            "inline_policy": [],
            "managed_policy_arns": [
              "arn:aws:iam::860619597616:policy/jao-dev-ecr-access-policy",
              "arn:aws:iam::aws:policy/service-role/AmazonECSTaskExecutionRolePolicy"
            ],
            "max_session_duration": 3600,
            "name": "jao-dev-ecs-task-execution-role",
            "name_prefix": "",
            "path": "/",
            "permissions_boundary": null,
            "role_last_used": [
              {
                "last_used_date": "2025-07-11T15:05:10Z",
                "region": "eu-west-2"
              }
            ],
            "tags": {
              "Environment": "dev",
              "ManagedBy": "terraform",
              "Name": "jao-dev-ecs-task-execution-role",
              "Project": "jao"
            },
            "tags_all": {
              "Environment": "dev",
              "ManagedBy": "terraform",
              "Name": "jao-dev-ecs-task-execution-role",
              "Project": "jao"
            },
            "unique_id": "AROA4QYHM44YBH3BRXAF3"
          },
          "sensitive_attributes": [],
          "private": "bnVsbA=="
        }
      ]
    },
    {
      "module": "module.ecs",
      "mode": "managed",
      "type": "aws_iam_role",
      "name": "ecs_task_role",
      "provider": "provider[\"registry.terraform.io/hashicorp/aws\"]",
      "instances": [
        {
          "schema_version": 0,
          "attributes": {
            "arn": "arn:aws:iam::860619597616:role/jao-dev-ecs-task-role",
            "assume_role_policy": "{\"Statement\":[{\"Action\":\"sts:AssumeRole\",\"Effect\":\"Allow\",\"Principal\":{\"Service\":\"ecs-tasks.amazonaws.com\"}}],\"Version\":\"2012-10-17\"}",
            "create_date": "2025-07-11T09:25:27Z",
            "description": "",
            "force_detach_policies": false,
            "id": "jao-dev-ecs-task-role",
            "inline_policy": [
              {
                "name": "jao-dev-ecs-exec-policy",
                "policy": "{\"Version\":\"2012-10-17\",\"Statement\":[{\"Action\":[\"ssmmessages:CreateControlChannel\",\"ssmmessages:CreateDataChannel\",\"ssmmessages:OpenControlChannel\",\"ssmmessages:OpenDataChannel\"],\"Effect\":\"Allow\",\"Resource\":\"*\"}]}"
              }
            ],
            "managed_policy_arns": [],
            "max_session_duration": 3600,
            "name": "jao-dev-ecs-task-role",
            "name_prefix": "",
            "path": "/",
            "permissions_boundary": null,
            "role_last_used": [
              {
                "last_used_date": "2025-07-11T15:18:08Z",
                "region": "eu-west-2"
              }
            ],
            "tags": {
              "Environment": "dev",
              "ManagedBy": "terraform",
              "Name": "jao-dev-ecs-task-role",
              "Project": "jao"
            },
            "tags_all": {
              "Environment": "dev",
              "ManagedBy": "terraform",
              "Name": "jao-dev-ecs-task-role",
              "Project": "jao"
            },
            "unique_id": "AROA4QYHM44YLBFOLGZVM"
          },
          "sensitive_attributes": [],
          "private": "bnVsbA=="
        }
      ]
    },
    {
      "module": "module.ecs",
      "mode": "managed",
      "type": "aws_iam_role_policy",
      "name": "ecs_exec_policy",
      "provider": "provider[\"registry.terraform.io/hashicorp/aws\"]",
      "instances": [
        {
          "schema_version": 0,
          "attributes": {
            "id": "jao-dev-ecs-task-role:jao-dev-ecs-exec-policy",
            "name": "jao-dev-ecs-exec-policy",
            "name_prefix": null,
            "policy": "{\"Version\":\"2012-10-17\",\"Statement\":[{\"Action\":[\"ssmmessages:CreateControlChannel\",\"ssmmessages:CreateDataChannel\",\"ssmmessages:OpenControlChannel\",\"ssmmessages:OpenDataChannel\"],\"Effect\":\"Allow\",\"Resource\":\"*\"}]}",
            "role": "jao-dev-ecs-task-role"
          },
          "sensitive_attributes": [],
          "private": "bnVsbA==",
          "dependencies": [
            "module.ecs.aws_iam_role.ecs_task_role"
          ]
        }
      ]
    },
    {
      "module": "module.ecs",
      "mode": "managed",
      "type": "aws_iam_role_policy_attachment",
      "name": "ecr_access_policy_attachment",
      "provider": "provider[\"registry.terraform.io/hashicorp/aws\"]",
      "instances": [
        {
          "schema_version": 0,
          "attributes": {
            "id": "jao-dev-ecs-task-execution-role-20250709150127485900000003",
            "policy_arn": "arn:aws:iam::860619597616:policy/jao-dev-ecr-access-policy",
            "role": "jao-dev-ecs-task-execution-role"
          },
          "sensitive_attributes": [],
          "private": "bnVsbA==",
          "dependencies": [
            "module.ecs.aws_iam_policy.ecr_access_policy",
            "module.ecs.aws_iam_role.ecs_task_execution_role"
          ]
        }
      ]
    },
    {
      "module": "module.ecs",
      "mode": "managed",
      "type": "aws_iam_role_policy_attachment",
      "name": "ecs_task_execution_role_policy",
      "provider": "provider[\"registry.terraform.io/hashicorp/aws\"]",
      "instances": [
        {
          "schema_version": 0,
          "attributes": {
            "id": "jao-dev-ecs-task-execution-role-20250709150127411100000001",
            "policy_arn": "arn:aws:iam::aws:policy/service-role/AmazonECSTaskExecutionRolePolicy",
            "role": "jao-dev-ecs-task-execution-role"
          },
          "sensitive_attributes": [],
          "private": "bnVsbA==",
          "dependencies": [
            "module.ecs.aws_iam_role.ecs_task_execution_role"
          ]
        }
      ]
    },
    {
      "module": "module.ecs",
      "mode": "managed",
      "type": "aws_lb",
      "name": "admin",
      "provider": "provider[\"registry.terraform.io/hashicorp/aws\"]",
      "instances": [
        {
          "schema_version": 0,
          "attributes": {
            "access_logs": [
              {
                "bucket": "",
                "enabled": false,
                "prefix": ""
              }
            ],
            "arn": "arn:aws:elasticloadbalancing:eu-west-2:860619597616:loadbalancer/app/jao-dev-alb/642fb17892c93461",
            "arn_suffix": "app/jao-dev-alb/642fb17892c93461",
            "customer_owned_ipv4_pool": "",
            "desync_mitigation_mode": "defensive",
            "dns_name": "jao-dev-alb-196601390.eu-west-2.elb.amazonaws.com",
            "drop_invalid_header_fields": false,
            "enable_cross_zone_load_balancing": true,
            "enable_deletion_protection": false,
            "enable_http2": true,
            "enable_tls_version_and_cipher_suite_headers": false,
            "enable_waf_fail_open": false,
            "enable_xff_client_port": false,
            "id": "arn:aws:elasticloadbalancing:eu-west-2:860619597616:loadbalancer/app/jao-dev-alb/642fb17892c93461",
            "idle_timeout": 60,
            "internal": false,
            "ip_address_type": "ipv4",
            "load_balancer_type": "application",
            "name": "jao-dev-alb",
            "name_prefix": null,
            "preserve_host_header": false,
            "security_groups": [
              "sg-080bf8d1a9bd35b49"
            ],
            "subnet_mapping": [
              {
                "allocation_id": "",
                "ipv6_address": "",
                "outpost_id": "",
                "private_ipv4_address": "",
                "subnet_id": "subnet-046059ab96f9f578e"
              },
              {
                "allocation_id": "",
                "ipv6_address": "",
                "outpost_id": "",
                "private_ipv4_address": "",
                "subnet_id": "subnet-0541d2d50a6153cb5"
              }
            ],
            "subnets": [
              "subnet-046059ab96f9f578e",
              "subnet-0541d2d50a6153cb5"
            ],
            "tags": {
              "Environment": "dev",
              "ManagedBy": "terraform",
              "Name": "jao-dev-alb",
              "Project": "jao"
            },
            "tags_all": {
              "Environment": "dev",
              "ManagedBy": "terraform",
              "Name": "jao-dev-alb",
              "Project": "jao"
            },
            "timeouts": null,
            "vpc_id": "vpc-08a6f73395b81df6e",
            "xff_header_processing_mode": "append",
            "zone_id": "ZHURV8PSTC4K8"
          },
          "sensitive_attributes": [],
          "private": "eyJlMmJmYjczMC1lY2FhLTExZTYtOGY4OC0zNDM2M2JjN2M0YzAiOnsiY3JlYXRlIjo2MDAwMDAwMDAwMDAsImRlbGV0ZSI6NjAwMDAwMDAwMDAwLCJ1cGRhdGUiOjYwMDAwMDAwMDAwMH19",
          "dependencies": [
            "module.ecs.aws_security_group.admin_alb",
            "module.ecs.data.aws_vpc.main",
            "module.vpc.aws_subnet.private",
            "module.vpc.aws_subnet.public",
            "module.vpc.aws_vpc.main"
          ]
        }
      ]
    },
    {
      "module": "module.ecs",
      "mode": "managed",
      "type": "aws_lb",
      "name": "main",
      "provider": "provider[\"registry.terraform.io/hashicorp/aws\"]",
      "instances": [
        {
          "schema_version": 0,
          "attributes": {
            "access_logs": [
              {
                "bucket": "",
                "enabled": false,
                "prefix": ""
              }
            ],
            "arn": "arn:aws:elasticloadbalancing:eu-west-2:860619597616:loadbalancer/net/jao-dev-nlb/db1bcbfa277a5d84",
            "arn_suffix": "net/jao-dev-nlb/db1bcbfa277a5d84",
            "customer_owned_ipv4_pool": "",
            "desync_mitigation_mode": null,
            "dns_name": "jao-dev-nlb-db1bcbfa277a5d84.elb.eu-west-2.amazonaws.com",
            "drop_invalid_header_fields": null,
            "enable_cross_zone_load_balancing": true,
            "enable_deletion_protection": false,
            "enable_http2": null,
            "enable_tls_version_and_cipher_suite_headers": null,
            "enable_waf_fail_open": null,
            "enable_xff_client_port": null,
            "id": "arn:aws:elasticloadbalancing:eu-west-2:860619597616:loadbalancer/net/jao-dev-nlb/db1bcbfa277a5d84",
            "idle_timeout": null,
            "internal": true,
            "ip_address_type": "ipv4",
            "load_balancer_type": "network",
            "name": "jao-dev-nlb",
            "name_prefix": null,
            "preserve_host_header": null,
            "security_groups": [],
            "subnet_mapping": [
              {
                "allocation_id": "",
                "ipv6_address": "",
                "outpost_id": "",
                "private_ipv4_address": "",
                "subnet_id": "subnet-04e4bdac8812ae5c4"
              },
              {
                "allocation_id": "",
                "ipv6_address": "",
                "outpost_id": "",
                "private_ipv4_address": "",
                "subnet_id": "subnet-09fecb8cc066b866e"
              }
            ],
            "subnets": [
              "subnet-04e4bdac8812ae5c4",
              "subnet-09fecb8cc066b866e"
            ],
            "tags": {
              "Environment": "dev",
              "ManagedBy": "terraform",
              "Name": "jao-dev-nlb",
              "Project": "jao"
            },
            "tags_all": {
              "Environment": "dev",
              "ManagedBy": "terraform",
              "Name": "jao-dev-nlb",
              "Project": "jao"
            },
            "timeouts": null,
            "vpc_id": "vpc-08a6f73395b81df6e",
            "xff_header_processing_mode": null,
            "zone_id": "ZD4D7Y8KGAS4G"
          },
          "sensitive_attributes": [],
          "private": "eyJlMmJmYjczMC1lY2FhLTExZTYtOGY4OC0zNDM2M2JjN2M0YzAiOnsiY3JlYXRlIjo2MDAwMDAwMDAwMDAsImRlbGV0ZSI6NjAwMDAwMDAwMDAwLCJ1cGRhdGUiOjYwMDAwMDAwMDAwMH19",
          "dependencies": [
            "module.vpc.aws_subnet.private",
            "module.vpc.aws_subnet.public",
            "module.vpc.aws_vpc.main"
          ],
          "create_before_destroy": true
        }
      ]
    },
    {
      "module": "module.ecs",
      "mode": "managed",
      "type": "aws_lb_listener",
      "name": "admin",
      "provider": "provider[\"registry.terraform.io/hashicorp/aws\"]",
      "instances": [
        {
          "schema_version": 0,
          "attributes": {
            "alpn_policy": null,
            "arn": "arn:aws:elasticloadbalancing:eu-west-2:860619597616:listener/app/jao-dev-alb/642fb17892c93461/8fda3362750f7868",
            "certificate_arn": null,
            "default_action": [
              {
                "authenticate_cognito": [],
                "authenticate_oidc": [],
                "fixed_response": [],
                "forward": [],
                "order": 1,
                "redirect": [],
                "target_group_arn": "arn:aws:elasticloadbalancing:eu-west-2:860619597616:targetgroup/jao-dev-alb-tg/3b8852dd48eec77b",
                "type": "forward"
              }
            ],
            "id": "arn:aws:elasticloadbalancing:eu-west-2:860619597616:listener/app/jao-dev-alb/642fb17892c93461/8fda3362750f7868",
            "load_balancer_arn": "arn:aws:elasticloadbalancing:eu-west-2:860619597616:loadbalancer/app/jao-dev-alb/642fb17892c93461",
            "port": 80,
            "protocol": "HTTP",
            "ssl_policy": "",
            "tags": {},
            "tags_all": {},
            "timeouts": null
          },
          "sensitive_attributes": [],
          "private": "eyJlMmJmYjczMC1lY2FhLTExZTYtOGY4OC0zNDM2M2JjN2M0YzAiOnsicmVhZCI6NjAwMDAwMDAwMDAwfX0=",
          "dependencies": [
            "module.ecs.aws_lb.admin",
            "module.ecs.aws_lb_target_group.admin",
            "module.ecs.aws_security_group.admin_alb",
            "module.ecs.data.aws_vpc.main",
            "module.vpc.aws_subnet.private",
            "module.vpc.aws_subnet.public",
            "module.vpc.aws_vpc.main"
          ]
        }
      ]
    },
    {
      "module": "module.ecs",
      "mode": "managed",
      "type": "aws_lb_listener",
      "name": "http",
      "provider": "provider[\"registry.terraform.io/hashicorp/aws\"]",
      "instances": [
        {
          "schema_version": 0,
          "attributes": {
            "alpn_policy": null,
            "arn": "arn:aws:elasticloadbalancing:eu-west-2:860619597616:listener/net/jao-dev-nlb/db1bcbfa277a5d84/3bd3d0c4649b7bec",
            "certificate_arn": null,
            "default_action": [
              {
                "authenticate_cognito": [],
                "authenticate_oidc": [],
                "fixed_response": [],
                "forward": [],
                "order": 1,
                "redirect": [],
                "target_group_arn": "arn:aws:elasticloadbalancing:eu-west-2:860619597616:targetgroup/jao-dev-nlb-tg/3c99eaca3b6a2db0",
                "type": "forward"
              }
            ],
            "id": "arn:aws:elasticloadbalancing:eu-west-2:860619597616:listener/net/jao-dev-nlb/db1bcbfa277a5d84/3bd3d0c4649b7bec",
            "load_balancer_arn": "arn:aws:elasticloadbalancing:eu-west-2:860619597616:loadbalancer/net/jao-dev-nlb/db1bcbfa277a5d84",
            "port": 80,
            "protocol": "TCP",
            "ssl_policy": "",
            "tags": {},
            "tags_all": {},
            "timeouts": null
          },
          "sensitive_attributes": [],
          "private": "eyJlMmJmYjczMC1lY2FhLTExZTYtOGY4OC0zNDM2M2JjN2M0YzAiOnsicmVhZCI6NjAwMDAwMDAwMDAwfX0=",
          "dependencies": [
            "module.ecs.aws_lb.main",
            "module.ecs.aws_lb_target_group.app",
            "module.vpc.aws_subnet.private",
            "module.vpc.aws_subnet.public",
            "module.vpc.aws_vpc.main"
          ]
        }
      ]
    },
    {
      "module": "module.ecs",
      "mode": "managed",
      "type": "aws_lb_target_group",
      "name": "admin",
      "provider": "provider[\"registry.terraform.io/hashicorp/aws\"]",
      "instances": [
        {
          "schema_version": 0,
          "attributes": {
            "arn": "arn:aws:elasticloadbalancing:eu-west-2:860619597616:targetgroup/jao-dev-alb-tg/3b8852dd48eec77b",
            "arn_suffix": "targetgroup/jao-dev-alb-tg/3b8852dd48eec77b",
            "connection_termination": false,
            "deregistration_delay": "300",
            "health_check": [
              {
                "enabled": true,
                "healthy_threshold": 2,
                "interval": 30,
                "matcher": "200",
                "path": "/health",
                "port": "8000",
                "protocol": "HTTP",
                "timeout": 5,
                "unhealthy_threshold": 2
              }
            ],
            "id": "arn:aws:elasticloadbalancing:eu-west-2:860619597616:targetgroup/jao-dev-alb-tg/3b8852dd48eec77b",
            "ip_address_type": "ipv4",
            "lambda_multi_value_headers_enabled": false,
            "load_balancing_algorithm_type": "round_robin",
            "load_balancing_cross_zone_enabled": "use_load_balancer_configuration",
            "name": "jao-dev-alb-tg",
            "name_prefix": null,
            "port": 8000,
            "preserve_client_ip": null,
            "protocol": "HTTP",
            "protocol_version": "HTTP1",
            "proxy_protocol_v2": false,
            "slow_start": 0,
            "stickiness": [
              {
                "cookie_duration": 86400,
                "cookie_name": "",
                "enabled": false,
                "type": "lb_cookie"
              }
            ],
            "tags": {
              "Environment": "dev",
              "ManagedBy": "terraform",
              "Name": "jao-dev-alb-tg",
              "Project": "jao"
            },
            "tags_all": {
              "Environment": "dev",
              "ManagedBy": "terraform",
              "Name": "jao-dev-alb-tg",
              "Project": "jao"
            },
            "target_failover": [
              {
                "on_deregistration": null,
                "on_unhealthy": null
              }
            ],
            "target_type": "ip",
            "vpc_id": "vpc-08a6f73395b81df6e"
          },
          "sensitive_attributes": [],
          "private": "bnVsbA==",
          "dependencies": [
            "module.vpc.aws_vpc.main"
          ]
        }
      ]
    },
    {
      "module": "module.ecs",
      "mode": "managed",
      "type": "aws_lb_target_group",
      "name": "app",
      "provider": "provider[\"registry.terraform.io/hashicorp/aws\"]",
      "instances": [
        {
          "schema_version": 0,
          "attributes": {
            "arn": "arn:aws:elasticloadbalancing:eu-west-2:860619597616:targetgroup/jao-dev-nlb-tg/3c99eaca3b6a2db0",
            "arn_suffix": "targetgroup/jao-dev-nlb-tg/3c99eaca3b6a2db0",
            "connection_termination": false,
            "deregistration_delay": "300",
            "health_check": [
              {
                "enabled": true,
                "healthy_threshold": 2,
                "interval": 30,
                "matcher": "",
                "path": "",
                "port": "8000",
                "protocol": "TCP",
                "timeout": 6,
                "unhealthy_threshold": 2
              }
            ],
            "id": "arn:aws:elasticloadbalancing:eu-west-2:860619597616:targetgroup/jao-dev-nlb-tg/3c99eaca3b6a2db0",
            "ip_address_type": "ipv4",
            "lambda_multi_value_headers_enabled": false,
            "load_balancing_algorithm_type": null,
            "load_balancing_cross_zone_enabled": "use_load_balancer_configuration",
            "name": "jao-dev-nlb-tg",
            "name_prefix": null,
            "port": 8000,
            "preserve_client_ip": "false",
            "protocol": "TCP",
            "protocol_version": null,
            "proxy_protocol_v2": false,
            "slow_start": 0,
            "stickiness": [
              {
                "cookie_duration": 0,
                "cookie_name": "",
                "enabled": false,
                "type": "source_ip"
              }
            ],
            "tags": {
              "Environment": "dev",
              "ManagedBy": "terraform",
              "Name": "jao-dev-nlb-tg",
              "Project": "jao"
            },
            "tags_all": {
              "Environment": "dev",
              "ManagedBy": "terraform",
              "Name": "jao-dev-nlb-tg",
              "Project": "jao"
            },
            "target_failover": [
              {
                "on_deregistration": null,
                "on_unhealthy": null
              }
            ],
            "target_type": "ip",
            "vpc_id": "vpc-08a6f73395b81df6e"
          },
          "sensitive_attributes": [],
          "private": "bnVsbA==",
          "dependencies": [
            "module.vpc.aws_vpc.main"
          ],
          "create_before_destroy": true
        }
      ]
    },
    {
      "module": "module.ecs",
      "mode": "managed",
      "type": "aws_security_group",
      "name": "admin_alb",
      "provider": "provider[\"registry.terraform.io/hashicorp/aws\"]",
      "instances": [
        {
          "schema_version": 1,
          "attributes": {
            "arn": "arn:aws:ec2:eu-west-2:860619597616:security-group/sg-080bf8d1a9bd35b49",
            "description": "Security group for admin ALB",
            "egress": [
              {
                "cidr_blocks": [
                  "10.0.0.0/16"
                ],
                "description": "HTTP to ECS tasks",
                "from_port": 8000,
                "ipv6_cidr_blocks": [],
                "prefix_list_ids": [],
                "protocol": "tcp",
                "security_groups": [],
                "self": false,
                "to_port": 8000
              }
            ],
            "id": "sg-080bf8d1a9bd35b49",
            "ingress": [
              {
                "cidr_blocks": [
                  "195.144.8.0/24"
                ],
                "description": "HTTP from 195.144.8.0/24",
                "from_port": 80,
                "ipv6_cidr_blocks": [],
                "prefix_list_ids": [],
                "protocol": "tcp",
                "security_groups": [],
                "self": false,
                "to_port": 80
              },
              {
                "cidr_blocks": [
                  "195.144.8.0/24"
                ],
                "description": "HTTPS from 195.144.8.0/24",
                "from_port": 443,
                "ipv6_cidr_blocks": [],
                "prefix_list_ids": [],
                "protocol": "tcp",
                "security_groups": [],
                "self": false,
                "to_port": 443
              },
              {
                "cidr_blocks": [
                  "51.149.8.0/24"
                ],
                "description": "HTTP from 51.149.8.0/24",
                "from_port": 80,
                "ipv6_cidr_blocks": [],
                "prefix_list_ids": [],
                "protocol": "tcp",
                "security_groups": [],
                "self": false,
                "to_port": 80
              },
              {
                "cidr_blocks": [
                  "51.149.8.0/24"
                ],
                "description": "HTTPS from 51.149.8.0/24",
                "from_port": 443,
                "ipv6_cidr_blocks": [],
                "prefix_list_ids": [],
                "protocol": "tcp",
                "security_groups": [],
                "self": false,
                "to_port": 443
              }
            ],
            "name": "jao-dev-admin-alb-sg",
            "name_prefix": "",
            "owner_id": "860619597616",
            "revoke_rules_on_delete": false,
            "tags": {
              "Environment": "dev",
              "ManagedBy": "terraform",
              "Name": "jao-dev-admin-alb-sg",
              "Project": "jao"
            },
            "tags_all": {
              "Environment": "dev",
              "ManagedBy": "terraform",
              "Name": "jao-dev-admin-alb-sg",
              "Project": "jao"
            },
            "timeouts": null,
            "vpc_id": "vpc-08a6f73395b81df6e"
          },
          "sensitive_attributes": [],
          "private": "eyJlMmJmYjczMC1lY2FhLTExZTYtOGY4OC0zNDM2M2JjN2M0YzAiOnsiY3JlYXRlIjo2MDAwMDAwMDAwMDAsImRlbGV0ZSI6OTAwMDAwMDAwMDAwfSwic2NoZW1hX3ZlcnNpb24iOiIxIn0=",
          "dependencies": [
            "module.ecs.data.aws_vpc.main",
            "module.vpc.aws_vpc.main"
          ]
        }
      ]
    },
    {
      "module": "module.ecs",
      "mode": "managed",
      "type": "aws_security_group",
      "name": "ecs_tasks",
      "provider": "provider[\"registry.terraform.io/hashicorp/aws\"]",
      "instances": [
        {
          "schema_version": 1,
          "attributes": {
            "arn": "arn:aws:ec2:eu-west-2:860619597616:security-group/sg-0c928a596c4ed3ffd",
            "description": "Allow inbound access from the NLB",
            "egress": [
              {
                "cidr_blocks": [
                  "0.0.0.0/0"
                ],
                "description": "",
                "from_port": 80,
                "ipv6_cidr_blocks": [],
                "prefix_list_ids": [],
                "protocol": "tcp",
                "security_groups": [],
                "self": false,
                "to_port": 80
              },
              {
                "cidr_blocks": [
                  "0.0.0.0/0"
                ],
                "description": "HTTPS to external APIs",
                "from_port": 443,
                "ipv6_cidr_blocks": [],
                "prefix_list_ids": [],
                "protocol": "tcp",
                "security_groups": [],
                "self": false,
                "to_port": 443
              },
              {
                "cidr_blocks": [
                  "10.0.0.0/16"
                ],
                "description": "DNS TCP to VPC",
                "from_port": 53,
                "ipv6_cidr_blocks": [],
                "prefix_list_ids": [],
                "protocol": "tcp",
                "security_groups": [],
                "self": false,
                "to_port": 53
              },
              {
                "cidr_blocks": [
                  "10.0.0.0/16"
                ],
                "description": "DNS UDP to VPC",
                "from_port": 53,
                "ipv6_cidr_blocks": [],
                "prefix_list_ids": [],
                "protocol": "udp",
                "security_groups": [],
                "self": false,
                "to_port": 53
              },
              {
                "cidr_blocks": [
                  "10.0.0.0/16"
                ],
                "description": "HTTPS to VPC endpoints",
                "from_port": 443,
                "ipv6_cidr_blocks": [],
                "prefix_list_ids": [],
                "protocol": "tcp",
                "security_groups": [],
                "self": false,
                "to_port": 443
              },
              {
                "cidr_blocks": [
                  "10.0.0.0/16"
                ],
                "description": "PostgreSQL database access",
                "from_port": 5432,
                "ipv6_cidr_blocks": [],
                "prefix_list_ids": [],
                "protocol": "tcp",
                "security_groups": [],
                "self": false,
                "to_port": 5432
              }
            ],
            "id": "sg-0c928a596c4ed3ffd",
            "ingress": [
              {
                "cidr_blocks": [
                  "10.0.0.0/16"
                ],
                "description": "",
                "from_port": 8000,
                "ipv6_cidr_blocks": [],
                "prefix_list_ids": [],
                "protocol": "tcp",
                "security_groups": [],
                "self": false,
                "to_port": 8000
              },
              {
                "cidr_blocks": [],
                "description": "HTTP from admin ALB",
                "from_port": 8000,
                "ipv6_cidr_blocks": [],
                "prefix_list_ids": [],
                "protocol": "tcp",
                "security_groups": [
                  "sg-080bf8d1a9bd35b49"
                ],
                "self": false,
                "to_port": 8000
              }
            ],
            "name": "jao-dev-ecs-tasks-sg",
            "name_prefix": "",
            "owner_id": "860619597616",
            "revoke_rules_on_delete": false,
            "tags": {
              "Environment": "dev",
              "ManagedBy": "terraform",
              "Name": "jao-dev-ecs-tasks-sg",
              "Project": "jao"
            },
            "tags_all": {
              "Environment": "dev",
              "ManagedBy": "terraform",
              "Name": "jao-dev-ecs-tasks-sg",
              "Project": "jao"
            },
            "timeouts": null,
            "vpc_id": "vpc-08a6f73395b81df6e"
          },
          "sensitive_attributes": [],
          "private": "eyJlMmJmYjczMC1lY2FhLTExZTYtOGY4OC0zNDM2M2JjN2M0YzAiOnsiY3JlYXRlIjo2MDAwMDAwMDAwMDAsImRlbGV0ZSI6OTAwMDAwMDAwMDAwfSwic2NoZW1hX3ZlcnNpb24iOiIxIn0=",
          "dependencies": [
            "module.ecs.aws_security_group.admin_alb",
            "module.ecs.data.aws_vpc.main",
            "module.vpc.aws_vpc.main"
          ]
        }
      ]
    },
    {
      "module": "module.frontend",
      "mode": "data",
      "type": "aws_region",
      "name": "current",
      "provider": "provider[\"registry.terraform.io/hashicorp/aws\"]",
      "instances": [
        {
          "schema_version": 0,
          "attributes": {
            "description": "Europe (London)",
            "endpoint": "ec2.eu-west-2.amazonaws.com",
            "id": "eu-west-2",
            "name": "eu-west-2"
          },
          "sensitive_attributes": []
        }
      ]
    },
    {
      "module": "module.frontend",
      "mode": "managed",
      "type": "aws_cloudwatch_log_group",
      "name": "frontend",
      "provider": "provider[\"registry.terraform.io/hashicorp/aws\"]",
      "instances": [
        {
          "schema_version": 0,
          "attributes": {
            "arn": "arn:aws:logs:eu-west-2:860619597616:log-group:/ecs/jao-frontend-dev",
            "id": "/ecs/jao-frontend-dev",
            "kms_key_id": "",
            "name": "/ecs/jao-frontend-dev",
            "name_prefix": "",
            "retention_in_days": 30,
            "skip_destroy": false,
            "tags": {
              "Environment": "dev",
              "ManagedBy": "terraform",
              "Name": "jao-frontend-dev",
              "Project": "jao"
            },
            "tags_all": {
              "Environment": "dev",
              "ManagedBy": "terraform",
              "Name": "jao-frontend-dev",
              "Project": "jao"
            }
          },
          "sensitive_attributes": [],
          "private": "bnVsbA=="
        }
      ]
    },
    {
      "module": "module.frontend",
      "mode": "managed",
      "type": "aws_ecs_cluster",
      "name": "frontend",
      "provider": "provider[\"registry.terraform.io/hashicorp/aws\"]",
      "instances": [
        {
          "schema_version": 0,
          "attributes": {
            "arn": "arn:aws:ecs:eu-west-2:860619597616:cluster/jao-frontend-dev-cluster",
            "capacity_providers": [],
            "configuration": [],
            "default_capacity_provider_strategy": [],
            "id": "arn:aws:ecs:eu-west-2:860619597616:cluster/jao-frontend-dev-cluster",
            "name": "jao-frontend-dev-cluster",
            "service_connect_defaults": [],
            "setting": [
              {
                "name": "containerInsights",
                "value": "enabled"
              }
            ],
            "tags": {
              "Environment": "dev",
              "ManagedBy": "terraform",
              "Name": "jao-frontend-dev",
              "Project": "jao"
            },
            "tags_all": {
              "Environment": "dev",
              "ManagedBy": "terraform",
              "Name": "jao-frontend-dev",
              "Project": "jao"
            }
          },
          "sensitive_attributes": [],
          "private": "bnVsbA==",
          "dependencies": [
            "module.frontend.aws_cloudwatch_log_group.frontend"
          ]
        }
      ]
    },
    {
      "module": "module.frontend",
      "mode": "managed",
      "type": "aws_ecs_service",
      "name": "frontend",
      "provider": "provider[\"registry.terraform.io/hashicorp/aws\"]",
      "instances": [
        {
          "schema_version": 0,
          "attributes": {
            "alarms": [],
            "capacity_provider_strategy": [],
            "cluster": "arn:aws:ecs:eu-west-2:860619597616:cluster/jao-frontend-dev-cluster",
            "deployment_circuit_breaker": [
              {
                "enable": true,
                "rollback": true
              }
            ],
            "deployment_controller": [
              {
                "type": "ECS"
              }
            ],
            "deployment_maximum_percent": 200,
            "deployment_minimum_healthy_percent": 100,
            "desired_count": 1,
            "enable_ecs_managed_tags": false,
            "enable_execute_command": true,
            "force_new_deployment": null,
            "health_check_grace_period_seconds": 0,
            "iam_role": "/aws-service-role/ecs.amazonaws.com/AWSServiceRoleForECS",
            "id": "arn:aws:ecs:eu-west-2:860619597616:service/jao-frontend-dev-cluster/jao-frontend-dev-service",
            "launch_type": "FARGATE",
            "load_balancer": [
              {
                "container_name": "jao-frontend",
                "container_port": 8000,
                "elb_name": "",
                "target_group_arn": "arn:aws:elasticloadbalancing:eu-west-2:860619597616:targetgroup/jao-frontend-dev-tg/084f085e6476ec84"
              }
            ],
            "name": "jao-frontend-dev-service",
            "network_configuration": [
              {
                "assign_public_ip": false,
                "security_groups": [
                  "sg-0add0320fe602b7d7"
                ],
                "subnets": [
                  "subnet-04e4bdac8812ae5c4",
                  "subnet-09fecb8cc066b866e"
                ]
              }
            ],
            "ordered_placement_strategy": [],
            "placement_constraints": [],
            "platform_version": "LATEST",
            "propagate_tags": "NONE",
            "scheduling_strategy": "REPLICA",
            "service_connect_configuration": [],
            "service_registries": [],
            "tags": {
              "Environment": "dev",
              "ManagedBy": "terraform",
              "Name": "jao-frontend-dev",
              "Project": "jao"
            },
            "tags_all": {
              "Environment": "dev",
              "ManagedBy": "terraform",
              "Name": "jao-frontend-dev",
              "Project": "jao"
            },
            "task_definition": "arn:aws:ecs:eu-west-2:860619597616:task-definition/jao-frontend-dev-task:16",
            "timeouts": null,
            "triggers": {},
            "wait_for_steady_state": false
          },
          "sensitive_attributes": [],
          "private": "eyJlMmJmYjczMC1lY2FhLTExZTYtOGY4OC0zNDM2M2JjN2M0YzAiOnsiY3JlYXRlIjoxMjAwMDAwMDAwMDAwLCJkZWxldGUiOjEyMDAwMDAwMDAwMDAsInVwZGF0ZSI6MTIwMDAwMDAwMDAwMH19",
          "dependencies": [
            "aws_ecr_repository.frontend",
            "module.api_gateway.aws_api_gateway_deployment.main",
            "module.api_gateway.aws_api_gateway_integration.proxy",
            "module.api_gateway.aws_api_gateway_integration.routes",
            "module.api_gateway.aws_api_gateway_method.proxy",
            "module.api_gateway.aws_api_gateway_method.routes",
            "module.api_gateway.aws_api_gateway_resource.proxy",
            "module.api_gateway.aws_api_gateway_resource.routes",
            "module.api_gateway.aws_api_gateway_rest_api.main",
            "module.api_gateway.aws_api_gateway_stage.main",
            "module.api_gateway.aws_api_gateway_vpc_link.main",
            "module.api_gateway.aws_cloudwatch_log_group.api_gateway",
            "module.ecs.aws_lb.main",
            "module.frontend.aws_cloudwatch_log_group.frontend",
            "module.frontend.aws_ecs_cluster.frontend",
            "module.frontend.aws_ecs_task_definition.frontend",
            "module.frontend.aws_iam_role.frontend_execution",
            "module.frontend.aws_iam_role.frontend_task",
            "module.frontend.aws_lb_target_group.frontend",
            "module.frontend.aws_security_group.frontend_ecs",
            "module.frontend.aws_security_group.frontend_lb",
            "module.frontend.data.aws_region.current",
            "module.vpc.aws_subnet.private",
            "module.vpc.aws_subnet.public",
            "module.vpc.aws_vpc.main"
          ]
        }
      ]
    },
    {
      "module": "module.frontend",
      "mode": "managed",
      "type": "aws_ecs_task_definition",
      "name": "frontend",
      "provider": "provider[\"registry.terraform.io/hashicorp/aws\"]",
      "instances": [
        {
          "schema_version": 1,
          "attributes": {
            "arn": "arn:aws:ecs:eu-west-2:860619597616:task-definition/jao-frontend-dev-task:16",
            "arn_without_revision": "arn:aws:ecs:eu-west-2:860619597616:task-definition/jao-frontend-dev-task",
            "container_definitions": "[{\"cpu\":0,\"environment\":[{\"name\":\"DJANGO_ALLOWED_HOSTS\",\"value\":\"*\"},{\"name\":\"DJANGO_DEBUG\",\"value\":\"True\"},{\"name\":\"DJANGO_SETTINGS_MODULE\",\"value\":\"jao_web.settings.dev\"},{\"name\":\"ENV\",\"value\":\"dev\"},{\"name\":\"JAO_BACKEND_ENABLE_HTTP2\",\"value\":\"true\"},{\"name\":\"JAO_BACKEND_TIMEOUT\",\"value\":\"15\"},{\"name\":\"JAO_BACKEND_URL\",\"value\":\"https://kng8vg24m4.execute-api.eu-west-2.amazonaws.com/dev/\"},{\"name\":\"PORT\",\"value\":\"8000\"},{\"name\":\"SESSION_COOKIE_SECURE\",\"value\":\"false\"}],\"essential\":true,\"image\":\"860619597616.dkr.ecr.eu-west-2.amazonaws.com/jao-frontend-dev:latest\",\"logConfiguration\":{\"logDriver\":\"awslogs\",\"options\":{\"awslogs-group\":\"/ecs/jao-frontend-dev\",\"awslogs-region\":\"eu-west-2\",\"awslogs-stream-prefix\":\"ecs\"}},\"mountPoints\":[],\"name\":\"jao-frontend\",\"portMappings\":[{\"containerPort\":8000,\"hostPort\":8000,\"protocol\":\"tcp\"}],\"systemControls\":[],\"volumesFrom\":[]}]",
            "cpu": "256",
            "ephemeral_storage": [],
            "execution_role_arn": "arn:aws:iam::860619597616:role/jao-frontend-dev-execution-role",
            "family": "jao-frontend-dev-task",
            "id": "jao-frontend-dev-task",
            "inference_accelerator": [],
            "ipc_mode": "",
            "memory": "512",
            "network_mode": "awsvpc",
            "pid_mode": "",
            "placement_constraints": [],
            "proxy_configuration": [],
            "requires_compatibilities": [
              "FARGATE"
            ],
            "revision": 16,
            "runtime_platform": [],
            "skip_destroy": false,
            "tags": {
              "Environment": "dev",
              "ManagedBy": "terraform",
              "Name": "jao-frontend-dev",
              "Project": "jao"
            },
            "tags_all": {
              "Environment": "dev",
              "ManagedBy": "terraform",
              "Name": "jao-frontend-dev",
              "Project": "jao"
            },
            "task_role_arn": "arn:aws:iam::860619597616:role/jao-frontend-dev-task-role",
            "volume": []
          },
          "sensitive_attributes": [],
          "private": "eyJzY2hlbWFfdmVyc2lvbiI6IjEifQ==",
          "dependencies": [
            "aws_ecr_repository.frontend",
            "module.api_gateway.aws_api_gateway_deployment.main",
            "module.api_gateway.aws_api_gateway_integration.proxy",
            "module.api_gateway.aws_api_gateway_integration.routes",
            "module.api_gateway.aws_api_gateway_method.proxy",
            "module.api_gateway.aws_api_gateway_method.routes",
            "module.api_gateway.aws_api_gateway_resource.proxy",
            "module.api_gateway.aws_api_gateway_resource.routes",
            "module.api_gateway.aws_api_gateway_rest_api.main",
            "module.api_gateway.aws_api_gateway_stage.main",
            "module.api_gateway.aws_api_gateway_vpc_link.main",
            "module.api_gateway.aws_cloudwatch_log_group.api_gateway",
            "module.ecs.aws_lb.main",
            "module.frontend.aws_cloudwatch_log_group.frontend",
            "module.frontend.aws_iam_role.frontend_execution",
            "module.frontend.aws_iam_role.frontend_task",
            "module.frontend.data.aws_region.current",
            "module.vpc.aws_subnet.private",
            "module.vpc.aws_subnet.public",
            "module.vpc.aws_vpc.main"
          ]
        }
      ]
    },
    {
      "module": "module.frontend",
      "mode": "managed",
      "type": "aws_iam_role",
      "name": "frontend_execution",
      "provider": "provider[\"registry.terraform.io/hashicorp/aws\"]",
      "instances": [
        {
          "schema_version": 0,
          "attributes": {
            "arn": "arn:aws:iam::860619597616:role/jao-frontend-dev-execution-role",
            "assume_role_policy": "{\"Statement\":[{\"Action\":\"sts:AssumeRole\",\"Effect\":\"Allow\",\"Principal\":{\"Service\":\"ecs-tasks.amazonaws.com\"}}],\"Version\":\"2012-10-17\"}",
            "create_date": "2025-07-09T15:01:28Z",
            "description": "",
            "force_detach_policies": false,
            "id": "jao-frontend-dev-execution-role",
            "inline_policy": [],
            "managed_policy_arns": [
              "arn:aws:iam::aws:policy/service-role/AmazonECSTaskExecutionRolePolicy"
            ],
            "max_session_duration": 3600,
            "name": "jao-frontend-dev-execution-role",
            "name_prefix": "",
            "path": "/",
            "permissions_boundary": null,
            "role_last_used": [
              {
                "last_used_date": "2025-07-11T14:44:05Z",
                "region": "eu-west-2"
              }
            ],
            "tags": {
              "Environment": "dev",
              "ManagedBy": "terraform",
              "Name": "jao-frontend-dev",
              "Project": "jao"
            },
            "tags_all": {
              "Environment": "dev",
              "ManagedBy": "terraform",
              "Name": "jao-frontend-dev",
              "Project": "jao"
            },
            "unique_id": "AROA4QYHM44YFSGVSMMKE"
          },
          "sensitive_attributes": [],
          "private": "bnVsbA=="
        }
      ]
    },
    {
      "module": "module.frontend",
      "mode": "managed",
      "type": "aws_iam_role",
      "name": "frontend_task",
      "provider": "provider[\"registry.terraform.io/hashicorp/aws\"]",
      "instances": [
        {
          "schema_version": 0,
          "attributes": {
            "arn": "arn:aws:iam::860619597616:role/jao-frontend-dev-task-role",
            "assume_role_policy": "{\"Statement\":[{\"Action\":\"sts:AssumeRole\",\"Effect\":\"Allow\",\"Principal\":{\"Service\":\"ecs-tasks.amazonaws.com\"}}],\"Version\":\"2012-10-17\"}",
            "create_date": "2025-07-09T15:01:28Z",
            "description": "",
            "force_detach_policies": false,
            "id": "jao-frontend-dev-task-role",
            "inline_policy": [],
            "managed_policy_arns": [],
            "max_session_duration": 3600,
            "name": "jao-frontend-dev-task-role",
            "name_prefix": "",
            "path": "/",
            "permissions_boundary": null,
            "role_last_used": [
              {
                "last_used_date": "2025-07-11T15:05:11Z",
                "region": "eu-west-2"
              }
            ],
            "tags": {
              "Environment": "dev",
              "ManagedBy": "terraform",
              "Name": "jao-frontend-dev",
              "Project": "jao"
            },
            "tags_all": {
              "Environment": "dev",
              "ManagedBy": "terraform",
              "Name": "jao-frontend-dev",
              "Project": "jao"
            },
            "unique_id": "AROA4QYHM44YGYH44MQ6F"
          },
          "sensitive_attributes": [],
          "private": "bnVsbA=="
        }
      ]
    },
    {
      "module": "module.frontend",
      "mode": "managed",
      "type": "aws_iam_role_policy_attachment",
      "name": "frontend_execution",
      "provider": "provider[\"registry.terraform.io/hashicorp/aws\"]",
      "instances": [
        {
          "schema_version": 0,
          "attributes": {
            "id": "jao-frontend-dev-execution-role-20250709150127432000000002",
            "policy_arn": "arn:aws:iam::aws:policy/service-role/AmazonECSTaskExecutionRolePolicy",
            "role": "jao-frontend-dev-execution-role"
          },
          "sensitive_attributes": [],
          "private": "bnVsbA==",
          "dependencies": [
            "module.frontend.aws_iam_role.frontend_execution"
          ]
        }
      ]
    },
    {
      "module": "module.frontend",
      "mode": "managed",
      "type": "aws_lb",
      "name": "frontend",
      "provider": "provider[\"registry.terraform.io/hashicorp/aws\"]",
      "instances": [
        {
          "schema_version": 0,
          "attributes": {
            "access_logs": [
              {
                "bucket": "",
                "enabled": false,
                "prefix": ""
              }
            ],
            "arn": "arn:aws:elasticloadbalancing:eu-west-2:860619597616:loadbalancer/app/jao-frontend-dev-alb/50a2d5f050898c9b",
            "arn_suffix": "app/jao-frontend-dev-alb/50a2d5f050898c9b",
            "customer_owned_ipv4_pool": "",
            "desync_mitigation_mode": "defensive",
            "dns_name": "jao-frontend-dev-alb-1754654300.eu-west-2.elb.amazonaws.com",
            "drop_invalid_header_fields": false,
            "enable_cross_zone_load_balancing": true,
            "enable_deletion_protection": false,
            "enable_http2": true,
            "enable_tls_version_and_cipher_suite_headers": false,
            "enable_waf_fail_open": false,
            "enable_xff_client_port": false,
            "id": "arn:aws:elasticloadbalancing:eu-west-2:860619597616:loadbalancer/app/jao-frontend-dev-alb/50a2d5f050898c9b",
            "idle_timeout": 60,
            "internal": false,
            "ip_address_type": "ipv4",
            "load_balancer_type": "application",
            "name": "jao-frontend-dev-alb",
            "name_prefix": null,
            "preserve_host_header": false,
            "security_groups": [
              "sg-0efb5877430fcbbce"
            ],
            "subnet_mapping": [
              {
                "allocation_id": "",
                "ipv6_address": "",
                "outpost_id": "",
                "private_ipv4_address": "",
                "subnet_id": "subnet-046059ab96f9f578e"
              },
              {
                "allocation_id": "",
                "ipv6_address": "",
                "outpost_id": "",
                "private_ipv4_address": "",
                "subnet_id": "subnet-0541d2d50a6153cb5"
              }
            ],
            "subnets": [
              "subnet-046059ab96f9f578e",
              "subnet-0541d2d50a6153cb5"
            ],
            "tags": {
              "Environment": "dev",
              "ManagedBy": "terraform",
              "Name": "jao-frontend-dev",
              "Project": "jao"
            },
            "tags_all": {
              "Environment": "dev",
              "ManagedBy": "terraform",
              "Name": "jao-frontend-dev",
              "Project": "jao"
            },
            "timeouts": null,
            "vpc_id": "vpc-08a6f73395b81df6e",
            "xff_header_processing_mode": "append",
            "zone_id": "ZHURV8PSTC4K8"
          },
          "sensitive_attributes": [],
          "private": "eyJlMmJmYjczMC1lY2FhLTExZTYtOGY4OC0zNDM2M2JjN2M0YzAiOnsiY3JlYXRlIjo2MDAwMDAwMDAwMDAsImRlbGV0ZSI6NjAwMDAwMDAwMDAwLCJ1cGRhdGUiOjYwMDAwMDAwMDAwMH19",
          "dependencies": [
            "module.frontend.aws_security_group.frontend_lb",
            "module.vpc.aws_subnet.private",
            "module.vpc.aws_subnet.public",
            "module.vpc.aws_vpc.main"
          ]
        }
      ]
    },
    {
      "module": "module.frontend",
      "mode": "managed",
      "type": "aws_lb_listener",
      "name": "frontend_http",
      "provider": "provider[\"registry.terraform.io/hashicorp/aws\"]",
      "instances": [
        {
          "schema_version": 0,
          "attributes": {
            "alpn_policy": null,
            "arn": "arn:aws:elasticloadbalancing:eu-west-2:860619597616:listener/app/jao-frontend-dev-alb/50a2d5f050898c9b/834e82b47dad6ba5",
            "certificate_arn": null,
            "default_action": [
              {
                "authenticate_cognito": [],
                "authenticate_oidc": [],
                "fixed_response": [],
                "forward": [],
                "order": 1,
                "redirect": [],
                "target_group_arn": "arn:aws:elasticloadbalancing:eu-west-2:860619597616:targetgroup/jao-frontend-dev-tg/084f085e6476ec84",
                "type": "forward"
              }
            ],
            "id": "arn:aws:elasticloadbalancing:eu-west-2:860619597616:listener/app/jao-frontend-dev-alb/50a2d5f050898c9b/834e82b47dad6ba5",
            "load_balancer_arn": "arn:aws:elasticloadbalancing:eu-west-2:860619597616:loadbalancer/app/jao-frontend-dev-alb/50a2d5f050898c9b",
            "port": 80,
            "protocol": "HTTP",
            "ssl_policy": "",
            "tags": {
              "Environment": "dev",
              "ManagedBy": "terraform",
              "Name": "jao-frontend-dev",
              "Project": "jao"
            },
            "tags_all": {
              "Environment": "dev",
              "ManagedBy": "terraform",
              "Name": "jao-frontend-dev",
              "Project": "jao"
            },
            "timeouts": null
          },
          "sensitive_attributes": [],
          "private": "eyJlMmJmYjczMC1lY2FhLTExZTYtOGY4OC0zNDM2M2JjN2M0YzAiOnsicmVhZCI6NjAwMDAwMDAwMDAwfX0=",
          "dependencies": [
            "module.frontend.aws_lb.frontend",
            "module.frontend.aws_lb_target_group.frontend",
            "module.frontend.aws_security_group.frontend_lb",
            "module.vpc.aws_subnet.private",
            "module.vpc.aws_subnet.public",
            "module.vpc.aws_vpc.main"
          ]
        }
      ]
    },
    {
      "module": "module.frontend",
      "mode": "managed",
      "type": "aws_lb_target_group",
      "name": "frontend",
      "provider": "provider[\"registry.terraform.io/hashicorp/aws\"]",
      "instances": [
        {
          "schema_version": 0,
          "attributes": {
            "arn": "arn:aws:elasticloadbalancing:eu-west-2:860619597616:targetgroup/jao-frontend-dev-tg/084f085e6476ec84",
            "arn_suffix": "targetgroup/jao-frontend-dev-tg/084f085e6476ec84",
            "connection_termination": false,
            "deregistration_delay": "300",
            "health_check": [
              {
                "enabled": true,
                "healthy_threshold": 2,
                "interval": 300,
                "matcher": "200",
                "path": "/health",
                "port": "traffic-port",
                "protocol": "HTTP",
                "timeout": 10,
                "unhealthy_threshold": 5
              }
            ],
            "id": "arn:aws:elasticloadbalancing:eu-west-2:860619597616:targetgroup/jao-frontend-dev-tg/084f085e6476ec84",
            "ip_address_type": "ipv4",
            "lambda_multi_value_headers_enabled": false,
            "load_balancing_algorithm_type": "round_robin",
            "load_balancing_cross_zone_enabled": "use_load_balancer_configuration",
            "name": "jao-frontend-dev-tg",
            "name_prefix": null,
            "port": 8000,
            "preserve_client_ip": null,
            "protocol": "HTTP",
            "protocol_version": "HTTP1",
            "proxy_protocol_v2": false,
            "slow_start": 0,
            "stickiness": [
              {
                "cookie_duration": 86400,
                "cookie_name": "",
                "enabled": false,
                "type": "lb_cookie"
              }
            ],
            "tags": {
              "Environment": "dev",
              "ManagedBy": "terraform",
              "Name": "jao-frontend-dev",
              "Project": "jao"
            },
            "tags_all": {
              "Environment": "dev",
              "ManagedBy": "terraform",
              "Name": "jao-frontend-dev",
              "Project": "jao"
            },
            "target_failover": [
              {
                "on_deregistration": null,
                "on_unhealthy": null
              }
            ],
            "target_type": "ip",
            "vpc_id": "vpc-08a6f73395b81df6e"
          },
          "sensitive_attributes": [],
          "private": "bnVsbA==",
          "dependencies": [
            "module.vpc.aws_vpc.main"
          ]
        }
      ]
    },
    {
      "module": "module.frontend",
      "mode": "managed",
      "type": "aws_security_group",
      "name": "frontend_ecs",
      "provider": "provider[\"registry.terraform.io/hashicorp/aws\"]",
      "instances": [
        {
          "schema_version": 1,
          "attributes": {
            "arn": "arn:aws:ec2:eu-west-2:860619597616:security-group/sg-0add0320fe602b7d7",
            "description": "Security group for frontend ECS tasks",
            "egress": [
              {
                "cidr_blocks": [
                  "0.0.0.0/0"
                ],
                "description": "Allow all outbound traffic",
                "from_port": 0,
                "ipv6_cidr_blocks": [],
                "prefix_list_ids": [],
                "protocol": "-1",
                "security_groups": [],
                "self": false,
                "to_port": 0
              }
            ],
            "id": "sg-0add0320fe602b7d7",
            "ingress": [
              {
                "cidr_blocks": [],
                "description": "Allow traffic from ALB",
                "from_port": 8000,
                "ipv6_cidr_blocks": [],
                "prefix_list_ids": [],
                "protocol": "tcp",
                "security_groups": [
                  "sg-0efb5877430fcbbce"
                ],
                "self": false,
                "to_port": 8000
              }
            ],
            "name": "jao-frontend-dev-ecs-sg",
            "name_prefix": "",
            "owner_id": "860619597616",
            "revoke_rules_on_delete": false,
            "tags": {
              "Environment": "dev",
              "ManagedBy": "terraform",
              "Name": "jao-frontend-dev",
              "Project": "jao"
            },
            "tags_all": {
              "Environment": "dev",
              "ManagedBy": "terraform",
              "Name": "jao-frontend-dev",
              "Project": "jao"
            },
            "timeouts": null,
            "vpc_id": "vpc-08a6f73395b81df6e"
          },
          "sensitive_attributes": [],
          "private": "eyJlMmJmYjczMC1lY2FhLTExZTYtOGY4OC0zNDM2M2JjN2M0YzAiOnsiY3JlYXRlIjo2MDAwMDAwMDAwMDAsImRlbGV0ZSI6OTAwMDAwMDAwMDAwfSwic2NoZW1hX3ZlcnNpb24iOiIxIn0=",
          "dependencies": [
            "module.frontend.aws_security_group.frontend_lb",
            "module.vpc.aws_vpc.main"
          ]
        }
      ]
    },
    {
      "module": "module.frontend",
      "mode": "managed",
      "type": "aws_security_group",
      "name": "frontend_lb",
      "provider": "provider[\"registry.terraform.io/hashicorp/aws\"]",
      "instances": [
        {
          "schema_version": 1,
          "attributes": {
            "arn": "arn:aws:ec2:eu-west-2:860619597616:security-group/sg-0efb5877430fcbbce",
            "description": "Security group for frontend load balancer",
            "egress": [
              {
                "cidr_blocks": [
                  "0.0.0.0/0"
                ],
                "description": "Allow all outbound traffic",
                "from_port": 0,
                "ipv6_cidr_blocks": [],
                "prefix_list_ids": [],
                "protocol": "-1",
                "security_groups": [],
                "self": false,
                "to_port": 0
              }
            ],
            "id": "sg-0efb5877430fcbbce",
            "ingress": [
              {
                "cidr_blocks": [
                  "0.0.0.0/0"
                ],
                "description": "Allow HTTP traffic",
                "from_port": 80,
                "ipv6_cidr_blocks": [],
                "prefix_list_ids": [],
                "protocol": "tcp",
                "security_groups": [],
                "self": false,
                "to_port": 80
              },
              {
                "cidr_blocks": [
                  "0.0.0.0/0"
                ],
                "description": "Allow HTTPS traffic",
                "from_port": 443,
                "ipv6_cidr_blocks": [],
                "prefix_list_ids": [],
                "protocol": "tcp",
                "security_groups": [],
                "self": false,
                "to_port": 443
              }
            ],
            "name": "jao-frontend-dev-lb-sg",
            "name_prefix": "",
            "owner_id": "860619597616",
            "revoke_rules_on_delete": false,
            "tags": {
              "Environment": "dev",
              "ManagedBy": "terraform",
              "Name": "jao-frontend-dev",
              "Project": "jao"
            },
            "tags_all": {
              "Environment": "dev",
              "ManagedBy": "terraform",
              "Name": "jao-frontend-dev",
              "Project": "jao"
            },
            "timeouts": null,
            "vpc_id": "vpc-08a6f73395b81df6e"
          },
          "sensitive_attributes": [],
          "private": "eyJlMmJmYjczMC1lY2FhLTExZTYtOGY4OC0zNDM2M2JjN2M0YzAiOnsiY3JlYXRlIjo2MDAwMDAwMDAwMDAsImRlbGV0ZSI6OTAwMDAwMDAwMDAwfSwic2NoZW1hX3ZlcnNpb24iOiIxIn0=",
          "dependencies": [
            "module.vpc.aws_vpc.main"
          ]
        }
      ]
    },
    {
      "module": "module.initialization_bucket",
      "mode": "managed",
      "type": "aws_s3_bucket",
      "name": "this",
      "provider": "provider[\"registry.terraform.io/hashicorp/aws\"]",
      "instances": [
        {
          "schema_version": 0,
          "attributes": {
            "acceleration_status": "",
            "acl": null,
            "arn": "arn:aws:s3:::jao-dev-initialization",
            "bucket": "jao-dev-initialization",
            "bucket_domain_name": "jao-dev-initialization.s3.amazonaws.com",
            "bucket_prefix": "",
            "bucket_regional_domain_name": "jao-dev-initialization.s3.eu-west-2.amazonaws.com",
            "cors_rule": [],
            "force_destroy": true,
            "grant": [
              {
                "id": "c6f236260d2f4da2c978ad6fbb18a08bc3970803329343eba3a2af3d0a82c16a",
                "permissions": [
                  "FULL_CONTROL"
                ],
                "type": "CanonicalUser",
                "uri": ""
              }
            ],
            "hosted_zone_id": "Z3GKZC51ZF0DB4",
            "id": "jao-dev-initialization",
            "lifecycle_rule": [
              {
                "abort_incomplete_multipart_upload_days": 0,
                "enabled": true,
                "expiration": [
                  {
                    "date": "",
                    "days": 90,
                    "expired_object_delete_marker": false
                  }
                ],
                "id": "expire-old-scripts",
                "noncurrent_version_expiration": [],
                "noncurrent_version_transition": [],
                "prefix": "",
                "tags": {},
                "transition": []
              }
            ],
            "logging": [],
            "object_lock_configuration": [],
            "object_lock_enabled": false,
            "policy": "",
            "region": "eu-west-2",
            "replication_configuration": [],
            "request_payer": "BucketOwner",
            "server_side_encryption_configuration": [
              {
                "rule": [
                  {
                    "apply_server_side_encryption_by_default": [
                      {
                        "kms_master_key_id": "",
                        "sse_algorithm": "AES256"
                      }
                    ],
                    "bucket_key_enabled": false
                  }
                ]
              }
            ],
            "tags": {
              "Environment": "dev",
              "ManagedBy": "terraform",
              "Project": "jao"
            },
            "tags_all": {
              "Environment": "dev",
              "ManagedBy": "terraform",
              "Project": "jao"
            },
            "timeouts": null,
            "versioning": [
              {
                "enabled": true,
                "mfa_delete": false
              }
            ],
            "website": [],
            "website_domain": null,
            "website_endpoint": null
          },
          "sensitive_attributes": [],
          "private": "eyJlMmJmYjczMC1lY2FhLTExZTYtOGY4OC0zNDM2M2JjN2M0YzAiOnsiY3JlYXRlIjoxMjAwMDAwMDAwMDAwLCJkZWxldGUiOjM2MDAwMDAwMDAwMDAsInJlYWQiOjEyMDAwMDAwMDAwMDAsInVwZGF0ZSI6MTIwMDAwMDAwMDAwMH19"
        }
      ]
    },
    {
      "module": "module.initialization_bucket",
      "mode": "managed",
      "type": "aws_s3_bucket_lifecycle_configuration",
      "name": "this",
      "provider": "provider[\"registry.terraform.io/hashicorp/aws\"]",
      "instances": [
        {
          "index_key": 0,
          "schema_version": 0,
          "attributes": {
            "bucket": "jao-dev-initialization",
            "expected_bucket_owner": "",
            "id": "jao-dev-initialization",
            "rule": [
              {
                "abort_incomplete_multipart_upload": [],
                "expiration": [
                  {
                    "date": "",
                    "days": 90,
                    "expired_object_delete_marker": false
                  }
                ],
                "filter": [
                  {
                    "and": [],
                    "object_size_greater_than": "",
                    "object_size_less_than": "",
                    "prefix": "",
                    "tag": []
                  }
                ],
                "id": "expire-old-scripts",
                "noncurrent_version_expiration": [],
                "noncurrent_version_transition": [],
                "prefix": "",
                "status": "Enabled",
                "transition": []
              }
            ]
          },
          "sensitive_attributes": [],
          "private": "bnVsbA==",
          "dependencies": [
            "module.initialization_bucket.aws_s3_bucket.this"
          ]
        }
      ]
    },
    {
      "module": "module.initialization_bucket",
      "mode": "managed",
      "type": "aws_s3_bucket_public_access_block",
      "name": "this",
      "provider": "provider[\"registry.terraform.io/hashicorp/aws\"]",
      "instances": [
        {
          "schema_version": 0,
          "attributes": {
            "block_public_acls": true,
            "block_public_policy": true,
            "bucket": "jao-dev-initialization",
            "id": "jao-dev-initialization",
            "ignore_public_acls": true,
            "restrict_public_buckets": true
          },
          "sensitive_attributes": [],
          "private": "bnVsbA==",
          "dependencies": [
            "module.initialization_bucket.aws_s3_bucket.this"
          ]
        }
      ]
    },
    {
      "module": "module.initialization_bucket",
      "mode": "managed",
      "type": "aws_s3_bucket_server_side_encryption_configuration",
      "name": "this",
      "provider": "provider[\"registry.terraform.io/hashicorp/aws\"]",
      "instances": [
        {
          "index_key": 0,
          "schema_version": 0,
          "attributes": {
            "bucket": "jao-dev-initialization",
            "expected_bucket_owner": "",
            "id": "jao-dev-initialization",
            "rule": [
              {
                "apply_server_side_encryption_by_default": [
                  {
                    "kms_master_key_id": "",
                    "sse_algorithm": "AES256"
                  }
                ],
                "bucket_key_enabled": false
              }
            ]
          },
          "sensitive_attributes": [],
          "private": "bnVsbA==",
          "dependencies": [
            "module.initialization_bucket.aws_s3_bucket.this"
          ]
        }
      ]
    },
    {
      "module": "module.initialization_bucket",
      "mode": "managed",
      "type": "aws_s3_bucket_versioning",
      "name": "this",
      "provider": "provider[\"registry.terraform.io/hashicorp/aws\"]",
      "instances": [
        {
          "index_key": 0,
          "schema_version": 0,
          "attributes": {
            "bucket": "jao-dev-initialization",
            "expected_bucket_owner": "",
            "id": "jao-dev-initialization",
            "mfa": null,
            "versioning_configuration": [
              {
                "mfa_delete": "",
                "status": "Enabled"
              }
            ]
          },
          "sensitive_attributes": [],
          "private": "bnVsbA==",
          "dependencies": [
            "module.initialization_bucket.aws_s3_bucket.this"
          ]
        }
      ]
    },
    {
      "module": "module.vectordb",
      "mode": "managed",
      "type": "aws_db_subnet_group",
      "name": "aurora",
      "provider": "provider[\"registry.terraform.io/hashicorp/aws\"]",
      "instances": [
        {
          "schema_version": 0,
          "attributes": {
            "arn": "arn:aws:rds:eu-west-2:860619597616:subgrp:jao-dev-subnet-group",
            "description": "Managed by Terraform",
            "id": "jao-dev-subnet-group",
            "name": "jao-dev-subnet-group",
            "name_prefix": "",
            "subnet_ids": [
              "subnet-04e4bdac8812ae5c4",
              "subnet-09fecb8cc066b866e"
            ],
            "supported_network_types": [
              "IPV4"
            ],
            "tags": {
              "Environment": "dev",
              "ManagedBy": "terraform",
              "Module": "aurora_pgvector",
              "Name": "jao-dev",
              "Project": "jao",
              "Terraform": "true"
            },
            "tags_all": {
              "Environment": "dev",
              "ManagedBy": "terraform",
              "Module": "aurora_pgvector",
              "Name": "jao-dev",
              "Project": "jao",
              "Terraform": "true"
            },
            "vpc_id": "vpc-08a6f73395b81df6e"
          },
          "sensitive_attributes": [],
          "private": "bnVsbA==",
          "dependencies": [
            "module.vpc.aws_subnet.private",
            "module.vpc.aws_vpc.main"
          ]
        }
      ]
    },
    {
      "module": "module.vectordb",
      "mode": "managed",
      "type": "aws_rds_cluster",
      "name": "aurora",
      "provider": "provider[\"registry.terraform.io/hashicorp/aws\"]",
      "instances": [
        {
          "schema_version": 0,
          "attributes": {
            "allocated_storage": 1,
            "allow_major_version_upgrade": null,
            "apply_immediately": true,
            "arn": "arn:aws:rds:eu-west-2:860619597616:cluster:jao-dev-cluster",
            "availability_zones": [
              "eu-west-2a",
              "eu-west-2b",
              "eu-west-2c"
            ],
            "backtrack_window": 0,
            "backup_retention_period": 7,
            "cluster_identifier": "jao-dev-cluster",
            "cluster_identifier_prefix": null,
            "cluster_members": [
              "jao-dev-instance-1"
            ],
            "cluster_resource_id": "cluster-RQUGGXBSAW2GNYVULXVUVTKS7Y",
            "copy_tags_to_snapshot": false,
            "database_name": "jaodevdb",
            "db_cluster_instance_class": "",
            "db_cluster_parameter_group_name": "jao-dev-param-group",
            "db_instance_parameter_group_name": null,
            "db_subnet_group_name": "jao-dev-subnet-group",
            "deletion_protection": false,
            "enable_global_write_forwarding": false,
            "enable_http_endpoint": false,
            "enabled_cloudwatch_logs_exports": [
              "postgresql"
            ],
            "endpoint": "jao-dev-cluster.cluster-cvgiwsy9mkjc.eu-west-2.rds.amazonaws.com",
            "engine": "aurora-postgresql",
            "engine_mode": "provisioned",
            "engine_version": "15.10",
            "engine_version_actual": "15.10",
            "final_snapshot_identifier": null,
            "global_cluster_identifier": "",
            "hosted_zone_id": "Z1TTGA775OQIYO",
            "iam_database_authentication_enabled": false,
            "iam_roles": [],
            "id": "jao-dev-cluster",
            "iops": 0,
            "kms_key_id": "arn:aws:kms:eu-west-2:860619597616:key/0895fecb-16b8-4a9b-adb2-b3e4edbc549f",
            "manage_master_user_password": null,
            "master_password": "secrettpassword",
            "master_user_secret": [],
            "master_user_secret_kms_key_id": null,
            "master_username": "dbadmin",
            "network_type": "IPV4",
            "port": 5432,
            "preferred_backup_window": "02:00-03:00",
            "preferred_maintenance_window": "fri:00:46-fri:01:16",
            "reader_endpoint": "jao-dev-cluster.cluster-ro-cvgiwsy9mkjc.eu-west-2.rds.amazonaws.com",
            "replication_source_identifier": "",
            "restore_to_point_in_time": [],
            "s3_import": [],
            "scaling_configuration": [],
            "serverlessv2_scaling_configuration": [
              {
                "max_capacity": 2,
                "min_capacity": 0.5
              }
            ],
            "skip_final_snapshot": true,
            "snapshot_identifier": null,
            "source_region": null,
            "storage_encrypted": true,
            "storage_type": "",
            "tags": {
              "Environment": "dev",
              "ManagedBy": "terraform",
              "Module": "aurora_pgvector",
              "Name": "jao-dev",
              "Project": "jao",
              "Terraform": "true"
            },
            "tags_all": {
              "Environment": "dev",
              "ManagedBy": "terraform",
              "Module": "aurora_pgvector",
              "Name": "jao-dev",
              "Project": "jao",
              "Terraform": "true"
            },
            "timeouts": null,
            "vpc_security_group_ids": [
              "sg-0763d1798695cbc9b"
            ]
          },
          "sensitive_attributes": [],
          "private": "eyJlMmJmYjczMC1lY2FhLTExZTYtOGY4OC0zNDM2M2JjN2M0YzAiOnsiY3JlYXRlIjo3MjAwMDAwMDAwMDAwLCJkZWxldGUiOjcyMDAwMDAwMDAwMDAsInVwZGF0ZSI6NzIwMDAwMDAwMDAwMH19",
          "dependencies": [
            "module.vectordb.aws_db_subnet_group.aurora",
            "module.vectordb.aws_rds_cluster_parameter_group.aurora",
            "module.vectordb.aws_security_group.aurora",
            "module.vpc.aws_subnet.private",
            "module.vpc.aws_vpc.main"
          ]
        }
      ]
    },
    {
      "module": "module.vectordb",
      "mode": "managed",
      "type": "aws_rds_cluster_instance",
      "name": "aurora",
      "provider": "provider[\"registry.terraform.io/hashicorp/aws\"]",
      "instances": [
        {
          "index_key": 0,
          "schema_version": 0,
          "attributes": {
            "apply_immediately": true,
            "arn": "arn:aws:rds:eu-west-2:860619597616:db:jao-dev-instance-1",
            "auto_minor_version_upgrade": true,
            "availability_zone": "eu-west-2b",
            "ca_cert_identifier": "rds-ca-rsa2048-g1",
            "cluster_identifier": "jao-dev-cluster",
            "copy_tags_to_snapshot": false,
            "db_parameter_group_name": "default.aurora-postgresql15",
            "db_subnet_group_name": "jao-dev-subnet-group",
            "dbi_resource_id": "db-XOQU7FKB2DOVSBGYTAOFUN3CLE",
            "endpoint": "jao-dev-instance-1.cvgiwsy9mkjc.eu-west-2.rds.amazonaws.com",
            "engine": "aurora-postgresql",
            "engine_version": "15.10",
            "engine_version_actual": "15.10",
            "id": "jao-dev-instance-1",
            "identifier": "jao-dev-instance-1",
            "identifier_prefix": null,
            "instance_class": "db.serverless",
            "kms_key_id": "arn:aws:kms:eu-west-2:860619597616:key/0895fecb-16b8-4a9b-adb2-b3e4edbc549f",
            "monitoring_interval": 0,
            "monitoring_role_arn": "",
            "network_type": "IPV4",
            "performance_insights_enabled": false,
            "performance_insights_kms_key_id": "",
            "performance_insights_retention_period": 0,
            "port": 5432,
            "preferred_backup_window": "02:00-03:00",
            "preferred_maintenance_window": "fri:03:00-fri:03:30",
            "promotion_tier": 0,
            "publicly_accessible": false,
            "storage_encrypted": true,
            "tags": {
              "Environment": "dev",
              "ManagedBy": "terraform",
              "Module": "aurora_pgvector",
              "Name": "jao-dev",
              "Project": "jao",
              "Terraform": "true"
            },
            "tags_all": {
              "Environment": "dev",
              "ManagedBy": "terraform",
              "Module": "aurora_pgvector",
              "Name": "jao-dev",
              "Project": "jao",
              "Terraform": "true"
            },
            "timeouts": null,
            "writer": true
          },
          "sensitive_attributes": [],
          "private": "eyJlMmJmYjczMC1lY2FhLTExZTYtOGY4OC0zNDM2M2JjN2M0YzAiOnsiY3JlYXRlIjo1NDAwMDAwMDAwMDAwLCJkZWxldGUiOjU0MDAwMDAwMDAwMDAsInVwZGF0ZSI6NTQwMDAwMDAwMDAwMH19",
          "dependencies": [
            "module.vectordb.aws_db_subnet_group.aurora",
            "module.vectordb.aws_iam_role.monitoring",
            "module.vectordb.aws_rds_cluster.aurora",
            "module.vectordb.aws_rds_cluster_parameter_group.aurora",
            "module.vectordb.aws_security_group.aurora",
            "module.vpc.aws_subnet.private",
            "module.vpc.aws_vpc.main"
          ]
        }
      ]
    },
    {
      "module": "module.vectordb",
      "mode": "managed",
      "type": "aws_rds_cluster_parameter_group",
      "name": "aurora",
      "provider": "provider[\"registry.terraform.io/hashicorp/aws\"]",
      "instances": [
        {
          "schema_version": 0,
          "attributes": {
            "arn": "arn:aws:rds:eu-west-2:860619597616:cluster-pg:jao-dev-param-group",
            "description": "Parameter group for Aurora PostgreSQL",
            "family": "aurora-postgresql15",
            "id": "jao-dev-param-group",
            "name": "jao-dev-param-group",
            "name_prefix": "",
            "parameter": [
              {
                "apply_method": "pending-reboot",
                "name": "client_encoding",
                "value": "UTF8"
              },
              {
                "apply_method": "pending-reboot",
                "name": "log_min_duration_statement",
                "value": "5000"
              },
              {
                "apply_method": "pending-reboot",
                "name": "max_connections",
                "value": "200"
              },
              {
                "apply_method": "pending-reboot",
                "name": "pgaudit.log",
                "value": "none"
              },
              {
                "apply_method": "pending-reboot",
                "name": "shared_buffers",
                "value": "262144"
              },
              {
                "apply_method": "pending-reboot",
                "name": "shared_preload_libraries",
                "value": "pg_stat_statements,pg_hint_plan"
              },
              {
                "apply_method": "pending-reboot",
                "name": "wal_sender_timeout",
                "value": "0"
              }
            ],
            "tags": {
              "Environment": "dev",
              "ManagedBy": "terraform",
              "Module": "aurora_pgvector",
              "Name": "jao-dev",
              "Project": "jao",
              "Terraform": "true"
            },
            "tags_all": {
              "Environment": "dev",
              "ManagedBy": "terraform",
              "Module": "aurora_pgvector",
              "Name": "jao-dev",
              "Project": "jao",
              "Terraform": "true"
            }
          },
          "sensitive_attributes": [],
          "private": "bnVsbA=="
        }
      ]
    },
    {
      "module": "module.vectordb",
      "mode": "managed",
      "type": "aws_s3_object",
      "name": "init_script",
      "provider": "provider[\"registry.terraform.io/hashicorp/aws\"]",
      "instances": [
        {
          "index_key": 0,
          "schema_version": 0,
          "attributes": {
            "acl": "private",
            "bucket": "jao-dev-initialization",
            "bucket_key_enabled": false,
            "cache_control": "",
            "content": "-- Check if pgvector extension is available\nDO $$\nBEGIN\n    IF EXISTS (\n        SELECT 1 FROM pg_available_extensions WHERE name = 'pgvector'\n    ) THEN\n        EXECUTE 'CREATE EXTENSION IF NOT EXISTS pgvector';\n    ELSE\n        RAISE NOTICE 'pgvector extension is not available on this RDS instance. Vector operations will not be available.';\n    END IF;\nEND $$;\n\n-- Create user table if Django's auth will be used\nDO $$\nBEGIN\n    IF NOT EXISTS (\n        SELECT FROM pg_catalog.pg_tables\n        WHERE schemaname = 'public'\n        AND tablename = 'auth_user'\n    ) THEN\n        RAISE NOTICE 'Django auth_user table will be created by Django migrations';\n    END IF;\nEND $$;\n\n-- Grant permissions\nDO $$\nBEGIN\n    EXECUTE format('GRANT ALL PRIVILEGES ON ALL TABLES IN SCHEMA public TO %I', current_user);\n    EXECUTE format('GRANT ALL PRIVILEGES ON ALL SEQUENCES IN SCHEMA public TO %I', current_user);\nEND $$;\n\n-- Add permissions for pgvector\nALTER DEFAULT PRIVILEGES IN SCHEMA public GRANT ALL ON TABLES TO PUBLIC;\nALTER DEFAULT PRIVILEGES IN SCHEMA public GRANT ALL ON SEQUENCES TO PUBLIC;\n",
            "content_base64": null,
            "content_disposition": "",
            "content_encoding": "",
            "content_language": "",
            "content_type": "binary/octet-stream",
            "etag": "453fadf2ed7a68ce8b76d87eee01dfaa",
            "force_destroy": false,
            "id": "jao-dev/init.sql",
            "key": "jao-dev/init.sql",
            "kms_key_id": null,
            "metadata": {},
            "object_lock_legal_hold_status": "",
            "object_lock_mode": "",
            "object_lock_retain_until_date": "",
            "server_side_encryption": "AES256",
            "source": null,
            "source_hash": null,
            "storage_class": "STANDARD",
            "tags": {},
            "tags_all": {},
            "version_id": "null",
            "website_redirect": ""
          },
          "sensitive_attributes": [],
          "private": "bnVsbA==",
          "dependencies": [
            "module.initialization_bucket.aws_s3_bucket.this"
          ]
        }
      ]
    },
    {
      "module": "module.vectordb",
      "mode": "managed",
      "type": "aws_security_group",
      "name": "aurora",
      "provider": "provider[\"registry.terraform.io/hashicorp/aws\"]",
      "instances": [
        {
          "schema_version": 1,
          "attributes": {
            "arn": "arn:aws:ec2:eu-west-2:860619597616:security-group/sg-0763d1798695cbc9b",
            "description": "Security group for Aurora PostgreSQL",
            "egress": [
              {
                "cidr_blocks": [
                  "0.0.0.0/0"
                ],
                "description": "",
                "from_port": 0,
                "ipv6_cidr_blocks": [],
                "prefix_list_ids": [],
                "protocol": "-1",
                "security_groups": [],
                "self": false,
                "to_port": 0
              }
            ],
            "id": "sg-0763d1798695cbc9b",
            "ingress": [
              {
                "cidr_blocks": [],
                "description": "Allow PostgreSQL from security group sg-033171a73cb68239d",
                "from_port": 5432,
                "ipv6_cidr_blocks": [],
                "prefix_list_ids": [],
                "protocol": "tcp",
                "security_groups": [
                  "sg-033171a73cb68239d"
                ],
                "self": false,
                "to_port": 5432
              }
            ],
            "name": "jao-dev-aurora-sg",
            "name_prefix": "",
            "owner_id": "860619597616",
            "revoke_rules_on_delete": false,
            "tags": {
              "Environment": "dev",
              "ManagedBy": "terraform",
              "Module": "aurora_pgvector",
              "Name": "jao-dev",
              "Project": "jao",
              "Terraform": "true"
            },
            "tags_all": {
              "Environment": "dev",
              "ManagedBy": "terraform",
              "Module": "aurora_pgvector",
              "Name": "jao-dev",
              "Project": "jao",
              "Terraform": "true"
            },
            "timeouts": null,
            "vpc_id": "vpc-08a6f73395b81df6e"
          },
          "sensitive_attributes": [],
          "private": "eyJlMmJmYjczMC1lY2FhLTExZTYtOGY4OC0zNDM2M2JjN2M0YzAiOnsiY3JlYXRlIjo2MDAwMDAwMDAwMDAsImRlbGV0ZSI6OTAwMDAwMDAwMDAwfSwic2NoZW1hX3ZlcnNpb24iOiIxIn0=",
          "dependencies": [
            "module.vpc.aws_vpc.main"
          ]
        }
      ]
    },
    {
      "module": "module.vectordb",
      "mode": "managed",
      "type": "aws_security_group_rule",
      "name": "aurora_ingress_sg",
      "provider": "provider[\"registry.terraform.io/hashicorp/aws\"]",
      "instances": [
        {
          "index_key": 0,
          "schema_version": 2,
          "attributes": {
            "cidr_blocks": null,
            "description": "Allow PostgreSQL from security group sg-033171a73cb68239d",
            "from_port": 5432,
            "id": "sgrule-192119888",
            "ipv6_cidr_blocks": null,
            "prefix_list_ids": null,
            "protocol": "tcp",
            "security_group_id": "sg-0763d1798695cbc9b",
            "security_group_rule_id": "sgr-0c9b64b98cf3d3444",
            "self": false,
            "source_security_group_id": "sg-033171a73cb68239d",
            "timeouts": null,
            "to_port": 5432,
            "type": "ingress"
          },
          "sensitive_attributes": [],
          "private": "eyJlMmJmYjczMC1lY2FhLTExZTYtOGY4OC0zNDM2M2JjN2M0YzAiOnsiY3JlYXRlIjozMDAwMDAwMDAwMDB9LCJzY2hlbWFfdmVyc2lvbiI6IjIifQ==",
          "dependencies": [
            "aws_security_group.db_access",
            "module.vectordb.aws_security_group.aurora",
            "module.vpc.aws_eip.nat",
            "module.vpc.aws_internet_gateway.igw",
            "module.vpc.aws_nat_gateway.nat",
            "module.vpc.aws_route_table.private",
            "module.vpc.aws_route_table.public",
            "module.vpc.aws_route_table_association.private",
            "module.vpc.aws_route_table_association.public",
            "module.vpc.aws_security_group.vpc_endpoints",
            "module.vpc.aws_subnet.private",
            "module.vpc.aws_subnet.public",
            "module.vpc.aws_vpc.main",
            "module.vpc.aws_vpc_endpoint.ecr_api",
            "module.vpc.aws_vpc_endpoint.ecr_dkr",
            "module.vpc.aws_vpc_endpoint.logs",
            "module.vpc.aws_vpc_endpoint.s3",
            "module.vpc.data.aws_region.current",
            "module.vpc.data.aws_vpc_endpoint.existing_ecr_api",
            "module.vpc.data.aws_vpc_endpoint.existing_ecr_dkr",
            "module.vpc.data.aws_vpc_endpoint.existing_logs",
            "module.vpc.data.aws_vpc_endpoint.existing_s3"
          ]
        }
      ]
    },
    {
      "module": "module.vpc",
      "mode": "data",
      "type": "aws_region",
      "name": "current",
      "provider": "provider[\"registry.terraform.io/hashicorp/aws\"]",
      "instances": [
        {
          "schema_version": 0,
          "attributes": {
            "description": "Europe (London)",
            "endpoint": "ec2.eu-west-2.amazonaws.com",
            "id": "eu-west-2",
            "name": "eu-west-2"
          },
          "sensitive_attributes": []
        }
      ]
    },
    {
      "module": "module.vpc",
      "mode": "managed",
      "type": "aws_eip",
      "name": "nat",
      "provider": "provider[\"registry.terraform.io/hashicorp/aws\"]",
      "instances": [
        {
          "index_key": 0,
          "schema_version": 0,
          "attributes": {
            "address": null,
            "allocation_id": "eipalloc-01b6477c411055018",
            "associate_with_private_ip": null,
            "association_id": "eipassoc-0eefaa77304de15db",
            "carrier_ip": "",
            "customer_owned_ip": "",
            "customer_owned_ipv4_pool": "",
            "domain": "vpc",
            "id": "eipalloc-01b6477c411055018",
            "instance": "",
            "network_border_group": "eu-west-2",
            "network_interface": "eni-0388c1ccecfcf5be3",
            "private_dns": "ip-10-0-101-181.eu-west-2.compute.internal",
            "private_ip": "10.0.101.181",
            "public_dns": "ec2-13-134-52-127.eu-west-2.compute.amazonaws.com",
            "public_ip": "13.134.52.127",
            "public_ipv4_pool": "amazon",
            "tags": {
              "Environment": "dev",
              "ManagedBy": "terraform",
              "Name": "jao-dev-eip-1",
              "Project": "jao"
            },
            "tags_all": {
              "Environment": "dev",
              "ManagedBy": "terraform",
              "Name": "jao-dev-eip-1",
              "Project": "jao"
            },
            "timeouts": null,
            "vpc": true
          },
          "sensitive_attributes": [],
          "private": "eyJlMmJmYjczMC1lY2FhLTExZTYtOGY4OC0zNDM2M2JjN2M0YzAiOnsiZGVsZXRlIjoxODAwMDAwMDAwMDAsInJlYWQiOjkwMDAwMDAwMDAwMCwidXBkYXRlIjozMDAwMDAwMDAwMDB9fQ==",
          "dependencies": [
            "module.vpc.aws_internet_gateway.igw",
            "module.vpc.aws_vpc.main"
          ]
        }
      ]
    },
    {
      "module": "module.vpc",
      "mode": "managed",
      "type": "aws_internet_gateway",
      "name": "igw",
      "provider": "provider[\"registry.terraform.io/hashicorp/aws\"]",
      "instances": [
        {
          "schema_version": 0,
          "attributes": {
            "arn": "arn:aws:ec2:eu-west-2:860619597616:internet-gateway/igw-09fb4199ede5dd36a",
            "id": "igw-09fb4199ede5dd36a",
            "owner_id": "860619597616",
            "tags": {
              "Environment": "dev",
              "ManagedBy": "terraform",
              "Name": "jao-dev-igw",
              "Project": "jao"
            },
            "tags_all": {
              "Environment": "dev",
              "ManagedBy": "terraform",
              "Name": "jao-dev-igw",
              "Project": "jao"
            },
            "timeouts": null,
            "vpc_id": "vpc-08a6f73395b81df6e"
          },
          "sensitive_attributes": [],
          "private": "eyJlMmJmYjczMC1lY2FhLTExZTYtOGY4OC0zNDM2M2JjN2M0YzAiOnsiY3JlYXRlIjoxMjAwMDAwMDAwMDAwLCJkZWxldGUiOjEyMDAwMDAwMDAwMDAsInVwZGF0ZSI6MTIwMDAwMDAwMDAwMH19",
          "dependencies": [
            "module.vpc.aws_vpc.main"
          ]
        }
      ]
    },
    {
      "module": "module.vpc",
      "mode": "managed",
      "type": "aws_nat_gateway",
      "name": "nat",
      "provider": "provider[\"registry.terraform.io/hashicorp/aws\"]",
      "instances": [
        {
          "index_key": 0,
          "schema_version": 0,
          "attributes": {
            "allocation_id": "eipalloc-01b6477c411055018",
            "association_id": "eipassoc-0eefaa77304de15db",
            "connectivity_type": "public",
            "id": "nat-0ced665745bee2c87",
            "network_interface_id": "eni-0388c1ccecfcf5be3",
            "private_ip": "10.0.101.181",
            "public_ip": "13.134.52.127",
            "subnet_id": "subnet-046059ab96f9f578e",
            "tags": {
              "Environment": "dev",
              "ManagedBy": "terraform",
              "Name": "jao-dev-nat-1",
              "Project": "jao"
            },
            "tags_all": {
              "Environment": "dev",
              "ManagedBy": "terraform",
              "Name": "jao-dev-nat-1",
              "Project": "jao"
            }
          },
          "sensitive_attributes": [],
          "private": "bnVsbA==",
          "dependencies": [
            "module.vpc.aws_eip.nat",
            "module.vpc.aws_internet_gateway.igw",
            "module.vpc.aws_subnet.public",
            "module.vpc.aws_vpc.main"
          ]
        }
      ]
    },
    {
      "module": "module.vpc",
      "mode": "managed",
      "type": "aws_route_table",
      "name": "private",
      "provider": "provider[\"registry.terraform.io/hashicorp/aws\"]",
      "instances": [
        {
          "index_key": 0,
          "schema_version": 0,
          "attributes": {
            "arn": "arn:aws:ec2:eu-west-2:860619597616:route-table/rtb-0d455e24b3dbecdc7",
            "id": "rtb-0d455e24b3dbecdc7",
            "owner_id": "860619597616",
            "propagating_vgws": [],
            "route": [
              {
                "carrier_gateway_id": "",
                "cidr_block": "0.0.0.0/0",
                "core_network_arn": "",
                "destination_prefix_list_id": "",
                "egress_only_gateway_id": "",
                "gateway_id": "",
                "instance_id": "",
                "ipv6_cidr_block": "",
                "local_gateway_id": "",
                "nat_gateway_id": "nat-0ced665745bee2c87",
                "network_interface_id": "",
                "transit_gateway_id": "",
                "vpc_endpoint_id": "",
                "vpc_peering_connection_id": ""
              }
            ],
            "tags": {
              "Environment": "dev",
              "ManagedBy": "terraform",
              "Name": "jao-dev-private-rt-1",
              "Project": "jao"
            },
            "tags_all": {
              "Environment": "dev",
              "ManagedBy": "terraform",
              "Name": "jao-dev-private-rt-1",
              "Project": "jao"
            },
            "timeouts": null,
            "vpc_id": "vpc-08a6f73395b81df6e"
          },
          "sensitive_attributes": [],
          "private": "eyJlMmJmYjczMC1lY2FhLTExZTYtOGY4OC0zNDM2M2JjN2M0YzAiOnsiY3JlYXRlIjozMDAwMDAwMDAwMDAsImRlbGV0ZSI6MzAwMDAwMDAwMDAwLCJ1cGRhdGUiOjEyMDAwMDAwMDAwMH19",
          "dependencies": [
            "module.vpc.aws_eip.nat",
            "module.vpc.aws_internet_gateway.igw",
            "module.vpc.aws_nat_gateway.nat",
            "module.vpc.aws_subnet.public",
            "module.vpc.aws_vpc.main"
          ]
        }
      ]
    },
    {
      "module": "module.vpc",
      "mode": "managed",
      "type": "aws_route_table",
      "name": "public",
      "provider": "provider[\"registry.terraform.io/hashicorp/aws\"]",
      "instances": [
        {
          "schema_version": 0,
          "attributes": {
            "arn": "arn:aws:ec2:eu-west-2:860619597616:route-table/rtb-025602b381d314cd8",
            "id": "rtb-025602b381d314cd8",
            "owner_id": "860619597616",
            "propagating_vgws": [],
            "route": [
              {
                "carrier_gateway_id": "",
                "cidr_block": "0.0.0.0/0",
                "core_network_arn": "",
                "destination_prefix_list_id": "",
                "egress_only_gateway_id": "",
                "gateway_id": "igw-09fb4199ede5dd36a",
                "instance_id": "",
                "ipv6_cidr_block": "",
                "local_gateway_id": "",
                "nat_gateway_id": "",
                "network_interface_id": "",
                "transit_gateway_id": "",
                "vpc_endpoint_id": "",
                "vpc_peering_connection_id": ""
              }
            ],
            "tags": {
              "Environment": "dev",
              "ManagedBy": "terraform",
              "Name": "jao-dev-public-rt",
              "Project": "jao"
            },
            "tags_all": {
              "Environment": "dev",
              "ManagedBy": "terraform",
              "Name": "jao-dev-public-rt",
              "Project": "jao"
            },
            "timeouts": null,
            "vpc_id": "vpc-08a6f73395b81df6e"
          },
          "sensitive_attributes": [],
          "private": "eyJlMmJmYjczMC1lY2FhLTExZTYtOGY4OC0zNDM2M2JjN2M0YzAiOnsiY3JlYXRlIjozMDAwMDAwMDAwMDAsImRlbGV0ZSI6MzAwMDAwMDAwMDAwLCJ1cGRhdGUiOjEyMDAwMDAwMDAwMH19",
          "dependencies": [
            "module.vpc.aws_internet_gateway.igw",
            "module.vpc.aws_vpc.main"
          ]
        }
      ]
    },
    {
      "module": "module.vpc",
      "mode": "managed",
      "type": "aws_route_table_association",
      "name": "private",
      "provider": "provider[\"registry.terraform.io/hashicorp/aws\"]",
      "instances": [
        {
          "index_key": 0,
          "schema_version": 0,
          "attributes": {
            "gateway_id": "",
            "id": "rtbassoc-0baa4c511b8e6990c",
            "route_table_id": "rtb-0d455e24b3dbecdc7",
            "subnet_id": "subnet-09fecb8cc066b866e",
            "timeouts": null
          },
          "sensitive_attributes": [],
          "private": "eyJlMmJmYjczMC1lY2FhLTExZTYtOGY4OC0zNDM2M2JjN2M0YzAiOnsiY3JlYXRlIjozMDAwMDAwMDAwMDAsImRlbGV0ZSI6MzAwMDAwMDAwMDAwLCJ1cGRhdGUiOjEyMDAwMDAwMDAwMH19",
          "dependencies": [
            "module.vpc.aws_eip.nat",
            "module.vpc.aws_internet_gateway.igw",
            "module.vpc.aws_nat_gateway.nat",
            "module.vpc.aws_route_table.private",
            "module.vpc.aws_subnet.private",
            "module.vpc.aws_subnet.public",
            "module.vpc.aws_vpc.main"
          ]
        },
        {
          "index_key": 1,
          "schema_version": 0,
          "attributes": {
            "gateway_id": "",
            "id": "rtbassoc-0ebf30e4b57f0675f",
            "route_table_id": "rtb-0d455e24b3dbecdc7",
            "subnet_id": "subnet-04e4bdac8812ae5c4",
            "timeouts": null
          },
          "sensitive_attributes": [],
          "private": "eyJlMmJmYjczMC1lY2FhLTExZTYtOGY4OC0zNDM2M2JjN2M0YzAiOnsiY3JlYXRlIjozMDAwMDAwMDAwMDAsImRlbGV0ZSI6MzAwMDAwMDAwMDAwLCJ1cGRhdGUiOjEyMDAwMDAwMDAwMH19",
          "dependencies": [
            "module.vpc.aws_eip.nat",
            "module.vpc.aws_internet_gateway.igw",
            "module.vpc.aws_nat_gateway.nat",
            "module.vpc.aws_route_table.private",
            "module.vpc.aws_subnet.private",
            "module.vpc.aws_subnet.public",
            "module.vpc.aws_vpc.main"
          ]
        }
      ]
    },
    {
      "module": "module.vpc",
      "mode": "managed",
      "type": "aws_route_table_association",
      "name": "public",
      "provider": "provider[\"registry.terraform.io/hashicorp/aws\"]",
      "instances": [
        {
          "index_key": 0,
          "schema_version": 0,
          "attributes": {
            "gateway_id": "",
            "id": "rtbassoc-0263fbcd26a13030e",
            "route_table_id": "rtb-025602b381d314cd8",
            "subnet_id": "subnet-046059ab96f9f578e",
            "timeouts": null
          },
          "sensitive_attributes": [],
          "private": "eyJlMmJmYjczMC1lY2FhLTExZTYtOGY4OC0zNDM2M2JjN2M0YzAiOnsiY3JlYXRlIjozMDAwMDAwMDAwMDAsImRlbGV0ZSI6MzAwMDAwMDAwMDAwLCJ1cGRhdGUiOjEyMDAwMDAwMDAwMH19",
          "dependencies": [
            "module.vpc.aws_internet_gateway.igw",
            "module.vpc.aws_route_table.public",
            "module.vpc.aws_subnet.public",
            "module.vpc.aws_vpc.main"
          ]
        },
        {
          "index_key": 1,
          "schema_version": 0,
          "attributes": {
            "gateway_id": "",
            "id": "rtbassoc-0d97d28c7e8104781",
            "route_table_id": "rtb-025602b381d314cd8",
            "subnet_id": "subnet-0541d2d50a6153cb5",
            "timeouts": null
          },
          "sensitive_attributes": [],
          "private": "eyJlMmJmYjczMC1lY2FhLTExZTYtOGY4OC0zNDM2M2JjN2M0YzAiOnsiY3JlYXRlIjozMDAwMDAwMDAwMDAsImRlbGV0ZSI6MzAwMDAwMDAwMDAwLCJ1cGRhdGUiOjEyMDAwMDAwMDAwMH19",
          "dependencies": [
            "module.vpc.aws_internet_gateway.igw",
            "module.vpc.aws_route_table.public",
            "module.vpc.aws_subnet.public",
            "module.vpc.aws_vpc.main"
          ]
        }
      ]
    },
    {
      "module": "module.vpc",
      "mode": "managed",
      "type": "aws_security_group",
      "name": "vpc_endpoints",
      "provider": "provider[\"registry.terraform.io/hashicorp/aws\"]",
      "instances": [
        {
          "index_key": 0,
          "schema_version": 1,
          "attributes": {
            "arn": "arn:aws:ec2:eu-west-2:860619597616:security-group/sg-034c4dd9c08e43500",
            "description": "Security group for VPC endpoints",
            "egress": [
              {
                "cidr_blocks": [
                  "0.0.0.0/0"
                ],
                "description": "All outbound traffic",
                "from_port": 0,
                "ipv6_cidr_blocks": [],
                "prefix_list_ids": [],
                "protocol": "-1",
                "security_groups": [],
                "self": false,
                "to_port": 0
              }
            ],
            "id": "sg-034c4dd9c08e43500",
            "ingress": [
              {
                "cidr_blocks": [
                  "10.0.0.0/16"
                ],
                "description": "HTTPS from VPC",
                "from_port": 443,
                "ipv6_cidr_blocks": [],
                "prefix_list_ids": [],
                "protocol": "tcp",
                "security_groups": [],
                "self": false,
                "to_port": 443
              }
            ],
            "name": "jao-dev-vpc-endpoints-sg",
            "name_prefix": "",
            "owner_id": "860619597616",
            "revoke_rules_on_delete": false,
            "tags": {
              "Environment": "dev",
              "ManagedBy": "terraform",
              "Name": "jao-dev-vpc-endpoints-sg",
              "Project": "jao"
            },
            "tags_all": {
              "Environment": "dev",
              "ManagedBy": "terraform",
              "Name": "jao-dev-vpc-endpoints-sg",
              "Project": "jao"
            },
            "timeouts": null,
            "vpc_id": "vpc-08a6f73395b81df6e"
          },
          "sensitive_attributes": [],
          "private": "eyJlMmJmYjczMC1lY2FhLTExZTYtOGY4OC0zNDM2M2JjN2M0YzAiOnsiY3JlYXRlIjo2MDAwMDAwMDAwMDAsImRlbGV0ZSI6OTAwMDAwMDAwMDAwfSwic2NoZW1hX3ZlcnNpb24iOiIxIn0=",
          "dependencies": [
            "module.vpc.aws_vpc.main"
          ]
        }
      ]
    },
    {
      "module": "module.vpc",
      "mode": "managed",
      "type": "aws_subnet",
      "name": "private",
      "provider": "provider[\"registry.terraform.io/hashicorp/aws\"]",
      "instances": [
        {
          "index_key": 0,
          "schema_version": 1,
          "attributes": {
            "arn": "arn:aws:ec2:eu-west-2:860619597616:subnet/subnet-09fecb8cc066b866e",
            "assign_ipv6_address_on_creation": false,
            "availability_zone": "eu-west-2a",
            "availability_zone_id": "euw2-az2",
            "cidr_block": "10.0.1.0/24",
            "customer_owned_ipv4_pool": "",
            "enable_dns64": false,
            "enable_lni_at_device_index": 0,
            "enable_resource_name_dns_a_record_on_launch": false,
            "enable_resource_name_dns_aaaa_record_on_launch": false,
            "id": "subnet-09fecb8cc066b866e",
            "ipv6_cidr_block": "",
            "ipv6_cidr_block_association_id": "",
            "ipv6_native": false,
            "map_customer_owned_ip_on_launch": false,
            "map_public_ip_on_launch": false,
            "outpost_arn": "",
            "owner_id": "860619597616",
            "private_dns_hostname_type_on_launch": "ip-name",
            "tags": {
              "Environment": "dev",
              "ManagedBy": "terraform",
              "Name": "jao-dev-private-subnet-eu-west-2a",
              "Project": "jao",
              "Tier": "Private"
            },
            "tags_all": {
              "Environment": "dev",
              "ManagedBy": "terraform",
              "Name": "jao-dev-private-subnet-eu-west-2a",
              "Project": "jao",
              "Tier": "Private"
            },
            "timeouts": null,
            "vpc_id": "vpc-08a6f73395b81df6e"
          },
          "sensitive_attributes": [],
          "private": "eyJlMmJmYjczMC1lY2FhLTExZTYtOGY4OC0zNDM2M2JjN2M0YzAiOnsiY3JlYXRlIjo2MDAwMDAwMDAwMDAsImRlbGV0ZSI6MTIwMDAwMDAwMDAwMH0sInNjaGVtYV92ZXJzaW9uIjoiMSJ9",
          "dependencies": [
            "module.vpc.aws_vpc.main"
          ],
          "create_before_destroy": true
        },
        {
          "index_key": 1,
          "schema_version": 1,
          "attributes": {
            "arn": "arn:aws:ec2:eu-west-2:860619597616:subnet/subnet-04e4bdac8812ae5c4",
            "assign_ipv6_address_on_creation": false,
            "availability_zone": "eu-west-2b",
            "availability_zone_id": "euw2-az3",
            "cidr_block": "10.0.2.0/24",
            "customer_owned_ipv4_pool": "",
            "enable_dns64": false,
            "enable_lni_at_device_index": 0,
            "enable_resource_name_dns_a_record_on_launch": false,
            "enable_resource_name_dns_aaaa_record_on_launch": false,
            "id": "subnet-04e4bdac8812ae5c4",
            "ipv6_cidr_block": "",
            "ipv6_cidr_block_association_id": "",
            "ipv6_native": false,
            "map_customer_owned_ip_on_launch": false,
            "map_public_ip_on_launch": false,
            "outpost_arn": "",
            "owner_id": "860619597616",
            "private_dns_hostname_type_on_launch": "ip-name",
            "tags": {
              "Environment": "dev",
              "ManagedBy": "terraform",
              "Name": "jao-dev-private-subnet-eu-west-2b",
              "Project": "jao",
              "Tier": "Private"
            },
            "tags_all": {
              "Environment": "dev",
              "ManagedBy": "terraform",
              "Name": "jao-dev-private-subnet-eu-west-2b",
              "Project": "jao",
              "Tier": "Private"
            },
            "timeouts": null,
            "vpc_id": "vpc-08a6f73395b81df6e"
          },
          "sensitive_attributes": [],
          "private": "eyJlMmJmYjczMC1lY2FhLTExZTYtOGY4OC0zNDM2M2JjN2M0YzAiOnsiY3JlYXRlIjo2MDAwMDAwMDAwMDAsImRlbGV0ZSI6MTIwMDAwMDAwMDAwMH0sInNjaGVtYV92ZXJzaW9uIjoiMSJ9",
          "dependencies": [
            "module.vpc.aws_vpc.main"
          ],
          "create_before_destroy": true
        }
      ]
    },
    {
      "module": "module.vpc",
      "mode": "managed",
      "type": "aws_subnet",
      "name": "public",
      "provider": "provider[\"registry.terraform.io/hashicorp/aws\"]",
      "instances": [
        {
          "index_key": 0,
          "schema_version": 1,
          "attributes": {
            "arn": "arn:aws:ec2:eu-west-2:860619597616:subnet/subnet-046059ab96f9f578e",
            "assign_ipv6_address_on_creation": false,
            "availability_zone": "eu-west-2a",
            "availability_zone_id": "euw2-az2",
            "cidr_block": "10.0.101.0/24",
            "customer_owned_ipv4_pool": "",
            "enable_dns64": false,
            "enable_lni_at_device_index": 0,
            "enable_resource_name_dns_a_record_on_launch": false,
            "enable_resource_name_dns_aaaa_record_on_launch": false,
            "id": "subnet-046059ab96f9f578e",
            "ipv6_cidr_block": "",
            "ipv6_cidr_block_association_id": "",
            "ipv6_native": false,
            "map_customer_owned_ip_on_launch": false,
            "map_public_ip_on_launch": true,
            "outpost_arn": "",
            "owner_id": "860619597616",
            "private_dns_hostname_type_on_launch": "ip-name",
            "tags": {
              "Environment": "dev",
              "ManagedBy": "terraform",
              "Name": "jao-dev-public-subnet-eu-west-2a",
              "Project": "jao",
              "Tier": "Public"
            },
            "tags_all": {
              "Environment": "dev",
              "ManagedBy": "terraform",
              "Name": "jao-dev-public-subnet-eu-west-2a",
              "Project": "jao",
              "Tier": "Public"
            },
            "timeouts": null,
            "vpc_id": "vpc-08a6f73395b81df6e"
          },
          "sensitive_attributes": [],
          "private": "eyJlMmJmYjczMC1lY2FhLTExZTYtOGY4OC0zNDM2M2JjN2M0YzAiOnsiY3JlYXRlIjo2MDAwMDAwMDAwMDAsImRlbGV0ZSI6MTIwMDAwMDAwMDAwMH0sInNjaGVtYV92ZXJzaW9uIjoiMSJ9",
          "dependencies": [
            "module.vpc.aws_vpc.main"
          ],
          "create_before_destroy": true
        },
        {
          "index_key": 1,
          "schema_version": 1,
          "attributes": {
            "arn": "arn:aws:ec2:eu-west-2:860619597616:subnet/subnet-0541d2d50a6153cb5",
            "assign_ipv6_address_on_creation": false,
            "availability_zone": "eu-west-2b",
            "availability_zone_id": "euw2-az3",
            "cidr_block": "10.0.102.0/24",
            "customer_owned_ipv4_pool": "",
            "enable_dns64": false,
            "enable_lni_at_device_index": 0,
            "enable_resource_name_dns_a_record_on_launch": false,
            "enable_resource_name_dns_aaaa_record_on_launch": false,
            "id": "subnet-0541d2d50a6153cb5",
            "ipv6_cidr_block": "",
            "ipv6_cidr_block_association_id": "",
            "ipv6_native": false,
            "map_customer_owned_ip_on_launch": false,
            "map_public_ip_on_launch": true,
            "outpost_arn": "",
            "owner_id": "860619597616",
            "private_dns_hostname_type_on_launch": "ip-name",
            "tags": {
              "Environment": "dev",
              "ManagedBy": "terraform",
              "Name": "jao-dev-public-subnet-eu-west-2b",
              "Project": "jao",
              "Tier": "Public"
            },
            "tags_all": {
              "Environment": "dev",
              "ManagedBy": "terraform",
              "Name": "jao-dev-public-subnet-eu-west-2b",
              "Project": "jao",
              "Tier": "Public"
            },
            "timeouts": null,
            "vpc_id": "vpc-08a6f73395b81df6e"
          },
          "sensitive_attributes": [],
          "private": "eyJlMmJmYjczMC1lY2FhLTExZTYtOGY4OC0zNDM2M2JjN2M0YzAiOnsiY3JlYXRlIjo2MDAwMDAwMDAwMDAsImRlbGV0ZSI6MTIwMDAwMDAwMDAwMH0sInNjaGVtYV92ZXJzaW9uIjoiMSJ9",
          "dependencies": [
            "module.vpc.aws_vpc.main"
          ],
          "create_before_destroy": true
        }
      ]
    },
    {
      "module": "module.vpc",
      "mode": "managed",
      "type": "aws_vpc",
      "name": "main",
      "provider": "provider[\"registry.terraform.io/hashicorp/aws\"]",
      "instances": [
        {
          "schema_version": 1,
          "attributes": {
            "arn": "arn:aws:ec2:eu-west-2:860619597616:vpc/vpc-08a6f73395b81df6e",
            "assign_generated_ipv6_cidr_block": false,
            "cidr_block": "10.0.0.0/16",
            "default_network_acl_id": "acl-0f7320fec92f2ab75",
            "default_route_table_id": "rtb-03a73d39b6a843fb1",
            "default_security_group_id": "sg-0c185d759d5103a1d",
            "dhcp_options_id": "dopt-818da0e9",
            "enable_classiclink": false,
            "enable_classiclink_dns_support": false,
            "enable_dns_hostnames": true,
            "enable_dns_support": true,
            "enable_network_address_usage_metrics": false,
            "id": "vpc-08a6f73395b81df6e",
            "instance_tenancy": "default",
            "ipv4_ipam_pool_id": null,
            "ipv4_netmask_length": null,
            "ipv6_association_id": "",
            "ipv6_cidr_block": "",
            "ipv6_cidr_block_network_border_group": "",
            "ipv6_ipam_pool_id": "",
            "ipv6_netmask_length": 0,
            "main_route_table_id": "rtb-03a73d39b6a843fb1",
            "owner_id": "860619597616",
            "tags": {
              "Environment": "dev",
              "ManagedBy": "terraform",
              "Name": "jao-dev-vpc",
              "Project": "jao"
            },
            "tags_all": {
              "Environment": "dev",
              "ManagedBy": "terraform",
              "Name": "jao-dev-vpc",
              "Project": "jao"
            }
          },
          "sensitive_attributes": [],
          "private": "eyJzY2hlbWFfdmVyc2lvbiI6IjEifQ==",
          "create_before_destroy": true
        }
      ]
    },
    {
      "module": "module.vpc",
      "mode": "managed",
      "type": "aws_vpc_endpoint",
      "name": "ecr_api",
      "provider": "provider[\"registry.terraform.io/hashicorp/aws\"]",
      "instances": [
        {
          "index_key": 0,
          "schema_version": 0,
          "attributes": {
            "arn": "arn:aws:ec2:eu-west-2:860619597616:vpc-endpoint/vpce-09122b9e465931ba7",
            "auto_accept": null,
            "cidr_blocks": [],
            "dns_entry": [
              {
                "dns_name": "vpce-09122b9e465931ba7-z4bd2tyc.api.ecr.eu-west-2.vpce.amazonaws.com",
                "hosted_zone_id": "Z7K1066E3PUKB"
              },
              {
                "dns_name": "vpce-09122b9e465931ba7-z4bd2tyc-eu-west-2a.api.ecr.eu-west-2.vpce.amazonaws.com",
                "hosted_zone_id": "Z7K1066E3PUKB"
              },
              {
                "dns_name": "vpce-09122b9e465931ba7-z4bd2tyc-eu-west-2b.api.ecr.eu-west-2.vpce.amazonaws.com",
                "hosted_zone_id": "Z7K1066E3PUKB"
              },
              {
                "dns_name": "api.ecr.eu-west-2.amazonaws.com",
                "hosted_zone_id": "Z047362623IXW37O5KNVZ"
              },
              {
                "dns_name": "ecr.eu-west-2.api.aws",
                "hosted_zone_id": "Z0043688S2AXI4UMKNLP"
              }
            ],
            "dns_options": [
              {
                "dns_record_ip_type": "ipv4"
              }
            ],
            "id": "vpce-09122b9e465931ba7",
            "ip_address_type": "ipv4",
            "network_interface_ids": [
              "eni-01923adad685d2681",
              "eni-050b74ad205055ac5"
            ],
            "owner_id": "860619597616",
            "policy": "{\"Statement\":[{\"Action\":\"*\",\"Effect\":\"Allow\",\"Principal\":\"*\",\"Resource\":\"*\"}]}",
            "prefix_list_id": null,
            "private_dns_enabled": true,
            "requester_managed": false,
            "route_table_ids": [],
            "security_group_ids": [
              "sg-034c4dd9c08e43500"
            ],
            "service_name": "com.amazonaws.eu-west-2.ecr.api",
            "state": "available",
            "subnet_ids": [
              "subnet-04e4bdac8812ae5c4",
              "subnet-09fecb8cc066b866e"
            ],
            "tags": {
              "Environment": "dev",
              "ManagedBy": "terraform",
              "Name": "jao-dev-ecr-api-endpoint",
              "Project": "jao"
            },
            "tags_all": {
              "Environment": "dev",
              "ManagedBy": "terraform",
              "Name": "jao-dev-ecr-api-endpoint",
              "Project": "jao"
            },
            "timeouts": null,
            "vpc_endpoint_type": "Interface",
            "vpc_id": "vpc-08a6f73395b81df6e"
          },
          "sensitive_attributes": [],
          "private": "eyJlMmJmYjczMC1lY2FhLTExZTYtOGY4OC0zNDM2M2JjN2M0YzAiOnsiY3JlYXRlIjo2MDAwMDAwMDAwMDAsImRlbGV0ZSI6NjAwMDAwMDAwMDAwLCJ1cGRhdGUiOjYwMDAwMDAwMDAwMH19",
          "dependencies": [
            "module.vpc.aws_security_group.vpc_endpoints",
            "module.vpc.aws_subnet.private",
            "module.vpc.aws_vpc.main",
            "module.vpc.data.aws_region.current"
          ]
        }
      ]
    },
    {
      "module": "module.vpc",
      "mode": "managed",
      "type": "aws_vpc_endpoint",
      "name": "logs",
      "provider": "provider[\"registry.terraform.io/hashicorp/aws\"]",
      "instances": [
        {
          "index_key": 0,
          "schema_version": 0,
          "attributes": {
            "arn": "arn:aws:ec2:eu-west-2:860619597616:vpc-endpoint/vpce-03a0adcb120c13e08",
            "auto_accept": null,
            "cidr_blocks": [],
            "dns_entry": [
              {
                "dns_name": "vpce-03a0adcb120c13e08-nuzhboxd.logs.eu-west-2.vpce.amazonaws.com",
                "hosted_zone_id": "Z7K1066E3PUKB"
              },
              {
                "dns_name": "vpce-03a0adcb120c13e08-nuzhboxd-eu-west-2b.logs.eu-west-2.vpce.amazonaws.com",
                "hosted_zone_id": "Z7K1066E3PUKB"
              },
              {
                "dns_name": "vpce-03a0adcb120c13e08-nuzhboxd-eu-west-2a.logs.eu-west-2.vpce.amazonaws.com",
                "hosted_zone_id": "Z7K1066E3PUKB"
              },
              {
                "dns_name": "logs.eu-west-2.amazonaws.com",
                "hosted_zone_id": "Z00211831L2974WG70XHF"
              },
              {
                "dns_name": "logs.eu-west-2.api.aws",
                "hosted_zone_id": "Z0043714338V66DPCMVJ1"
              },
              {
                "dns_name": "streaming-logs.eu-west-2.api.aws",
                "hosted_zone_id": "Z04733812W280NVQLEMI5"
              },
              {
                "dns_name": "streaming-logs.eu-west-2.amazonaws.com",
                "hosted_zone_id": "Z0021155CN6E25KXM1RV"
              }
            ],
            "dns_options": [
              {
                "dns_record_ip_type": "ipv4"
              }
            ],
            "id": "vpce-03a0adcb120c13e08",
            "ip_address_type": "ipv4",
            "network_interface_ids": [
              "eni-014c4a28abd6709b2",
              "eni-0d84be60d229c8e98"
            ],
            "owner_id": "860619597616",
            "policy": "{\"Statement\":[{\"Action\":\"*\",\"Effect\":\"Allow\",\"Principal\":\"*\",\"Resource\":\"*\"}]}",
            "prefix_list_id": null,
            "private_dns_enabled": true,
            "requester_managed": false,
            "route_table_ids": [],
            "security_group_ids": [
              "sg-034c4dd9c08e43500"
            ],
            "service_name": "com.amazonaws.eu-west-2.logs",
            "state": "available",
            "subnet_ids": [
              "subnet-04e4bdac8812ae5c4",
              "subnet-09fecb8cc066b866e"
            ],
            "tags": {
              "Environment": "dev",
              "ManagedBy": "terraform",
              "Name": "jao-dev-logs-endpoint",
              "Project": "jao"
            },
            "tags_all": {
              "Environment": "dev",
              "ManagedBy": "terraform",
              "Name": "jao-dev-logs-endpoint",
              "Project": "jao"
            },
            "timeouts": null,
            "vpc_endpoint_type": "Interface",
            "vpc_id": "vpc-08a6f73395b81df6e"
          },
          "sensitive_attributes": [],
          "private": "eyJlMmJmYjczMC1lY2FhLTExZTYtOGY4OC0zNDM2M2JjN2M0YzAiOnsiY3JlYXRlIjo2MDAwMDAwMDAwMDAsImRlbGV0ZSI6NjAwMDAwMDAwMDAwLCJ1cGRhdGUiOjYwMDAwMDAwMDAwMH19",
          "dependencies": [
            "module.vpc.aws_security_group.vpc_endpoints",
            "module.vpc.aws_subnet.private",
            "module.vpc.aws_vpc.main",
            "module.vpc.data.aws_region.current"
          ]
        }
      ]
    },
    {
      "module": "module.vpc",
      "mode": "managed",
      "type": "aws_vpc_endpoint",
      "name": "s3",
      "provider": "provider[\"registry.terraform.io/hashicorp/aws\"]",
      "instances": [
        {
          "index_key": 0,
          "schema_version": 0,
          "attributes": {
            "arn": "arn:aws:ec2:eu-west-2:860619597616:vpc-endpoint/vpce-09df6b50b65537d82",
            "auto_accept": null,
            "cidr_blocks": [
              "52.95.150.0/24",
              "52.95.191.0/24",
              "52.95.142.0/23",
              "16.12.16.0/23",
              "3.5.244.0/22",
              "52.219.219.0/24",
              "52.95.144.0/24",
              "52.95.148.0/23",
              "16.12.15.0/24"
            ],
            "dns_entry": [],
            "dns_options": [],
            "id": "vpce-09df6b50b65537d82",
            "ip_address_type": "",
            "network_interface_ids": [],
            "owner_id": "860619597616",
            "policy": "{\"Statement\":[{\"Action\":\"*\",\"Effect\":\"Allow\",\"Principal\":\"*\",\"Resource\":\"*\"}],\"Version\":\"2008-10-17\"}",
            "prefix_list_id": "pl-7ca54015",
            "private_dns_enabled": false,
            "requester_managed": false,
            "route_table_ids": [
              "rtb-0d455e24b3dbecdc7"
            ],
            "security_group_ids": [],
            "service_name": "com.amazonaws.eu-west-2.s3",
            "state": "available",
            "subnet_ids": [],
            "tags": {
              "Environment": "dev",
              "ManagedBy": "terraform",
              "Name": "jao-dev-s3-endpoint",
              "Project": "jao"
            },
            "tags_all": {
              "Environment": "dev",
              "ManagedBy": "terraform",
              "Name": "jao-dev-s3-endpoint",
              "Project": "jao"
            },
            "timeouts": null,
            "vpc_endpoint_type": "Gateway",
            "vpc_id": "vpc-08a6f73395b81df6e"
          },
          "sensitive_attributes": [],
          "private": "eyJlMmJmYjczMC1lY2FhLTExZTYtOGY4OC0zNDM2M2JjN2M0YzAiOnsiY3JlYXRlIjo2MDAwMDAwMDAwMDAsImRlbGV0ZSI6NjAwMDAwMDAwMDAwLCJ1cGRhdGUiOjYwMDAwMDAwMDAwMH19",
          "dependencies": [
            "module.vpc.aws_eip.nat",
            "module.vpc.aws_internet_gateway.igw",
            "module.vpc.aws_nat_gateway.nat",
            "module.vpc.aws_route_table.private",
            "module.vpc.aws_subnet.public",
            "module.vpc.aws_vpc.main",
            "module.vpc.data.aws_region.current"
          ]
        }
      ]
    }
  ],
  "check_results": null
}
